
Microsoft Visual Studio Solution File, Format Version 12.00
# Visual Studio Version 16
VisualStudioVersion = 16.0.32802.440
MinimumVisualStudioVersion = 10.0.40219.1
Project("{8BC9CEB8-8B4A-11D0-8D11-00A0C91BC942}") = "10926", "10926\10926.vcxproj", "{FCA2C8EC-5454-475A-91A4-321FEBB95E98}"
EndProject
Project("{8BC9CEB8-8B4A-11D0-8D11-00A0C91BC942}") = "24416", "24416\24416.vcxproj", "{DD1C2EEA-3165-4392-884F-884DD9D7DA21}"
EndProject
Project("{8BC9CEB8-8B4A-11D0-8D11-00A0C91BC942}") = "18108", "18108\18108.vcxproj", "{834F2086-50D6-419D-A168-8D5F8AD9D431}"
EndProject
Project("{8BC9CEB8-8B4A-11D0-8D11-00A0C91BC942}") = "3003", "3003\3003.vcxproj", "{9E23D13A-5147-49A5-872F-A1AE2A235C91}"
EndProject
Project("{8BC9CEB8-8B4A-11D0-8D11-00A0C91BC942}") = "25083", "25083\25083.vcxproj", "{7071CF73-02DA-4894-B3AA-84768E96EE5B}"
EndProject
Project("{8BC9CEB8-8B4A-11D0-8D11-00A0C91BC942}") = "2525", "2525\2525.vcxproj", "{EA6D5215-7BA4-4FFB-9C2F-2B421EAF2860}"
EndProject
Project("{8BC9CEB8-8B4A-11D0-8D11-00A0C91BC942}") = "2480", "2480\2480.vcxproj", "{7B3CE9AB-E134-4BC5-ACCE-C807F8BADBB3}"
EndProject
Project("{8BC9CEB8-8B4A-11D0-8D11-00A0C91BC942}") = "25304", "25304\25304.vcxproj", "{1A2C7A58-EC48-4B1D-9FD9-383939439C38}"
EndProject
Project("{8BC9CEB8-8B4A-11D0-8D11-00A0C91BC942}") = "25305", "25305\25305.vcxproj", "{068139F0-9895-417C-BE63-50FA5F2375B6}"
EndProject
Project("{8BC9CEB8-8B4A-11D0-8D11-00A0C91BC942}") = "25501", "25501\25501.vcxproj", "{7B659671-D7DD-427F-A1DA-FA05CBC9A0E1}"
EndProject
Project("{8BC9CEB8-8B4A-11D0-8D11-00A0C91BC942}") = "24060", "24060\24060.vcxproj", "{21F40680-2A2A-4D2C-B17A-58A189933986}"
EndProject
Project("{8BC9CEB8-8B4A-11D0-8D11-00A0C91BC942}") = "10815", "10815\10815.vcxproj", "{6F7702C7-7935-4FC4-9E96-7A8E72AC47F7}"
EndProject
Project("{8BC9CEB8-8B4A-11D0-8D11-00A0C91BC942}") = "14425", "14425\14425.vcxproj", "{C3D6C393-4383-40BD-B020-1AF55801D135}"
EndProject
Project("{8BC9CEB8-8B4A-11D0-8D11-00A0C91BC942}") = "1620", "1620\1620.vcxproj", "{2349A46F-5C53-4F01-8644-1848F8D77C2B}"
EndProject
Project("{8BC9CEB8-8B4A-11D0-8D11-00A0C91BC942}") = "10816", "10816\10816.vcxproj", "{45AE0870-C024-45C9-96C9-8FFA665D9BEE}"
EndProject
Project("{8BC9CEB8-8B4A-11D0-8D11-00A0C91BC942}") = "1764", "1764\1764.vcxproj", "{7CCDEA6D-196F-4A43-9D56-40D411BD9AE4}"
EndProject
Project("{8BC9CEB8-8B4A-11D0-8D11-00A0C91BC942}") = "1269", "1269\1269.vcxproj", "{4B726E70-6D09-46F0-911E-2D4742B6AF1C}"
EndProject
Project("{8BC9CEB8-8B4A-11D0-8D11-00A0C91BC942}") = "11478", "11478\11478.vcxproj", "{05B7BB0C-86AE-47CF-A32B-9C8275A35046}"
EndProject
Project("{8BC9CEB8-8B4A-11D0-8D11-00A0C91BC942}") = "2477", "2477\2477.vcxproj", "{42B7D00E-E18D-457E-929F-A3DA8BBE8417}"
EndProject
Project("{8BC9CEB8-8B4A-11D0-8D11-00A0C91BC942}") = "1004", "1004\1004.vcxproj", "{C63F568D-C3C3-4D38-82A1-6DDEDE31C321}"
EndProject
Project("{8BC9CEB8-8B4A-11D0-8D11-00A0C91BC942}") = "1358", "1358\1358.vcxproj", "{40BD0124-7DD9-4164-84F0-B6D620211C47}"
EndProject
Project("{8BC9CEB8-8B4A-11D0-8D11-00A0C91BC942}") = "5086", "5086\5086.vcxproj", "{C06E1334-1E33-44D4-B16C-11BEEC13A668}"
EndProject
Project("{8BC9CEB8-8B4A-11D0-8D11-00A0C91BC942}") = "1037", "1037\1037.vcxproj", "{81E54BB6-2390-4F68-86C8-8587C00C66BA}"
EndProject
Project("{8BC9CEB8-8B4A-11D0-8D11-00A0C91BC942}") = "2609", "2609\2609.vcxproj", "{678DEFFD-894D-44B2-95A9-9181772625F2}"
EndProject
Project("{8BC9CEB8-8B4A-11D0-8D11-00A0C91BC942}") = "1934", "1934\1934.vcxproj", "{6F71A911-A509-4B6A-B71E-9D44AE1FA77A}"
EndProject
Project("{8BC9CEB8-8B4A-11D0-8D11-00A0C91BC942}") = "2981", "2981\2981.vcxproj", "{A7115A88-80BF-46C5-B5BC-1D9217D81F46}"
EndProject
Project("{8BC9CEB8-8B4A-11D0-8D11-00A0C91BC942}") = "3036", "3036\3036.vcxproj", "{B77292C1-1B8F-4311-9127-FA8B4088216D}"
EndProject
Project("{8BC9CEB8-8B4A-11D0-8D11-00A0C91BC942}") = "11050", "11050\11050.vcxproj", "{0D5B0FC5-B5B4-4AF5-A44E-34ABFEEEB836}"
EndProject
Project("{8BC9CEB8-8B4A-11D0-8D11-00A0C91BC942}") = "11051", "11051\11051.vcxproj", "{2F67C0C8-23BA-46A3-AD17-119D8B67B16A}"
EndProject
Project("{8BC9CEB8-8B4A-11D0-8D11-00A0C91BC942}") = "9184", "9184\9184.vcxproj", "{A79909C5-B0E1-46FA-AE1B-3501E971FB86}"
EndProject
Project("{8BC9CEB8-8B4A-11D0-8D11-00A0C91BC942}") = "15649", "15649\15649.vcxproj", "{5AFE502B-31FE-470D-B2FA-F405739FE6FA}"
EndProject
Project("{8BC9CEB8-8B4A-11D0-8D11-00A0C91BC942}") = "15650", "15650\15650.vcxproj", "{C8504885-9ABD-403A-886E-ECC67471635C}"
EndProject
Project("{8BC9CEB8-8B4A-11D0-8D11-00A0C91BC942}") = "15651", "15651\15651.vcxproj", "{4462D8FC-7E6D-4DE4-8EC0-7B3D30049395}"
EndProject
Project("{8BC9CEB8-8B4A-11D0-8D11-00A0C91BC942}") = "15652", "15652\15652.vcxproj", "{E8D88202-4861-4DE8-A13D-75BDCC5AED9A}"
EndProject
Project("{8BC9CEB8-8B4A-11D0-8D11-00A0C91BC942}") = "9663", "9663\9663.vcxproj", "{FA0BCE35-E0A0-4187-B9F4-B614984A008D}"
EndProject
Project("{8BC9CEB8-8B4A-11D0-8D11-00A0C91BC942}") = "2580", "2580\2580.vcxproj", "{06D6003D-6BC6-41C4-944A-F70E755B5CA5}"
EndProject
Project("{8BC9CEB8-8B4A-11D0-8D11-00A0C91BC942}") = "14888", "14888\14888.vcxproj", "{96EBA2FC-1BC3-4624-BC1D-0B462940B43B}"
EndProject
Project("{8BC9CEB8-8B4A-11D0-8D11-00A0C91BC942}") = "14889", "14889\14889.vcxproj", "{6E5650DA-D867-4DC8-AB8E-A2ED03191BAF}"
EndProject
Project("{8BC9CEB8-8B4A-11D0-8D11-00A0C91BC942}") = "2557", "2557\2557.vcxproj", "{42B2F427-802A-4714-BEA7-F51557137E60}"
EndProject
Project("{8BC9CEB8-8B4A-11D0-8D11-00A0C91BC942}") = "10718", "10718\10718.vcxproj", "{C4D25036-3D9B-4AC5-AE51-40AFE6106AF0}"
EndProject
Project("{8BC9CEB8-8B4A-11D0-8D11-00A0C91BC942}") = "1000", "1000\1000.vcxproj", "{A07DEF00-97E9-45D9-B5CC-EBDB322668E2}"
EndProject
Project("{8BC9CEB8-8B4A-11D0-8D11-00A0C91BC942}") = "1001", "1011\1011.vcxproj", "{297C47B9-2292-4A45-B650-80DDE1739D8C}"
EndProject
Project("{8BC9CEB8-8B4A-11D0-8D11-00A0C91BC942}") = "10998", "10998\10998.vcxproj", "{DACB8EC7-DAD3-4009-A65C-1BC0481F86CE}"
EndProject
Project("{8BC9CEB8-8B4A-11D0-8D11-00A0C91BC942}") = "1008", "1008\1008.vcxproj", "{8295C738-540B-4EB2-A5F0-E57F8D471B9E}"
EndProject
Project("{8BC9CEB8-8B4A-11D0-8D11-00A0C91BC942}") = "10869", "10869\10869.vcxproj", "{7C09D12F-CD2E-4FBF-9786-46CD1B3C8A37}"
EndProject
Project("{8BC9CEB8-8B4A-11D0-8D11-00A0C91BC942}") = "10430", "10430\10430.vcxproj", "{72BB509F-2196-435B-8CDA-81669CB63CC8}"
EndProject
Project("{8BC9CEB8-8B4A-11D0-8D11-00A0C91BC942}") = "10171", "10171\10171.vcxproj", "{D38F43D9-97B9-417E-BAD2-C5CB712ABE37}"
EndProject
Project("{8BC9CEB8-8B4A-11D0-8D11-00A0C91BC942}") = "10172", "10172\10172.vcxproj", "{A9C79B91-DF8B-4AD4-8E46-CD968E55F5D1}"
EndProject
Project("{8BC9CEB8-8B4A-11D0-8D11-00A0C91BC942}") = "1330", "1330\1330.vcxproj", "{32B8316D-B221-4529-9342-9DA6D8A59DE8}"
EndProject
Project("{8BC9CEB8-8B4A-11D0-8D11-00A0C91BC942}") = "9498", "9498\9498.vcxproj", "{BD9E3B82-10A5-494C-B517-3DB929395651}"
EndProject
Project("{8BC9CEB8-8B4A-11D0-8D11-00A0C91BC942}") = "2753", "2753\2753.vcxproj", "{1E3FACAF-F2B7-4F34-9616-D81F2481C909}"
EndProject
Project("{8BC9CEB8-8B4A-11D0-8D11-00A0C91BC942}") = "14681", "14681\14681.vcxproj", "{9CCFB346-9BC8-42D1-8DFF-8C411A3159C3}"
EndProject
Project("{8BC9CEB8-8B4A-11D0-8D11-00A0C91BC942}") = "2884", "2884\2884.vcxproj", "{C0589D3E-5CBD-467B-AAED-03E95A2441E2}"
EndProject
Project("{8BC9CEB8-8B4A-11D0-8D11-00A0C91BC942}") = "2739", "2739\2739.vcxproj", "{75087BAB-591D-467F-9E03-A942A8846679}"
EndProject
Project("{8BC9CEB8-8B4A-11D0-8D11-00A0C91BC942}") = "10950", "10950\10950.vcxproj", "{041515B7-84F4-4B85-85F7-4D2454BC7C86}"
EndProject
Project("{8BC9CEB8-8B4A-11D0-8D11-00A0C91BC942}") = "8393", "8393\8393.vcxproj", "{494B1B3E-C49D-4C05-AF3C-A3AF8D4626A8}"
EndProject
Project("{8BC9CEB8-8B4A-11D0-8D11-00A0C91BC942}") = "15552", "15552\15552.vcxproj", "{07FCEF6E-5B2D-4903-8749-3C748667CA9C}"
EndProject
Project("{8BC9CEB8-8B4A-11D0-8D11-00A0C91BC942}") = "11021", "11021\11021.vcxproj", "{5D38E691-4809-4A94-8A95-330A349291EB}"
EndProject
Project("{8BC9CEB8-8B4A-11D0-8D11-00A0C91BC942}") = "11022", "11022\11022.vcxproj", "{84382870-3E90-4CDE-BA03-E0E4E43EB9DD}"
EndProject
Project("{8BC9CEB8-8B4A-11D0-8D11-00A0C91BC942}") = "2438", "2438\2438.vcxproj", "{ACAAF01D-4EF4-4F6D-8187-C001C312E287}"
EndProject
Project("{8BC9CEB8-8B4A-11D0-8D11-00A0C91BC942}") = "10871", "10871\10871.vcxproj", "{C5538D6C-D28C-455E-A068-7B971988A2F0}"
EndProject
Project("{8BC9CEB8-8B4A-11D0-8D11-00A0C91BC942}") = "10952", "10952\10952.vcxproj", "{A9C15A06-709B-4F37-8577-708FEF18CB41}"
EndProject
Project("{8BC9CEB8-8B4A-11D0-8D11-00A0C91BC942}") = "10951", "10951\10951.vcxproj", "{A08217CA-EA58-41F4-BC58-DBAA8F3FC820}"
EndProject
Project("{8BC9CEB8-8B4A-11D0-8D11-00A0C91BC942}") = "1110", "1110\1110.vcxproj", "{80357E0B-EFF9-423C-889C-4635E143F9ED}"
EndProject
Project("{8BC9CEB8-8B4A-11D0-8D11-00A0C91BC942}") = "10818", "10818\10818.vcxproj", "{E72B5117-0D41-444C-B4FD-07D68144CA3C}"
EndProject
Project("{8BC9CEB8-8B4A-11D0-8D11-00A0C91BC942}") = "2562", "2562\2562.vcxproj", "{0EE5A555-579E-4F77-A1BB-D3B42EAF724A}"
EndProject
Project("{8BC9CEB8-8B4A-11D0-8D11-00A0C91BC942}") = "3052", "3052\3052.vcxproj", "{FF23C566-D169-44D4-8F7C-FCBAAAB36D2A}"
EndProject
Project("{8BC9CEB8-8B4A-11D0-8D11-00A0C91BC942}") = "1546", "1546\1546.vcxproj", "{CA1407B5-9AD2-42E4-A1C4-ABE729E3EF99}"
EndProject
Project("{8BC9CEB8-8B4A-11D0-8D11-00A0C91BC942}") = "8958", "8958\8958.vcxproj", "{6FC63DEB-9F85-4C1C-AB87-7B7AAA2475AA}"
EndProject
Project("{8BC9CEB8-8B4A-11D0-8D11-00A0C91BC942}") = "4344", "4344\4344.vcxproj", "{A995B3B5-C957-4E53-B6E3-404819A34C49}"
EndProject
Project("{8BC9CEB8-8B4A-11D0-8D11-00A0C91BC942}") = "15596", "15596\15596.vcxproj", "{ABB2DE8A-FA92-46C9-8CE3-B7A72E519E1D}"
EndProject
Project("{8BC9CEB8-8B4A-11D0-8D11-00A0C91BC942}") = "4673", "4673\4673.vcxproj", "{4F4B1A99-1B3D-457C-B7CC-4E7C7B7B33A7}"
EndProject
Global
	GlobalSection(SolutionConfigurationPlatforms) = preSolution
		Debug|x64 = Debug|x64
		Debug|x86 = Debug|x86
		Release|x64 = Release|x64
		Release|x86 = Release|x86
	EndGlobalSection
	GlobalSection(ProjectConfigurationPlatforms) = postSolution
		{FCA2C8EC-5454-475A-91A4-321FEBB95E98}.Debug|x64.ActiveCfg = Debug|x64
		{FCA2C8EC-5454-475A-91A4-321FEBB95E98}.Debug|x64.Build.0 = Debug|x64
		{FCA2C8EC-5454-475A-91A4-321FEBB95E98}.Debug|x86.ActiveCfg = Debug|Win32
		{FCA2C8EC-5454-475A-91A4-321FEBB95E98}.Debug|x86.Build.0 = Debug|Win32
		{FCA2C8EC-5454-475A-91A4-321FEBB95E98}.Release|x64.ActiveCfg = Release|x64
		{FCA2C8EC-5454-475A-91A4-321FEBB95E98}.Release|x64.Build.0 = Release|x64
		{FCA2C8EC-5454-475A-91A4-321FEBB95E98}.Release|x86.ActiveCfg = Release|Win32
		{FCA2C8EC-5454-475A-91A4-321FEBB95E98}.Release|x86.Build.0 = Release|Win32
		{DD1C2EEA-3165-4392-884F-884DD9D7DA21}.Debug|x64.ActiveCfg = Debug|x64
		{DD1C2EEA-3165-4392-884F-884DD9D7DA21}.Debug|x64.Build.0 = Debug|x64
		{DD1C2EEA-3165-4392-884F-884DD9D7DA21}.Debug|x86.ActiveCfg = Debug|Win32
		{DD1C2EEA-3165-4392-884F-884DD9D7DA21}.Debug|x86.Build.0 = Debug|Win32
		{DD1C2EEA-3165-4392-884F-884DD9D7DA21}.Release|x64.ActiveCfg = Release|x64
		{DD1C2EEA-3165-4392-884F-884DD9D7DA21}.Release|x64.Build.0 = Release|x64
		{DD1C2EEA-3165-4392-884F-884DD9D7DA21}.Release|x86.ActiveCfg = Release|Win32
		{DD1C2EEA-3165-4392-884F-884DD9D7DA21}.Release|x86.Build.0 = Release|Win32
		{834F2086-50D6-419D-A168-8D5F8AD9D431}.Debug|x64.ActiveCfg = Debug|x64
		{834F2086-50D6-419D-A168-8D5F8AD9D431}.Debug|x64.Build.0 = Debug|x64
		{834F2086-50D6-419D-A168-8D5F8AD9D431}.Debug|x86.ActiveCfg = Debug|Win32
		{834F2086-50D6-419D-A168-8D5F8AD9D431}.Debug|x86.Build.0 = Debug|Win32
		{834F2086-50D6-419D-A168-8D5F8AD9D431}.Release|x64.ActiveCfg = Release|x64
		{834F2086-50D6-419D-A168-8D5F8AD9D431}.Release|x64.Build.0 = Release|x64
		{834F2086-50D6-419D-A168-8D5F8AD9D431}.Release|x86.ActiveCfg = Release|Win32
		{834F2086-50D6-419D-A168-8D5F8AD9D431}.Release|x86.Build.0 = Release|Win32
		{9E23D13A-5147-49A5-872F-A1AE2A235C91}.Debug|x64.ActiveCfg = Debug|x64
		{9E23D13A-5147-49A5-872F-A1AE2A235C91}.Debug|x64.Build.0 = Debug|x64
		{9E23D13A-5147-49A5-872F-A1AE2A235C91}.Debug|x86.ActiveCfg = Debug|Win32
		{9E23D13A-5147-49A5-872F-A1AE2A235C91}.Debug|x86.Build.0 = Debug|Win32
		{9E23D13A-5147-49A5-872F-A1AE2A235C91}.Release|x64.ActiveCfg = Release|x64
		{9E23D13A-5147-49A5-872F-A1AE2A235C91}.Release|x64.Build.0 = Release|x64
		{9E23D13A-5147-49A5-872F-A1AE2A235C91}.Release|x86.ActiveCfg = Release|Win32
		{9E23D13A-5147-49A5-872F-A1AE2A235C91}.Release|x86.Build.0 = Release|Win32
		{7071CF73-02DA-4894-B3AA-84768E96EE5B}.Debug|x64.ActiveCfg = Debug|x64
		{7071CF73-02DA-4894-B3AA-84768E96EE5B}.Debug|x64.Build.0 = Debug|x64
		{7071CF73-02DA-4894-B3AA-84768E96EE5B}.Debug|x86.ActiveCfg = Debug|Win32
		{7071CF73-02DA-4894-B3AA-84768E96EE5B}.Debug|x86.Build.0 = Debug|Win32
		{7071CF73-02DA-4894-B3AA-84768E96EE5B}.Release|x64.ActiveCfg = Release|x64
		{7071CF73-02DA-4894-B3AA-84768E96EE5B}.Release|x64.Build.0 = Release|x64
		{7071CF73-02DA-4894-B3AA-84768E96EE5B}.Release|x86.ActiveCfg = Release|Win32
		{7071CF73-02DA-4894-B3AA-84768E96EE5B}.Release|x86.Build.0 = Release|Win32
		{EA6D5215-7BA4-4FFB-9C2F-2B421EAF2860}.Debug|x64.ActiveCfg = Debug|x64
		{EA6D5215-7BA4-4FFB-9C2F-2B421EAF2860}.Debug|x64.Build.0 = Debug|x64
		{EA6D5215-7BA4-4FFB-9C2F-2B421EAF2860}.Debug|x86.ActiveCfg = Debug|Win32
		{EA6D5215-7BA4-4FFB-9C2F-2B421EAF2860}.Debug|x86.Build.0 = Debug|Win32
		{EA6D5215-7BA4-4FFB-9C2F-2B421EAF2860}.Release|x64.ActiveCfg = Release|x64
		{EA6D5215-7BA4-4FFB-9C2F-2B421EAF2860}.Release|x64.Build.0 = Release|x64
		{EA6D5215-7BA4-4FFB-9C2F-2B421EAF2860}.Release|x86.ActiveCfg = Release|Win32
		{EA6D5215-7BA4-4FFB-9C2F-2B421EAF2860}.Release|x86.Build.0 = Release|Win32
		{7B3CE9AB-E134-4BC5-ACCE-C807F8BADBB3}.Debug|x64.ActiveCfg = Debug|x64
		{7B3CE9AB-E134-4BC5-ACCE-C807F8BADBB3}.Debug|x64.Build.0 = Debug|x64
		{7B3CE9AB-E134-4BC5-ACCE-C807F8BADBB3}.Debug|x86.ActiveCfg = Debug|Win32
		{7B3CE9AB-E134-4BC5-ACCE-C807F8BADBB3}.Debug|x86.Build.0 = Debug|Win32
		{7B3CE9AB-E134-4BC5-ACCE-C807F8BADBB3}.Release|x64.ActiveCfg = Release|x64
		{7B3CE9AB-E134-4BC5-ACCE-C807F8BADBB3}.Release|x64.Build.0 = Release|x64
		{7B3CE9AB-E134-4BC5-ACCE-C807F8BADBB3}.Release|x86.ActiveCfg = Release|Win32
		{7B3CE9AB-E134-4BC5-ACCE-C807F8BADBB3}.Release|x86.Build.0 = Release|Win32
		{1A2C7A58-EC48-4B1D-9FD9-383939439C38}.Debug|x64.ActiveCfg = Debug|x64
		{1A2C7A58-EC48-4B1D-9FD9-383939439C38}.Debug|x64.Build.0 = Debug|x64
		{1A2C7A58-EC48-4B1D-9FD9-383939439C38}.Debug|x86.ActiveCfg = Debug|Win32
		{1A2C7A58-EC48-4B1D-9FD9-383939439C38}.Debug|x86.Build.0 = Debug|Win32
		{1A2C7A58-EC48-4B1D-9FD9-383939439C38}.Release|x64.ActiveCfg = Release|x64
		{1A2C7A58-EC48-4B1D-9FD9-383939439C38}.Release|x64.Build.0 = Release|x64
		{1A2C7A58-EC48-4B1D-9FD9-383939439C38}.Release|x86.ActiveCfg = Release|Win32
		{1A2C7A58-EC48-4B1D-9FD9-383939439C38}.Release|x86.Build.0 = Release|Win32
		{068139F0-9895-417C-BE63-50FA5F2375B6}.Debug|x64.ActiveCfg = Debug|x64
		{068139F0-9895-417C-BE63-50FA5F2375B6}.Debug|x64.Build.0 = Debug|x64
		{068139F0-9895-417C-BE63-50FA5F2375B6}.Debug|x86.ActiveCfg = Debug|Win32
		{068139F0-9895-417C-BE63-50FA5F2375B6}.Debug|x86.Build.0 = Debug|Win32
		{068139F0-9895-417C-BE63-50FA5F2375B6}.Release|x64.ActiveCfg = Release|x64
		{068139F0-9895-417C-BE63-50FA5F2375B6}.Release|x64.Build.0 = Release|x64
		{068139F0-9895-417C-BE63-50FA5F2375B6}.Release|x86.ActiveCfg = Release|Win32
		{068139F0-9895-417C-BE63-50FA5F2375B6}.Release|x86.Build.0 = Release|Win32
		{7B659671-D7DD-427F-A1DA-FA05CBC9A0E1}.Debug|x64.ActiveCfg = Debug|x64
		{7B659671-D7DD-427F-A1DA-FA05CBC9A0E1}.Debug|x64.Build.0 = Debug|x64
		{7B659671-D7DD-427F-A1DA-FA05CBC9A0E1}.Debug|x86.ActiveCfg = Debug|Win32
		{7B659671-D7DD-427F-A1DA-FA05CBC9A0E1}.Debug|x86.Build.0 = Debug|Win32
		{7B659671-D7DD-427F-A1DA-FA05CBC9A0E1}.Release|x64.ActiveCfg = Release|x64
		{7B659671-D7DD-427F-A1DA-FA05CBC9A0E1}.Release|x64.Build.0 = Release|x64
		{7B659671-D7DD-427F-A1DA-FA05CBC9A0E1}.Release|x86.ActiveCfg = Release|Win32
		{7B659671-D7DD-427F-A1DA-FA05CBC9A0E1}.Release|x86.Build.0 = Release|Win32
		{21F40680-2A2A-4D2C-B17A-58A189933986}.Debug|x64.ActiveCfg = Debug|x64
		{21F40680-2A2A-4D2C-B17A-58A189933986}.Debug|x64.Build.0 = Debug|x64
		{21F40680-2A2A-4D2C-B17A-58A189933986}.Debug|x86.ActiveCfg = Debug|Win32
		{21F40680-2A2A-4D2C-B17A-58A189933986}.Debug|x86.Build.0 = Debug|Win32
		{21F40680-2A2A-4D2C-B17A-58A189933986}.Release|x64.ActiveCfg = Release|x64
		{21F40680-2A2A-4D2C-B17A-58A189933986}.Release|x64.Build.0 = Release|x64
		{21F40680-2A2A-4D2C-B17A-58A189933986}.Release|x86.ActiveCfg = Release|Win32
		{21F40680-2A2A-4D2C-B17A-58A189933986}.Release|x86.Build.0 = Release|Win32
		{6F7702C7-7935-4FC4-9E96-7A8E72AC47F7}.Debug|x64.ActiveCfg = Debug|x64
		{6F7702C7-7935-4FC4-9E96-7A8E72AC47F7}.Debug|x64.Build.0 = Debug|x64
		{6F7702C7-7935-4FC4-9E96-7A8E72AC47F7}.Debug|x86.ActiveCfg = Debug|Win32
		{6F7702C7-7935-4FC4-9E96-7A8E72AC47F7}.Debug|x86.Build.0 = Debug|Win32
		{6F7702C7-7935-4FC4-9E96-7A8E72AC47F7}.Release|x64.ActiveCfg = Release|x64
		{6F7702C7-7935-4FC4-9E96-7A8E72AC47F7}.Release|x64.Build.0 = Release|x64
		{6F7702C7-7935-4FC4-9E96-7A8E72AC47F7}.Release|x86.ActiveCfg = Release|Win32
		{6F7702C7-7935-4FC4-9E96-7A8E72AC47F7}.Release|x86.Build.0 = Release|Win32
		{C3D6C393-4383-40BD-B020-1AF55801D135}.Debug|x64.ActiveCfg = Debug|x64
		{C3D6C393-4383-40BD-B020-1AF55801D135}.Debug|x64.Build.0 = Debug|x64
		{C3D6C393-4383-40BD-B020-1AF55801D135}.Debug|x86.ActiveCfg = Debug|Win32
		{C3D6C393-4383-40BD-B020-1AF55801D135}.Debug|x86.Build.0 = Debug|Win32
		{C3D6C393-4383-40BD-B020-1AF55801D135}.Release|x64.ActiveCfg = Release|x64
		{C3D6C393-4383-40BD-B020-1AF55801D135}.Release|x64.Build.0 = Release|x64
		{C3D6C393-4383-40BD-B020-1AF55801D135}.Release|x86.ActiveCfg = Release|Win32
		{C3D6C393-4383-40BD-B020-1AF55801D135}.Release|x86.Build.0 = Release|Win32
		{2349A46F-5C53-4F01-8644-1848F8D77C2B}.Debug|x64.ActiveCfg = Debug|x64
		{2349A46F-5C53-4F01-8644-1848F8D77C2B}.Debug|x64.Build.0 = Debug|x64
		{2349A46F-5C53-4F01-8644-1848F8D77C2B}.Debug|x86.ActiveCfg = Debug|Win32
		{2349A46F-5C53-4F01-8644-1848F8D77C2B}.Debug|x86.Build.0 = Debug|Win32
		{2349A46F-5C53-4F01-8644-1848F8D77C2B}.Release|x64.ActiveCfg = Release|x64
		{2349A46F-5C53-4F01-8644-1848F8D77C2B}.Release|x64.Build.0 = Release|x64
		{2349A46F-5C53-4F01-8644-1848F8D77C2B}.Release|x86.ActiveCfg = Release|Win32
		{2349A46F-5C53-4F01-8644-1848F8D77C2B}.Release|x86.Build.0 = Release|Win32
		{45AE0870-C024-45C9-96C9-8FFA665D9BEE}.Debug|x64.ActiveCfg = Debug|x64
		{45AE0870-C024-45C9-96C9-8FFA665D9BEE}.Debug|x64.Build.0 = Debug|x64
		{45AE0870-C024-45C9-96C9-8FFA665D9BEE}.Debug|x86.ActiveCfg = Debug|Win32
		{45AE0870-C024-45C9-96C9-8FFA665D9BEE}.Debug|x86.Build.0 = Debug|Win32
		{45AE0870-C024-45C9-96C9-8FFA665D9BEE}.Release|x64.ActiveCfg = Release|x64
		{45AE0870-C024-45C9-96C9-8FFA665D9BEE}.Release|x64.Build.0 = Release|x64
		{45AE0870-C024-45C9-96C9-8FFA665D9BEE}.Release|x86.ActiveCfg = Release|Win32
		{45AE0870-C024-45C9-96C9-8FFA665D9BEE}.Release|x86.Build.0 = Release|Win32
		{7CCDEA6D-196F-4A43-9D56-40D411BD9AE4}.Debug|x64.ActiveCfg = Debug|x64
		{7CCDEA6D-196F-4A43-9D56-40D411BD9AE4}.Debug|x64.Build.0 = Debug|x64
		{7CCDEA6D-196F-4A43-9D56-40D411BD9AE4}.Debug|x86.ActiveCfg = Debug|Win32
		{7CCDEA6D-196F-4A43-9D56-40D411BD9AE4}.Debug|x86.Build.0 = Debug|Win32
		{7CCDEA6D-196F-4A43-9D56-40D411BD9AE4}.Release|x64.ActiveCfg = Release|x64
		{7CCDEA6D-196F-4A43-9D56-40D411BD9AE4}.Release|x64.Build.0 = Release|x64
		{7CCDEA6D-196F-4A43-9D56-40D411BD9AE4}.Release|x86.ActiveCfg = Release|Win32
		{7CCDEA6D-196F-4A43-9D56-40D411BD9AE4}.Release|x86.Build.0 = Release|Win32
		{4B726E70-6D09-46F0-911E-2D4742B6AF1C}.Debug|x64.ActiveCfg = Debug|x64
		{4B726E70-6D09-46F0-911E-2D4742B6AF1C}.Debug|x64.Build.0 = Debug|x64
		{4B726E70-6D09-46F0-911E-2D4742B6AF1C}.Debug|x86.ActiveCfg = Debug|Win32
		{4B726E70-6D09-46F0-911E-2D4742B6AF1C}.Debug|x86.Build.0 = Debug|Win32
		{4B726E70-6D09-46F0-911E-2D4742B6AF1C}.Release|x64.ActiveCfg = Release|x64
		{4B726E70-6D09-46F0-911E-2D4742B6AF1C}.Release|x64.Build.0 = Release|x64
		{4B726E70-6D09-46F0-911E-2D4742B6AF1C}.Release|x86.ActiveCfg = Release|Win32
		{4B726E70-6D09-46F0-911E-2D4742B6AF1C}.Release|x86.Build.0 = Release|Win32
		{05B7BB0C-86AE-47CF-A32B-9C8275A35046}.Debug|x64.ActiveCfg = Debug|x64
		{05B7BB0C-86AE-47CF-A32B-9C8275A35046}.Debug|x64.Build.0 = Debug|x64
		{05B7BB0C-86AE-47CF-A32B-9C8275A35046}.Debug|x86.ActiveCfg = Debug|Win32
		{05B7BB0C-86AE-47CF-A32B-9C8275A35046}.Debug|x86.Build.0 = Debug|Win32
		{05B7BB0C-86AE-47CF-A32B-9C8275A35046}.Release|x64.ActiveCfg = Release|x64
		{05B7BB0C-86AE-47CF-A32B-9C8275A35046}.Release|x64.Build.0 = Release|x64
		{05B7BB0C-86AE-47CF-A32B-9C8275A35046}.Release|x86.ActiveCfg = Release|Win32
		{05B7BB0C-86AE-47CF-A32B-9C8275A35046}.Release|x86.Build.0 = Release|Win32
		{42B7D00E-E18D-457E-929F-A3DA8BBE8417}.Debug|x64.ActiveCfg = Debug|x64
		{42B7D00E-E18D-457E-929F-A3DA8BBE8417}.Debug|x64.Build.0 = Debug|x64
		{42B7D00E-E18D-457E-929F-A3DA8BBE8417}.Debug|x86.ActiveCfg = Debug|Win32
		{42B7D00E-E18D-457E-929F-A3DA8BBE8417}.Debug|x86.Build.0 = Debug|Win32
		{42B7D00E-E18D-457E-929F-A3DA8BBE8417}.Release|x64.ActiveCfg = Release|x64
		{42B7D00E-E18D-457E-929F-A3DA8BBE8417}.Release|x64.Build.0 = Release|x64
		{42B7D00E-E18D-457E-929F-A3DA8BBE8417}.Release|x86.ActiveCfg = Release|Win32
		{42B7D00E-E18D-457E-929F-A3DA8BBE8417}.Release|x86.Build.0 = Release|Win32
		{C63F568D-C3C3-4D38-82A1-6DDEDE31C321}.Debug|x64.ActiveCfg = Debug|x64
		{C63F568D-C3C3-4D38-82A1-6DDEDE31C321}.Debug|x64.Build.0 = Debug|x64
		{C63F568D-C3C3-4D38-82A1-6DDEDE31C321}.Debug|x86.ActiveCfg = Debug|Win32
		{C63F568D-C3C3-4D38-82A1-6DDEDE31C321}.Debug|x86.Build.0 = Debug|Win32
		{C63F568D-C3C3-4D38-82A1-6DDEDE31C321}.Release|x64.ActiveCfg = Release|x64
		{C63F568D-C3C3-4D38-82A1-6DDEDE31C321}.Release|x64.Build.0 = Release|x64
		{C63F568D-C3C3-4D38-82A1-6DDEDE31C321}.Release|x86.ActiveCfg = Release|Win32
		{C63F568D-C3C3-4D38-82A1-6DDEDE31C321}.Release|x86.Build.0 = Release|Win32
		{40BD0124-7DD9-4164-84F0-B6D620211C47}.Debug|x64.ActiveCfg = Debug|x64
		{40BD0124-7DD9-4164-84F0-B6D620211C47}.Debug|x64.Build.0 = Debug|x64
		{40BD0124-7DD9-4164-84F0-B6D620211C47}.Debug|x86.ActiveCfg = Debug|Win32
		{40BD0124-7DD9-4164-84F0-B6D620211C47}.Debug|x86.Build.0 = Debug|Win32
		{40BD0124-7DD9-4164-84F0-B6D620211C47}.Release|x64.ActiveCfg = Release|x64
		{40BD0124-7DD9-4164-84F0-B6D620211C47}.Release|x64.Build.0 = Release|x64
		{40BD0124-7DD9-4164-84F0-B6D620211C47}.Release|x86.ActiveCfg = Release|Win32
		{40BD0124-7DD9-4164-84F0-B6D620211C47}.Release|x86.Build.0 = Release|Win32
		{C06E1334-1E33-44D4-B16C-11BEEC13A668}.Debug|x64.ActiveCfg = Debug|x64
		{C06E1334-1E33-44D4-B16C-11BEEC13A668}.Debug|x64.Build.0 = Debug|x64
		{C06E1334-1E33-44D4-B16C-11BEEC13A668}.Debug|x86.ActiveCfg = Debug|Win32
		{C06E1334-1E33-44D4-B16C-11BEEC13A668}.Debug|x86.Build.0 = Debug|Win32
		{C06E1334-1E33-44D4-B16C-11BEEC13A668}.Release|x64.ActiveCfg = Release|x64
		{C06E1334-1E33-44D4-B16C-11BEEC13A668}.Release|x64.Build.0 = Release|x64
		{C06E1334-1E33-44D4-B16C-11BEEC13A668}.Release|x86.ActiveCfg = Release|Win32
		{C06E1334-1E33-44D4-B16C-11BEEC13A668}.Release|x86.Build.0 = Release|Win32
		{81E54BB6-2390-4F68-86C8-8587C00C66BA}.Debug|x64.ActiveCfg = Debug|x64
		{81E54BB6-2390-4F68-86C8-8587C00C66BA}.Debug|x64.Build.0 = Debug|x64
		{81E54BB6-2390-4F68-86C8-8587C00C66BA}.Debug|x86.ActiveCfg = Debug|Win32
		{81E54BB6-2390-4F68-86C8-8587C00C66BA}.Debug|x86.Build.0 = Debug|Win32
		{81E54BB6-2390-4F68-86C8-8587C00C66BA}.Release|x64.ActiveCfg = Release|x64
		{81E54BB6-2390-4F68-86C8-8587C00C66BA}.Release|x64.Build.0 = Release|x64
		{81E54BB6-2390-4F68-86C8-8587C00C66BA}.Release|x86.ActiveCfg = Release|Win32
		{81E54BB6-2390-4F68-86C8-8587C00C66BA}.Release|x86.Build.0 = Release|Win32
		{678DEFFD-894D-44B2-95A9-9181772625F2}.Debug|x64.ActiveCfg = Debug|x64
		{678DEFFD-894D-44B2-95A9-9181772625F2}.Debug|x64.Build.0 = Debug|x64
		{678DEFFD-894D-44B2-95A9-9181772625F2}.Debug|x86.ActiveCfg = Debug|Win32
		{678DEFFD-894D-44B2-95A9-9181772625F2}.Debug|x86.Build.0 = Debug|Win32
		{678DEFFD-894D-44B2-95A9-9181772625F2}.Release|x64.ActiveCfg = Release|x64
		{678DEFFD-894D-44B2-95A9-9181772625F2}.Release|x64.Build.0 = Release|x64
		{678DEFFD-894D-44B2-95A9-9181772625F2}.Release|x86.ActiveCfg = Release|Win32
		{678DEFFD-894D-44B2-95A9-9181772625F2}.Release|x86.Build.0 = Release|Win32
		{6F71A911-A509-4B6A-B71E-9D44AE1FA77A}.Debug|x64.ActiveCfg = Debug|x64
		{6F71A911-A509-4B6A-B71E-9D44AE1FA77A}.Debug|x64.Build.0 = Debug|x64
		{6F71A911-A509-4B6A-B71E-9D44AE1FA77A}.Debug|x86.ActiveCfg = Debug|Win32
		{6F71A911-A509-4B6A-B71E-9D44AE1FA77A}.Debug|x86.Build.0 = Debug|Win32
		{6F71A911-A509-4B6A-B71E-9D44AE1FA77A}.Release|x64.ActiveCfg = Release|x64
		{6F71A911-A509-4B6A-B71E-9D44AE1FA77A}.Release|x64.Build.0 = Release|x64
		{6F71A911-A509-4B6A-B71E-9D44AE1FA77A}.Release|x86.ActiveCfg = Release|Win32
		{6F71A911-A509-4B6A-B71E-9D44AE1FA77A}.Release|x86.Build.0 = Release|Win32
		{A7115A88-80BF-46C5-B5BC-1D9217D81F46}.Debug|x64.ActiveCfg = Debug|x64
		{A7115A88-80BF-46C5-B5BC-1D9217D81F46}.Debug|x64.Build.0 = Debug|x64
		{A7115A88-80BF-46C5-B5BC-1D9217D81F46}.Debug|x86.ActiveCfg = Debug|Win32
		{A7115A88-80BF-46C5-B5BC-1D9217D81F46}.Debug|x86.Build.0 = Debug|Win32
		{A7115A88-80BF-46C5-B5BC-1D9217D81F46}.Release|x64.ActiveCfg = Release|x64
		{A7115A88-80BF-46C5-B5BC-1D9217D81F46}.Release|x64.Build.0 = Release|x64
		{A7115A88-80BF-46C5-B5BC-1D9217D81F46}.Release|x86.ActiveCfg = Release|Win32
		{A7115A88-80BF-46C5-B5BC-1D9217D81F46}.Release|x86.Build.0 = Release|Win32
		{B77292C1-1B8F-4311-9127-FA8B4088216D}.Debug|x64.ActiveCfg = Debug|x64
		{B77292C1-1B8F-4311-9127-FA8B4088216D}.Debug|x64.Build.0 = Debug|x64
		{B77292C1-1B8F-4311-9127-FA8B4088216D}.Debug|x86.ActiveCfg = Debug|Win32
		{B77292C1-1B8F-4311-9127-FA8B4088216D}.Debug|x86.Build.0 = Debug|Win32
		{B77292C1-1B8F-4311-9127-FA8B4088216D}.Release|x64.ActiveCfg = Release|x64
		{B77292C1-1B8F-4311-9127-FA8B4088216D}.Release|x64.Build.0 = Release|x64
		{B77292C1-1B8F-4311-9127-FA8B4088216D}.Release|x86.ActiveCfg = Release|Win32
		{B77292C1-1B8F-4311-9127-FA8B4088216D}.Release|x86.Build.0 = Release|Win32
		{0D5B0FC5-B5B4-4AF5-A44E-34ABFEEEB836}.Debug|x64.ActiveCfg = Debug|x64
		{0D5B0FC5-B5B4-4AF5-A44E-34ABFEEEB836}.Debug|x64.Build.0 = Debug|x64
		{0D5B0FC5-B5B4-4AF5-A44E-34ABFEEEB836}.Debug|x86.ActiveCfg = Debug|Win32
		{0D5B0FC5-B5B4-4AF5-A44E-34ABFEEEB836}.Debug|x86.Build.0 = Debug|Win32
		{0D5B0FC5-B5B4-4AF5-A44E-34ABFEEEB836}.Release|x64.ActiveCfg = Release|x64
		{0D5B0FC5-B5B4-4AF5-A44E-34ABFEEEB836}.Release|x64.Build.0 = Release|x64
		{0D5B0FC5-B5B4-4AF5-A44E-34ABFEEEB836}.Release|x86.ActiveCfg = Release|Win32
		{0D5B0FC5-B5B4-4AF5-A44E-34ABFEEEB836}.Release|x86.Build.0 = Release|Win32
		{2F67C0C8-23BA-46A3-AD17-119D8B67B16A}.Debug|x64.ActiveCfg = Debug|x64
		{2F67C0C8-23BA-46A3-AD17-119D8B67B16A}.Debug|x64.Build.0 = Debug|x64
		{2F67C0C8-23BA-46A3-AD17-119D8B67B16A}.Debug|x86.ActiveCfg = Debug|Win32
		{2F67C0C8-23BA-46A3-AD17-119D8B67B16A}.Debug|x86.Build.0 = Debug|Win32
		{2F67C0C8-23BA-46A3-AD17-119D8B67B16A}.Release|x64.ActiveCfg = Release|x64
		{2F67C0C8-23BA-46A3-AD17-119D8B67B16A}.Release|x64.Build.0 = Release|x64
		{2F67C0C8-23BA-46A3-AD17-119D8B67B16A}.Release|x86.ActiveCfg = Release|Win32
		{2F67C0C8-23BA-46A3-AD17-119D8B67B16A}.Release|x86.Build.0 = Release|Win32
		{A79909C5-B0E1-46FA-AE1B-3501E971FB86}.Debug|x64.ActiveCfg = Debug|x64
		{A79909C5-B0E1-46FA-AE1B-3501E971FB86}.Debug|x64.Build.0 = Debug|x64
		{A79909C5-B0E1-46FA-AE1B-3501E971FB86}.Debug|x86.ActiveCfg = Debug|Win32
		{A79909C5-B0E1-46FA-AE1B-3501E971FB86}.Debug|x86.Build.0 = Debug|Win32
		{A79909C5-B0E1-46FA-AE1B-3501E971FB86}.Release|x64.ActiveCfg = Release|x64
		{A79909C5-B0E1-46FA-AE1B-3501E971FB86}.Release|x64.Build.0 = Release|x64
		{A79909C5-B0E1-46FA-AE1B-3501E971FB86}.Release|x86.ActiveCfg = Release|Win32
		{A79909C5-B0E1-46FA-AE1B-3501E971FB86}.Release|x86.Build.0 = Release|Win32
		{5AFE502B-31FE-470D-B2FA-F405739FE6FA}.Debug|x64.ActiveCfg = Debug|x64
		{5AFE502B-31FE-470D-B2FA-F405739FE6FA}.Debug|x64.Build.0 = Debug|x64
		{5AFE502B-31FE-470D-B2FA-F405739FE6FA}.Debug|x86.ActiveCfg = Debug|Win32
		{5AFE502B-31FE-470D-B2FA-F405739FE6FA}.Debug|x86.Build.0 = Debug|Win32
		{5AFE502B-31FE-470D-B2FA-F405739FE6FA}.Release|x64.ActiveCfg = Release|x64
		{5AFE502B-31FE-470D-B2FA-F405739FE6FA}.Release|x64.Build.0 = Release|x64
		{5AFE502B-31FE-470D-B2FA-F405739FE6FA}.Release|x86.ActiveCfg = Release|Win32
		{5AFE502B-31FE-470D-B2FA-F405739FE6FA}.Release|x86.Build.0 = Release|Win32
		{C8504885-9ABD-403A-886E-ECC67471635C}.Debug|x64.ActiveCfg = Debug|x64
		{C8504885-9ABD-403A-886E-ECC67471635C}.Debug|x64.Build.0 = Debug|x64
		{C8504885-9ABD-403A-886E-ECC67471635C}.Debug|x86.ActiveCfg = Debug|Win32
		{C8504885-9ABD-403A-886E-ECC67471635C}.Debug|x86.Build.0 = Debug|Win32
		{C8504885-9ABD-403A-886E-ECC67471635C}.Release|x64.ActiveCfg = Release|x64
		{C8504885-9ABD-403A-886E-ECC67471635C}.Release|x64.Build.0 = Release|x64
		{C8504885-9ABD-403A-886E-ECC67471635C}.Release|x86.ActiveCfg = Release|Win32
		{C8504885-9ABD-403A-886E-ECC67471635C}.Release|x86.Build.0 = Release|Win32
		{4462D8FC-7E6D-4DE4-8EC0-7B3D30049395}.Debug|x64.ActiveCfg = Debug|x64
		{4462D8FC-7E6D-4DE4-8EC0-7B3D30049395}.Debug|x64.Build.0 = Debug|x64
		{4462D8FC-7E6D-4DE4-8EC0-7B3D30049395}.Debug|x86.ActiveCfg = Debug|Win32
		{4462D8FC-7E6D-4DE4-8EC0-7B3D30049395}.Debug|x86.Build.0 = Debug|Win32
		{4462D8FC-7E6D-4DE4-8EC0-7B3D30049395}.Release|x64.ActiveCfg = Release|x64
		{4462D8FC-7E6D-4DE4-8EC0-7B3D30049395}.Release|x64.Build.0 = Release|x64
		{4462D8FC-7E6D-4DE4-8EC0-7B3D30049395}.Release|x86.ActiveCfg = Release|Win32
		{4462D8FC-7E6D-4DE4-8EC0-7B3D30049395}.Release|x86.Build.0 = Release|Win32
		{E8D88202-4861-4DE8-A13D-75BDCC5AED9A}.Debug|x64.ActiveCfg = Debug|x64
		{E8D88202-4861-4DE8-A13D-75BDCC5AED9A}.Debug|x64.Build.0 = Debug|x64
		{E8D88202-4861-4DE8-A13D-75BDCC5AED9A}.Debug|x86.ActiveCfg = Debug|Win32
		{E8D88202-4861-4DE8-A13D-75BDCC5AED9A}.Debug|x86.Build.0 = Debug|Win32
		{E8D88202-4861-4DE8-A13D-75BDCC5AED9A}.Release|x64.ActiveCfg = Release|x64
		{E8D88202-4861-4DE8-A13D-75BDCC5AED9A}.Release|x64.Build.0 = Release|x64
		{E8D88202-4861-4DE8-A13D-75BDCC5AED9A}.Release|x86.ActiveCfg = Release|Win32
		{E8D88202-4861-4DE8-A13D-75BDCC5AED9A}.Release|x86.Build.0 = Release|Win32
		{FA0BCE35-E0A0-4187-B9F4-B614984A008D}.Debug|x64.ActiveCfg = Debug|x64
		{FA0BCE35-E0A0-4187-B9F4-B614984A008D}.Debug|x64.Build.0 = Debug|x64
		{FA0BCE35-E0A0-4187-B9F4-B614984A008D}.Debug|x86.ActiveCfg = Debug|Win32
		{FA0BCE35-E0A0-4187-B9F4-B614984A008D}.Debug|x86.Build.0 = Debug|Win32
		{FA0BCE35-E0A0-4187-B9F4-B614984A008D}.Release|x64.ActiveCfg = Release|x64
		{FA0BCE35-E0A0-4187-B9F4-B614984A008D}.Release|x64.Build.0 = Release|x64
		{FA0BCE35-E0A0-4187-B9F4-B614984A008D}.Release|x86.ActiveCfg = Release|Win32
		{FA0BCE35-E0A0-4187-B9F4-B614984A008D}.Release|x86.Build.0 = Release|Win32
		{06D6003D-6BC6-41C4-944A-F70E755B5CA5}.Debug|x64.ActiveCfg = Debug|x64
		{06D6003D-6BC6-41C4-944A-F70E755B5CA5}.Debug|x64.Build.0 = Debug|x64
		{06D6003D-6BC6-41C4-944A-F70E755B5CA5}.Debug|x86.ActiveCfg = Debug|Win32
		{06D6003D-6BC6-41C4-944A-F70E755B5CA5}.Debug|x86.Build.0 = Debug|Win32
		{06D6003D-6BC6-41C4-944A-F70E755B5CA5}.Release|x64.ActiveCfg = Release|x64
		{06D6003D-6BC6-41C4-944A-F70E755B5CA5}.Release|x64.Build.0 = Release|x64
		{06D6003D-6BC6-41C4-944A-F70E755B5CA5}.Release|x86.ActiveCfg = Release|Win32
		{06D6003D-6BC6-41C4-944A-F70E755B5CA5}.Release|x86.Build.0 = Release|Win32
		{96EBA2FC-1BC3-4624-BC1D-0B462940B43B}.Debug|x64.ActiveCfg = Debug|x64
		{96EBA2FC-1BC3-4624-BC1D-0B462940B43B}.Debug|x64.Build.0 = Debug|x64
		{96EBA2FC-1BC3-4624-BC1D-0B462940B43B}.Debug|x86.ActiveCfg = Debug|Win32
		{96EBA2FC-1BC3-4624-BC1D-0B462940B43B}.Debug|x86.Build.0 = Debug|Win32
		{96EBA2FC-1BC3-4624-BC1D-0B462940B43B}.Release|x64.ActiveCfg = Release|x64
		{96EBA2FC-1BC3-4624-BC1D-0B462940B43B}.Release|x64.Build.0 = Release|x64
		{96EBA2FC-1BC3-4624-BC1D-0B462940B43B}.Release|x86.ActiveCfg = Release|Win32
		{96EBA2FC-1BC3-4624-BC1D-0B462940B43B}.Release|x86.Build.0 = Release|Win32
		{6E5650DA-D867-4DC8-AB8E-A2ED03191BAF}.Debug|x64.ActiveCfg = Debug|x64
		{6E5650DA-D867-4DC8-AB8E-A2ED03191BAF}.Debug|x64.Build.0 = Debug|x64
		{6E5650DA-D867-4DC8-AB8E-A2ED03191BAF}.Debug|x86.ActiveCfg = Debug|Win32
		{6E5650DA-D867-4DC8-AB8E-A2ED03191BAF}.Debug|x86.Build.0 = Debug|Win32
		{6E5650DA-D867-4DC8-AB8E-A2ED03191BAF}.Release|x64.ActiveCfg = Release|x64
		{6E5650DA-D867-4DC8-AB8E-A2ED03191BAF}.Release|x64.Build.0 = Release|x64
		{6E5650DA-D867-4DC8-AB8E-A2ED03191BAF}.Release|x86.ActiveCfg = Release|Win32
		{6E5650DA-D867-4DC8-AB8E-A2ED03191BAF}.Release|x86.Build.0 = Release|Win32
		{42B2F427-802A-4714-BEA7-F51557137E60}.Debug|x64.ActiveCfg = Debug|x64
		{42B2F427-802A-4714-BEA7-F51557137E60}.Debug|x64.Build.0 = Debug|x64
		{42B2F427-802A-4714-BEA7-F51557137E60}.Debug|x86.ActiveCfg = Debug|Win32
		{42B2F427-802A-4714-BEA7-F51557137E60}.Debug|x86.Build.0 = Debug|Win32
		{42B2F427-802A-4714-BEA7-F51557137E60}.Release|x64.ActiveCfg = Release|x64
		{42B2F427-802A-4714-BEA7-F51557137E60}.Release|x64.Build.0 = Release|x64
		{42B2F427-802A-4714-BEA7-F51557137E60}.Release|x86.ActiveCfg = Release|Win32
		{42B2F427-802A-4714-BEA7-F51557137E60}.Release|x86.Build.0 = Release|Win32
		{C4D25036-3D9B-4AC5-AE51-40AFE6106AF0}.Debug|x64.ActiveCfg = Debug|x64
		{C4D25036-3D9B-4AC5-AE51-40AFE6106AF0}.Debug|x64.Build.0 = Debug|x64
		{C4D25036-3D9B-4AC5-AE51-40AFE6106AF0}.Debug|x86.ActiveCfg = Debug|Win32
		{C4D25036-3D9B-4AC5-AE51-40AFE6106AF0}.Debug|x86.Build.0 = Debug|Win32
		{C4D25036-3D9B-4AC5-AE51-40AFE6106AF0}.Release|x64.ActiveCfg = Release|x64
		{C4D25036-3D9B-4AC5-AE51-40AFE6106AF0}.Release|x64.Build.0 = Release|x64
		{C4D25036-3D9B-4AC5-AE51-40AFE6106AF0}.Release|x86.ActiveCfg = Release|Win32
		{C4D25036-3D9B-4AC5-AE51-40AFE6106AF0}.Release|x86.Build.0 = Release|Win32
		{A07DEF00-97E9-45D9-B5CC-EBDB322668E2}.Debug|x64.ActiveCfg = Debug|x64
		{A07DEF00-97E9-45D9-B5CC-EBDB322668E2}.Debug|x64.Build.0 = Debug|x64
		{A07DEF00-97E9-45D9-B5CC-EBDB322668E2}.Debug|x86.ActiveCfg = Debug|Win32
		{A07DEF00-97E9-45D9-B5CC-EBDB322668E2}.Debug|x86.Build.0 = Debug|Win32
		{A07DEF00-97E9-45D9-B5CC-EBDB322668E2}.Release|x64.ActiveCfg = Release|x64
		{A07DEF00-97E9-45D9-B5CC-EBDB322668E2}.Release|x64.Build.0 = Release|x64
		{A07DEF00-97E9-45D9-B5CC-EBDB322668E2}.Release|x86.ActiveCfg = Release|Win32
		{A07DEF00-97E9-45D9-B5CC-EBDB322668E2}.Release|x86.Build.0 = Release|Win32
		{297C47B9-2292-4A45-B650-80DDE1739D8C}.Debug|x64.ActiveCfg = Debug|x64
		{297C47B9-2292-4A45-B650-80DDE1739D8C}.Debug|x64.Build.0 = Debug|x64
		{297C47B9-2292-4A45-B650-80DDE1739D8C}.Debug|x86.ActiveCfg = Debug|Win32
		{297C47B9-2292-4A45-B650-80DDE1739D8C}.Debug|x86.Build.0 = Debug|Win32
		{297C47B9-2292-4A45-B650-80DDE1739D8C}.Release|x64.ActiveCfg = Release|x64
		{297C47B9-2292-4A45-B650-80DDE1739D8C}.Release|x64.Build.0 = Release|x64
		{297C47B9-2292-4A45-B650-80DDE1739D8C}.Release|x86.ActiveCfg = Release|Win32
		{297C47B9-2292-4A45-B650-80DDE1739D8C}.Release|x86.Build.0 = Release|Win32
		{DACB8EC7-DAD3-4009-A65C-1BC0481F86CE}.Debug|x64.ActiveCfg = Debug|x64
		{DACB8EC7-DAD3-4009-A65C-1BC0481F86CE}.Debug|x64.Build.0 = Debug|x64
		{DACB8EC7-DAD3-4009-A65C-1BC0481F86CE}.Debug|x86.ActiveCfg = Debug|Win32
		{DACB8EC7-DAD3-4009-A65C-1BC0481F86CE}.Debug|x86.Build.0 = Debug|Win32
		{DACB8EC7-DAD3-4009-A65C-1BC0481F86CE}.Release|x64.ActiveCfg = Release|x64
		{DACB8EC7-DAD3-4009-A65C-1BC0481F86CE}.Release|x64.Build.0 = Release|x64
		{DACB8EC7-DAD3-4009-A65C-1BC0481F86CE}.Release|x86.ActiveCfg = Release|Win32
		{DACB8EC7-DAD3-4009-A65C-1BC0481F86CE}.Release|x86.Build.0 = Release|Win32
		{8295C738-540B-4EB2-A5F0-E57F8D471B9E}.Debug|x64.ActiveCfg = Debug|x64
		{8295C738-540B-4EB2-A5F0-E57F8D471B9E}.Debug|x64.Build.0 = Debug|x64
		{8295C738-540B-4EB2-A5F0-E57F8D471B9E}.Debug|x86.ActiveCfg = Debug|Win32
		{8295C738-540B-4EB2-A5F0-E57F8D471B9E}.Debug|x86.Build.0 = Debug|Win32
		{8295C738-540B-4EB2-A5F0-E57F8D471B9E}.Release|x64.ActiveCfg = Release|x64
		{8295C738-540B-4EB2-A5F0-E57F8D471B9E}.Release|x64.Build.0 = Release|x64
		{8295C738-540B-4EB2-A5F0-E57F8D471B9E}.Release|x86.ActiveCfg = Release|Win32
		{8295C738-540B-4EB2-A5F0-E57F8D471B9E}.Release|x86.Build.0 = Release|Win32
		{7C09D12F-CD2E-4FBF-9786-46CD1B3C8A37}.Debug|x64.ActiveCfg = Debug|x64
		{7C09D12F-CD2E-4FBF-9786-46CD1B3C8A37}.Debug|x64.Build.0 = Debug|x64
		{7C09D12F-CD2E-4FBF-9786-46CD1B3C8A37}.Debug|x86.ActiveCfg = Debug|Win32
		{7C09D12F-CD2E-4FBF-9786-46CD1B3C8A37}.Debug|x86.Build.0 = Debug|Win32
		{7C09D12F-CD2E-4FBF-9786-46CD1B3C8A37}.Release|x64.ActiveCfg = Release|x64
		{7C09D12F-CD2E-4FBF-9786-46CD1B3C8A37}.Release|x64.Build.0 = Release|x64
		{7C09D12F-CD2E-4FBF-9786-46CD1B3C8A37}.Release|x86.ActiveCfg = Release|Win32
		{7C09D12F-CD2E-4FBF-9786-46CD1B3C8A37}.Release|x86.Build.0 = Release|Win32
		{72BB509F-2196-435B-8CDA-81669CB63CC8}.Debug|x64.ActiveCfg = Debug|x64
		{72BB509F-2196-435B-8CDA-81669CB63CC8}.Debug|x64.Build.0 = Debug|x64
		{72BB509F-2196-435B-8CDA-81669CB63CC8}.Debug|x86.ActiveCfg = Debug|Win32
		{72BB509F-2196-435B-8CDA-81669CB63CC8}.Debug|x86.Build.0 = Debug|Win32
		{72BB509F-2196-435B-8CDA-81669CB63CC8}.Release|x64.ActiveCfg = Release|x64
		{72BB509F-2196-435B-8CDA-81669CB63CC8}.Release|x64.Build.0 = Release|x64
		{72BB509F-2196-435B-8CDA-81669CB63CC8}.Release|x86.ActiveCfg = Release|Win32
		{72BB509F-2196-435B-8CDA-81669CB63CC8}.Release|x86.Build.0 = Release|Win32
		{D38F43D9-97B9-417E-BAD2-C5CB712ABE37}.Debug|x64.ActiveCfg = Debug|x64
		{D38F43D9-97B9-417E-BAD2-C5CB712ABE37}.Debug|x64.Build.0 = Debug|x64
		{D38F43D9-97B9-417E-BAD2-C5CB712ABE37}.Debug|x86.ActiveCfg = Debug|Win32
		{D38F43D9-97B9-417E-BAD2-C5CB712ABE37}.Debug|x86.Build.0 = Debug|Win32
		{D38F43D9-97B9-417E-BAD2-C5CB712ABE37}.Release|x64.ActiveCfg = Release|x64
		{D38F43D9-97B9-417E-BAD2-C5CB712ABE37}.Release|x64.Build.0 = Release|x64
		{D38F43D9-97B9-417E-BAD2-C5CB712ABE37}.Release|x86.ActiveCfg = Release|Win32
		{D38F43D9-97B9-417E-BAD2-C5CB712ABE37}.Release|x86.Build.0 = Release|Win32
		{A9C79B91-DF8B-4AD4-8E46-CD968E55F5D1}.Debug|x64.ActiveCfg = Debug|x64
		{A9C79B91-DF8B-4AD4-8E46-CD968E55F5D1}.Debug|x64.Build.0 = Debug|x64
		{A9C79B91-DF8B-4AD4-8E46-CD968E55F5D1}.Debug|x86.ActiveCfg = Debug|Win32
		{A9C79B91-DF8B-4AD4-8E46-CD968E55F5D1}.Debug|x86.Build.0 = Debug|Win32
		{A9C79B91-DF8B-4AD4-8E46-CD968E55F5D1}.Release|x64.ActiveCfg = Release|x64
		{A9C79B91-DF8B-4AD4-8E46-CD968E55F5D1}.Release|x64.Build.0 = Release|x64
		{A9C79B91-DF8B-4AD4-8E46-CD968E55F5D1}.Release|x86.ActiveCfg = Release|Win32
		{A9C79B91-DF8B-4AD4-8E46-CD968E55F5D1}.Release|x86.Build.0 = Release|Win32
		{32B8316D-B221-4529-9342-9DA6D8A59DE8}.Debug|x64.ActiveCfg = Debug|x64
		{32B8316D-B221-4529-9342-9DA6D8A59DE8}.Debug|x64.Build.0 = Debug|x64
		{32B8316D-B221-4529-9342-9DA6D8A59DE8}.Debug|x86.ActiveCfg = Debug|Win32
		{32B8316D-B221-4529-9342-9DA6D8A59DE8}.Debug|x86.Build.0 = Debug|Win32
		{32B8316D-B221-4529-9342-9DA6D8A59DE8}.Release|x64.ActiveCfg = Release|x64
		{32B8316D-B221-4529-9342-9DA6D8A59DE8}.Release|x64.Build.0 = Release|x64
		{32B8316D-B221-4529-9342-9DA6D8A59DE8}.Release|x86.ActiveCfg = Release|Win32
		{32B8316D-B221-4529-9342-9DA6D8A59DE8}.Release|x86.Build.0 = Release|Win32
		{BD9E3B82-10A5-494C-B517-3DB929395651}.Debug|x64.ActiveCfg = Debug|x64
		{BD9E3B82-10A5-494C-B517-3DB929395651}.Debug|x64.Build.0 = Debug|x64
		{BD9E3B82-10A5-494C-B517-3DB929395651}.Debug|x86.ActiveCfg = Debug|Win32
		{BD9E3B82-10A5-494C-B517-3DB929395651}.Debug|x86.Build.0 = Debug|Win32
		{BD9E3B82-10A5-494C-B517-3DB929395651}.Release|x64.ActiveCfg = Release|x64
		{BD9E3B82-10A5-494C-B517-3DB929395651}.Release|x64.Build.0 = Release|x64
		{BD9E3B82-10A5-494C-B517-3DB929395651}.Release|x86.ActiveCfg = Release|Win32
		{BD9E3B82-10A5-494C-B517-3DB929395651}.Release|x86.Build.0 = Release|Win32
		{1E3FACAF-F2B7-4F34-9616-D81F2481C909}.Debug|x64.ActiveCfg = Debug|x64
		{1E3FACAF-F2B7-4F34-9616-D81F2481C909}.Debug|x64.Build.0 = Debug|x64
		{1E3FACAF-F2B7-4F34-9616-D81F2481C909}.Debug|x86.ActiveCfg = Debug|Win32
		{1E3FACAF-F2B7-4F34-9616-D81F2481C909}.Debug|x86.Build.0 = Debug|Win32
		{1E3FACAF-F2B7-4F34-9616-D81F2481C909}.Release|x64.ActiveCfg = Release|x64
		{1E3FACAF-F2B7-4F34-9616-D81F2481C909}.Release|x64.Build.0 = Release|x64
		{1E3FACAF-F2B7-4F34-9616-D81F2481C909}.Release|x86.ActiveCfg = Release|Win32
		{1E3FACAF-F2B7-4F34-9616-D81F2481C909}.Release|x86.Build.0 = Release|Win32
		{9CCFB346-9BC8-42D1-8DFF-8C411A3159C3}.Debug|x64.ActiveCfg = Debug|x64
		{9CCFB346-9BC8-42D1-8DFF-8C411A3159C3}.Debug|x64.Build.0 = Debug|x64
		{9CCFB346-9BC8-42D1-8DFF-8C411A3159C3}.Debug|x86.ActiveCfg = Debug|Win32
		{9CCFB346-9BC8-42D1-8DFF-8C411A3159C3}.Debug|x86.Build.0 = Debug|Win32
		{9CCFB346-9BC8-42D1-8DFF-8C411A3159C3}.Release|x64.ActiveCfg = Release|x64
		{9CCFB346-9BC8-42D1-8DFF-8C411A3159C3}.Release|x64.Build.0 = Release|x64
		{9CCFB346-9BC8-42D1-8DFF-8C411A3159C3}.Release|x86.ActiveCfg = Release|Win32
		{9CCFB346-9BC8-42D1-8DFF-8C411A3159C3}.Release|x86.Build.0 = Release|Win32
		{C0589D3E-5CBD-467B-AAED-03E95A2441E2}.Debug|x64.ActiveCfg = Debug|x64
		{C0589D3E-5CBD-467B-AAED-03E95A2441E2}.Debug|x64.Build.0 = Debug|x64
		{C0589D3E-5CBD-467B-AAED-03E95A2441E2}.Debug|x86.ActiveCfg = Debug|Win32
		{C0589D3E-5CBD-467B-AAED-03E95A2441E2}.Debug|x86.Build.0 = Debug|Win32
		{C0589D3E-5CBD-467B-AAED-03E95A2441E2}.Release|x64.ActiveCfg = Release|x64
		{C0589D3E-5CBD-467B-AAED-03E95A2441E2}.Release|x64.Build.0 = Release|x64
		{C0589D3E-5CBD-467B-AAED-03E95A2441E2}.Release|x86.ActiveCfg = Release|Win32
		{C0589D3E-5CBD-467B-AAED-03E95A2441E2}.Release|x86.Build.0 = Release|Win32
		{75087BAB-591D-467F-9E03-A942A8846679}.Debug|x64.ActiveCfg = Debug|x64
		{75087BAB-591D-467F-9E03-A942A8846679}.Debug|x64.Build.0 = Debug|x64
		{75087BAB-591D-467F-9E03-A942A8846679}.Debug|x86.ActiveCfg = Debug|Win32
		{75087BAB-591D-467F-9E03-A942A8846679}.Debug|x86.Build.0 = Debug|Win32
		{75087BAB-591D-467F-9E03-A942A8846679}.Release|x64.ActiveCfg = Release|x64
		{75087BAB-591D-467F-9E03-A942A8846679}.Release|x64.Build.0 = Release|x64
		{75087BAB-591D-467F-9E03-A942A8846679}.Release|x86.ActiveCfg = Release|Win32
		{75087BAB-591D-467F-9E03-A942A8846679}.Release|x86.Build.0 = Release|Win32
		{041515B7-84F4-4B85-85F7-4D2454BC7C86}.Debug|x64.ActiveCfg = Debug|x64
		{041515B7-84F4-4B85-85F7-4D2454BC7C86}.Debug|x64.Build.0 = Debug|x64
		{041515B7-84F4-4B85-85F7-4D2454BC7C86}.Debug|x86.ActiveCfg = Debug|Win32
		{041515B7-84F4-4B85-85F7-4D2454BC7C86}.Debug|x86.Build.0 = Debug|Win32
		{041515B7-84F4-4B85-85F7-4D2454BC7C86}.Release|x64.ActiveCfg = Release|x64
		{041515B7-84F4-4B85-85F7-4D2454BC7C86}.Release|x64.Build.0 = Release|x64
		{041515B7-84F4-4B85-85F7-4D2454BC7C86}.Release|x86.ActiveCfg = Release|Win32
		{041515B7-84F4-4B85-85F7-4D2454BC7C86}.Release|x86.Build.0 = Release|Win32
		{494B1B3E-C49D-4C05-AF3C-A3AF8D4626A8}.Debug|x64.ActiveCfg = Debug|x64
		{494B1B3E-C49D-4C05-AF3C-A3AF8D4626A8}.Debug|x64.Build.0 = Debug|x64
		{494B1B3E-C49D-4C05-AF3C-A3AF8D4626A8}.Debug|x86.ActiveCfg = Debug|Win32
		{494B1B3E-C49D-4C05-AF3C-A3AF8D4626A8}.Debug|x86.Build.0 = Debug|Win32
		{494B1B3E-C49D-4C05-AF3C-A3AF8D4626A8}.Release|x64.ActiveCfg = Release|x64
		{494B1B3E-C49D-4C05-AF3C-A3AF8D4626A8}.Release|x64.Build.0 = Release|x64
		{494B1B3E-C49D-4C05-AF3C-A3AF8D4626A8}.Release|x86.ActiveCfg = Release|Win32
		{494B1B3E-C49D-4C05-AF3C-A3AF8D4626A8}.Release|x86.Build.0 = Release|Win32
		{07FCEF6E-5B2D-4903-8749-3C748667CA9C}.Debug|x64.ActiveCfg = Debug|x64
		{07FCEF6E-5B2D-4903-8749-3C748667CA9C}.Debug|x64.Build.0 = Debug|x64
		{07FCEF6E-5B2D-4903-8749-3C748667CA9C}.Debug|x86.ActiveCfg = Debug|Win32
		{07FCEF6E-5B2D-4903-8749-3C748667CA9C}.Debug|x86.Build.0 = Debug|Win32
		{07FCEF6E-5B2D-4903-8749-3C748667CA9C}.Release|x64.ActiveCfg = Release|x64
		{07FCEF6E-5B2D-4903-8749-3C748667CA9C}.Release|x64.Build.0 = Release|x64
		{07FCEF6E-5B2D-4903-8749-3C748667CA9C}.Release|x86.ActiveCfg = Release|Win32
		{07FCEF6E-5B2D-4903-8749-3C748667CA9C}.Release|x86.Build.0 = Release|Win32
		{5D38E691-4809-4A94-8A95-330A349291EB}.Debug|x64.ActiveCfg = Debug|x64
		{5D38E691-4809-4A94-8A95-330A349291EB}.Debug|x64.Build.0 = Debug|x64
		{5D38E691-4809-4A94-8A95-330A349291EB}.Debug|x86.ActiveCfg = Debug|Win32
		{5D38E691-4809-4A94-8A95-330A349291EB}.Debug|x86.Build.0 = Debug|Win32
		{5D38E691-4809-4A94-8A95-330A349291EB}.Release|x64.ActiveCfg = Release|x64
		{5D38E691-4809-4A94-8A95-330A349291EB}.Release|x64.Build.0 = Release|x64
		{5D38E691-4809-4A94-8A95-330A349291EB}.Release|x86.ActiveCfg = Release|Win32
		{5D38E691-4809-4A94-8A95-330A349291EB}.Release|x86.Build.0 = Release|Win32
		{84382870-3E90-4CDE-BA03-E0E4E43EB9DD}.Debug|x64.ActiveCfg = Debug|x64
		{84382870-3E90-4CDE-BA03-E0E4E43EB9DD}.Debug|x64.Build.0 = Debug|x64
		{84382870-3E90-4CDE-BA03-E0E4E43EB9DD}.Debug|x86.ActiveCfg = Debug|Win32
		{84382870-3E90-4CDE-BA03-E0E4E43EB9DD}.Debug|x86.Build.0 = Debug|Win32
		{84382870-3E90-4CDE-BA03-E0E4E43EB9DD}.Release|x64.ActiveCfg = Release|x64
		{84382870-3E90-4CDE-BA03-E0E4E43EB9DD}.Release|x64.Build.0 = Release|x64
		{84382870-3E90-4CDE-BA03-E0E4E43EB9DD}.Release|x86.ActiveCfg = Release|Win32
		{84382870-3E90-4CDE-BA03-E0E4E43EB9DD}.Release|x86.Build.0 = Release|Win32
		{ACAAF01D-4EF4-4F6D-8187-C001C312E287}.Debug|x64.ActiveCfg = Debug|x64
		{ACAAF01D-4EF4-4F6D-8187-C001C312E287}.Debug|x64.Build.0 = Debug|x64
		{ACAAF01D-4EF4-4F6D-8187-C001C312E287}.Debug|x86.ActiveCfg = Debug|Win32
		{ACAAF01D-4EF4-4F6D-8187-C001C312E287}.Debug|x86.Build.0 = Debug|Win32
		{ACAAF01D-4EF4-4F6D-8187-C001C312E287}.Release|x64.ActiveCfg = Release|x64
		{ACAAF01D-4EF4-4F6D-8187-C001C312E287}.Release|x64.Build.0 = Release|x64
		{ACAAF01D-4EF4-4F6D-8187-C001C312E287}.Release|x86.ActiveCfg = Release|Win32
		{ACAAF01D-4EF4-4F6D-8187-C001C312E287}.Release|x86.Build.0 = Release|Win32
		{C5538D6C-D28C-455E-A068-7B971988A2F0}.Debug|x64.ActiveCfg = Debug|x64
		{C5538D6C-D28C-455E-A068-7B971988A2F0}.Debug|x64.Build.0 = Debug|x64
		{C5538D6C-D28C-455E-A068-7B971988A2F0}.Debug|x86.ActiveCfg = Debug|Win32
		{C5538D6C-D28C-455E-A068-7B971988A2F0}.Debug|x86.Build.0 = Debug|Win32
		{C5538D6C-D28C-455E-A068-7B971988A2F0}.Release|x64.ActiveCfg = Release|x64
		{C5538D6C-D28C-455E-A068-7B971988A2F0}.Release|x64.Build.0 = Release|x64
		{C5538D6C-D28C-455E-A068-7B971988A2F0}.Release|x86.ActiveCfg = Release|Win32
		{C5538D6C-D28C-455E-A068-7B971988A2F0}.Release|x86.Build.0 = Release|Win32
		{A9C15A06-709B-4F37-8577-708FEF18CB41}.Debug|x64.ActiveCfg = Debug|x64
		{A9C15A06-709B-4F37-8577-708FEF18CB41}.Debug|x64.Build.0 = Debug|x64
		{A9C15A06-709B-4F37-8577-708FEF18CB41}.Debug|x86.ActiveCfg = Debug|Win32
		{A9C15A06-709B-4F37-8577-708FEF18CB41}.Debug|x86.Build.0 = Debug|Win32
		{A9C15A06-709B-4F37-8577-708FEF18CB41}.Release|x64.ActiveCfg = Release|x64
		{A9C15A06-709B-4F37-8577-708FEF18CB41}.Release|x64.Build.0 = Release|x64
		{A9C15A06-709B-4F37-8577-708FEF18CB41}.Release|x86.ActiveCfg = Release|Win32
		{A9C15A06-709B-4F37-8577-708FEF18CB41}.Release|x86.Build.0 = Release|Win32
		{A08217CA-EA58-41F4-BC58-DBAA8F3FC820}.Debug|x64.ActiveCfg = Debug|x64
		{A08217CA-EA58-41F4-BC58-DBAA8F3FC820}.Debug|x64.Build.0 = Debug|x64
		{A08217CA-EA58-41F4-BC58-DBAA8F3FC820}.Debug|x86.ActiveCfg = Debug|Win32
		{A08217CA-EA58-41F4-BC58-DBAA8F3FC820}.Debug|x86.Build.0 = Debug|Win32
		{A08217CA-EA58-41F4-BC58-DBAA8F3FC820}.Release|x64.ActiveCfg = Release|x64
		{A08217CA-EA58-41F4-BC58-DBAA8F3FC820}.Release|x64.Build.0 = Release|x64
		{A08217CA-EA58-41F4-BC58-DBAA8F3FC820}.Release|x86.ActiveCfg = Release|Win32
		{A08217CA-EA58-41F4-BC58-DBAA8F3FC820}.Release|x86.Build.0 = Release|Win32
		{80357E0B-EFF9-423C-889C-4635E143F9ED}.Debug|x64.ActiveCfg = Debug|x64
		{80357E0B-EFF9-423C-889C-4635E143F9ED}.Debug|x64.Build.0 = Debug|x64
		{80357E0B-EFF9-423C-889C-4635E143F9ED}.Debug|x86.ActiveCfg = Debug|Win32
		{80357E0B-EFF9-423C-889C-4635E143F9ED}.Debug|x86.Build.0 = Debug|Win32
		{80357E0B-EFF9-423C-889C-4635E143F9ED}.Release|x64.ActiveCfg = Release|x64
		{80357E0B-EFF9-423C-889C-4635E143F9ED}.Release|x64.Build.0 = Release|x64
		{80357E0B-EFF9-423C-889C-4635E143F9ED}.Release|x86.ActiveCfg = Release|Win32
		{80357E0B-EFF9-423C-889C-4635E143F9ED}.Release|x86.Build.0 = Release|Win32
		{E72B5117-0D41-444C-B4FD-07D68144CA3C}.Debug|x64.ActiveCfg = Debug|x64
		{E72B5117-0D41-444C-B4FD-07D68144CA3C}.Debug|x64.Build.0 = Debug|x64
		{E72B5117-0D41-444C-B4FD-07D68144CA3C}.Debug|x86.ActiveCfg = Debug|Win32
		{E72B5117-0D41-444C-B4FD-07D68144CA3C}.Debug|x86.Build.0 = Debug|Win32
		{E72B5117-0D41-444C-B4FD-07D68144CA3C}.Release|x64.ActiveCfg = Release|x64
		{E72B5117-0D41-444C-B4FD-07D68144CA3C}.Release|x64.Build.0 = Release|x64
		{E72B5117-0D41-444C-B4FD-07D68144CA3C}.Release|x86.ActiveCfg = Release|Win32
		{E72B5117-0D41-444C-B4FD-07D68144CA3C}.Release|x86.Build.0 = Release|Win32
		{0EE5A555-579E-4F77-A1BB-D3B42EAF724A}.Debug|x64.ActiveCfg = Debug|x64
		{0EE5A555-579E-4F77-A1BB-D3B42EAF724A}.Debug|x64.Build.0 = Debug|x64
		{0EE5A555-579E-4F77-A1BB-D3B42EAF724A}.Debug|x86.ActiveCfg = Debug|Win32
		{0EE5A555-579E-4F77-A1BB-D3B42EAF724A}.Debug|x86.Build.0 = Debug|Win32
		{0EE5A555-579E-4F77-A1BB-D3B42EAF724A}.Release|x64.ActiveCfg = Release|x64
		{0EE5A555-579E-4F77-A1BB-D3B42EAF724A}.Release|x64.Build.0 = Release|x64
		{0EE5A555-579E-4F77-A1BB-D3B42EAF724A}.Release|x86.ActiveCfg = Release|Win32
		{0EE5A555-579E-4F77-A1BB-D3B42EAF724A}.Release|x86.Build.0 = Release|Win32
		{FF23C566-D169-44D4-8F7C-FCBAAAB36D2A}.Debug|x64.ActiveCfg = Debug|x64
		{FF23C566-D169-44D4-8F7C-FCBAAAB36D2A}.Debug|x64.Build.0 = Debug|x64
		{FF23C566-D169-44D4-8F7C-FCBAAAB36D2A}.Debug|x86.ActiveCfg = Debug|Win32
		{FF23C566-D169-44D4-8F7C-FCBAAAB36D2A}.Debug|x86.Build.0 = Debug|Win32
		{FF23C566-D169-44D4-8F7C-FCBAAAB36D2A}.Release|x64.ActiveCfg = Release|x64
		{FF23C566-D169-44D4-8F7C-FCBAAAB36D2A}.Release|x64.Build.0 = Release|x64
		{FF23C566-D169-44D4-8F7C-FCBAAAB36D2A}.Release|x86.ActiveCfg = Release|Win32
		{FF23C566-D169-44D4-8F7C-FCBAAAB36D2A}.Release|x86.Build.0 = Release|Win32
		{CA1407B5-9AD2-42E4-A1C4-ABE729E3EF99}.Debug|x64.ActiveCfg = Debug|x64
		{CA1407B5-9AD2-42E4-A1C4-ABE729E3EF99}.Debug|x64.Build.0 = Debug|x64
		{CA1407B5-9AD2-42E4-A1C4-ABE729E3EF99}.Debug|x86.ActiveCfg = Debug|Win32
		{CA1407B5-9AD2-42E4-A1C4-ABE729E3EF99}.Debug|x86.Build.0 = Debug|Win32
		{CA1407B5-9AD2-42E4-A1C4-ABE729E3EF99}.Release|x64.ActiveCfg = Release|x64
		{CA1407B5-9AD2-42E4-A1C4-ABE729E3EF99}.Release|x64.Build.0 = Release|x64
		{CA1407B5-9AD2-42E4-A1C4-ABE729E3EF99}.Release|x86.ActiveCfg = Release|Win32
		{CA1407B5-9AD2-42E4-A1C4-ABE729E3EF99}.Release|x86.Build.0 = Release|Win32
		{6FC63DEB-9F85-4C1C-AB87-7B7AAA2475AA}.Debug|x64.ActiveCfg = Debug|x64
		{6FC63DEB-9F85-4C1C-AB87-7B7AAA2475AA}.Debug|x64.Build.0 = Debug|x64
		{6FC63DEB-9F85-4C1C-AB87-7B7AAA2475AA}.Debug|x86.ActiveCfg = Debug|Win32
		{6FC63DEB-9F85-4C1C-AB87-7B7AAA2475AA}.Debug|x86.Build.0 = Debug|Win32
		{6FC63DEB-9F85-4C1C-AB87-7B7AAA2475AA}.Release|x64.ActiveCfg = Release|x64
		{6FC63DEB-9F85-4C1C-AB87-7B7AAA2475AA}.Release|x64.Build.0 = Release|x64
		{6FC63DEB-9F85-4C1C-AB87-7B7AAA2475AA}.Release|x86.ActiveCfg = Release|Win32
		{6FC63DEB-9F85-4C1C-AB87-7B7AAA2475AA}.Release|x86.Build.0 = Release|Win32
		{A995B3B5-C957-4E53-B6E3-404819A34C49}.Debug|x64.ActiveCfg = Debug|x64
		{A995B3B5-C957-4E53-B6E3-404819A34C49}.Debug|x64.Build.0 = Debug|x64
		{A995B3B5-C957-4E53-B6E3-404819A34C49}.Debug|x86.ActiveCfg = Debug|Win32
		{A995B3B5-C957-4E53-B6E3-404819A34C49}.Debug|x86.Build.0 = Debug|Win32
		{A995B3B5-C957-4E53-B6E3-404819A34C49}.Release|x64.ActiveCfg = Release|x64
		{A995B3B5-C957-4E53-B6E3-404819A34C49}.Release|x64.Build.0 = Release|x64
		{A995B3B5-C957-4E53-B6E3-404819A34C49}.Release|x86.ActiveCfg = Release|Win32
		{A995B3B5-C957-4E53-B6E3-404819A34C49}.Release|x86.Build.0 = Release|Win32
		{ABB2DE8A-FA92-46C9-8CE3-B7A72E519E1D}.Debug|x64.ActiveCfg = Debug|x64
		{ABB2DE8A-FA92-46C9-8CE3-B7A72E519E1D}.Debug|x64.Build.0 = Debug|x64
		{ABB2DE8A-FA92-46C9-8CE3-B7A72E519E1D}.Debug|x86.ActiveCfg = Debug|Win32
		{ABB2DE8A-FA92-46C9-8CE3-B7A72E519E1D}.Debug|x86.Build.0 = Debug|Win32
		{ABB2DE8A-FA92-46C9-8CE3-B7A72E519E1D}.Release|x64.ActiveCfg = Release|x64
		{ABB2DE8A-FA92-46C9-8CE3-B7A72E519E1D}.Release|x64.Build.0 = Release|x64
		{ABB2DE8A-FA92-46C9-8CE3-B7A72E519E1D}.Release|x86.ActiveCfg = Release|Win32
		{ABB2DE8A-FA92-46C9-8CE3-B7A72E519E1D}.Release|x86.Build.0 = Release|Win32
		{4F4B1A99-1B3D-457C-B7CC-4E7C7B7B33A7}.Debug|x64.ActiveCfg = Debug|x64
		{4F4B1A99-1B3D-457C-B7CC-4E7C7B7B33A7}.Debug|x64.Build.0 = Debug|x64
		{4F4B1A99-1B3D-457C-B7CC-4E7C7B7B33A7}.Debug|x86.ActiveCfg = Debug|Win32
		{4F4B1A99-1B3D-457C-B7CC-4E7C7B7B33A7}.Debug|x86.Build.0 = Debug|Win32
		{4F4B1A99-1B3D-457C-B7CC-4E7C7B7B33A7}.Release|x64.ActiveCfg = Release|x64
		{4F4B1A99-1B3D-457C-B7CC-4E7C7B7B33A7}.Release|x64.Build.0 = Release|x64
		{4F4B1A99-1B3D-457C-B7CC-4E7C7B7B33A7}.Release|x86.ActiveCfg = Release|Win32
		{4F4B1A99-1B3D-457C-B7CC-4E7C7B7B33A7}.Release|x86.Build.0 = Release|Win32
	EndGlobalSection
	GlobalSection(SolutionProperties) = preSolution
		HideSolutionNode = FALSE
	EndGlobalSection
	GlobalSection(ExtensibilityGlobals) = postSolution
		SolutionGuid = {5811E0A7-9CDE-4727-A9CA-02AA87CEE1C7}
	EndGlobalSection
EndGlobal
