
Microsoft Visual Studio Solution File, Format Version 12.00
# Visual Studio Version 16
VisualStudioVersion = 16.0.32802.440
MinimumVisualStudioVersion = 10.0.40219.1
Project("{8BC9CEB8-8B4A-11D0-8D11-00A0C91BC942}") = "10926", "10926\10926.vcxproj", "{FCA2C8EC-5454-475A-91A4-321FEBB95E98}"
EndProject
Project("{8BC9CEB8-8B4A-11D0-8D11-00A0C91BC942}") = "24416", "24416\24416.vcxproj", "{DD1C2EEA-3165-4392-884F-884DD9D7DA21}"
EndProject
Project("{8BC9CEB8-8B4A-11D0-8D11-00A0C91BC942}") = "18108", "18108\18108.vcxproj", "{834F2086-50D6-419D-A168-8D5F8AD9D431}"
EndProject
Project("{8BC9CEB8-8B4A-11D0-8D11-00A0C91BC942}") = "3003", "3003\3003.vcxproj", "{9E23D13A-5147-49A5-872F-A1AE2A235C91}"
EndProject
Project("{8BC9CEB8-8B4A-11D0-8D11-00A0C91BC942}") = "25083", "25083\25083.vcxproj", "{7071CF73-02DA-4894-B3AA-84768E96EE5B}"
EndProject
Project("{8BC9CEB8-8B4A-11D0-8D11-00A0C91BC942}") = "2525", "2525\2525.vcxproj", "{EA6D5215-7BA4-4FFB-9C2F-2B421EAF2860}"
EndProject
Project("{8BC9CEB8-8B4A-11D0-8D11-00A0C91BC942}") = "2480", "2480\2480.vcxproj", "{7B3CE9AB-E134-4BC5-ACCE-C807F8BADBB3}"
EndProject
Project("{8BC9CEB8-8B4A-11D0-8D11-00A0C91BC942}") = "25304", "25304\25304.vcxproj", "{1A2C7A58-EC48-4B1D-9FD9-383939439C38}"
EndProject
Project("{8BC9CEB8-8B4A-11D0-8D11-00A0C91BC942}") = "25305", "25305\25305.vcxproj", "{068139F0-9895-417C-BE63-50FA5F2375B6}"
EndProject
Project("{8BC9CEB8-8B4A-11D0-8D11-00A0C91BC942}") = "25501", "25501\25501.vcxproj", "{7B659671-D7DD-427F-A1DA-FA05CBC9A0E1}"
EndProject
Project("{8BC9CEB8-8B4A-11D0-8D11-00A0C91BC942}") = "24060", "24060\24060.vcxproj", "{21F40680-2A2A-4D2C-B17A-58A189933986}"
EndProject
Project("{8BC9CEB8-8B4A-11D0-8D11-00A0C91BC942}") = "10815", "10815\10815.vcxproj", "{6F7702C7-7935-4FC4-9E96-7A8E72AC47F7}"
EndProject
Project("{8BC9CEB8-8B4A-11D0-8D11-00A0C91BC942}") = "14425", "14425\14425.vcxproj", "{C3D6C393-4383-40BD-B020-1AF55801D135}"
EndProject
Project("{8BC9CEB8-8B4A-11D0-8D11-00A0C91BC942}") = "1620", "1620\1620.vcxproj", "{2349A46F-5C53-4F01-8644-1848F8D77C2B}"
EndProject
Project("{8BC9CEB8-8B4A-11D0-8D11-00A0C91BC942}") = "10816", "10816\10816.vcxproj", "{45AE0870-C024-45C9-96C9-8FFA665D9BEE}"
EndProject
Project("{8BC9CEB8-8B4A-11D0-8D11-00A0C91BC942}") = "1764", "1764\1764.vcxproj", "{7CCDEA6D-196F-4A43-9D56-40D411BD9AE4}"
EndProject
Project("{8BC9CEB8-8B4A-11D0-8D11-00A0C91BC942}") = "1269", "1269\1269.vcxproj", "{4B726E70-6D09-46F0-911E-2D4742B6AF1C}"
EndProject
Project("{8BC9CEB8-8B4A-11D0-8D11-00A0C91BC942}") = "11478", "11478\11478.vcxproj", "{05B7BB0C-86AE-47CF-A32B-9C8275A35046}"
EndProject
Project("{8BC9CEB8-8B4A-11D0-8D11-00A0C91BC942}") = "2477", "2477\2477.vcxproj", "{42B7D00E-E18D-457E-929F-A3DA8BBE8417}"
EndProject
Project("{8BC9CEB8-8B4A-11D0-8D11-00A0C91BC942}") = "1004", "1004\1004.vcxproj", "{C63F568D-C3C3-4D38-82A1-6DDEDE31C321}"
EndProject
Project("{8BC9CEB8-8B4A-11D0-8D11-00A0C91BC942}") = "1358", "1358\1358.vcxproj", "{40BD0124-7DD9-4164-84F0-B6D620211C47}"
EndProject
Project("{8BC9CEB8-8B4A-11D0-8D11-00A0C91BC942}") = "5086", "5086\5086.vcxproj", "{C06E1334-1E33-44D4-B16C-11BEEC13A668}"
EndProject
Project("{8BC9CEB8-8B4A-11D0-8D11-00A0C91BC942}") = "1037", "1037\1037.vcxproj", "{81E54BB6-2390-4F68-86C8-8587C00C66BA}"
EndProject
Project("{8BC9CEB8-8B4A-11D0-8D11-00A0C91BC942}") = "2609", "2609\2609.vcxproj", "{678DEFFD-894D-44B2-95A9-9181772625F2}"
EndProject
Project("{8BC9CEB8-8B4A-11D0-8D11-00A0C91BC942}") = "1934", "1934\1934.vcxproj", "{6F71A911-A509-4B6A-B71E-9D44AE1FA77A}"
EndProject
Project("{8BC9CEB8-8B4A-11D0-8D11-00A0C91BC942}") = "2981", "2981\2981.vcxproj", "{A7115A88-80BF-46C5-B5BC-1D9217D81F46}"
EndProject
Project("{8BC9CEB8-8B4A-11D0-8D11-00A0C91BC942}") = "3036", "3036\3036.vcxproj", "{B77292C1-1B8F-4311-9127-FA8B4088216D}"
EndProject
Project("{8BC9CEB8-8B4A-11D0-8D11-00A0C91BC942}") = "11050", "11050\11050.vcxproj", "{0D5B0FC5-B5B4-4AF5-A44E-34ABFEEEB836}"
EndProject
Project("{8BC9CEB8-8B4A-11D0-8D11-00A0C91BC942}") = "11051", "11051\11051.vcxproj", "{2F67C0C8-23BA-46A3-AD17-119D8B67B16A}"
EndProject
Project("{8BC9CEB8-8B4A-11D0-8D11-00A0C91BC942}") = "9184", "9184\9184.vcxproj", "{A79909C5-B0E1-46FA-AE1B-3501E971FB86}"
EndProject
Project("{8BC9CEB8-8B4A-11D0-8D11-00A0C91BC942}") = "15649", "15649\15649.vcxproj", "{5AFE502B-31FE-470D-B2FA-F405739FE6FA}"
EndProject
Project("{8BC9CEB8-8B4A-11D0-8D11-00A0C91BC942}") = "15650", "15650\15650.vcxproj", "{C8504885-9ABD-403A-886E-ECC67471635C}"
EndProject
Project("{8BC9CEB8-8B4A-11D0-8D11-00A0C91BC942}") = "15651", "15651\15651.vcxproj", "{4462D8FC-7E6D-4DE4-8EC0-7B3D30049395}"
EndProject
Project("{8BC9CEB8-8B4A-11D0-8D11-00A0C91BC942}") = "15652", "15652\15652.vcxproj", "{E8D88202-4861-4DE8-A13D-75BDCC5AED9A}"
EndProject
Project("{8BC9CEB8-8B4A-11D0-8D11-00A0C91BC942}") = "9663", "9663\9663.vcxproj", "{FA0BCE35-E0A0-4187-B9F4-B614984A008D}"
EndProject
Project("{8BC9CEB8-8B4A-11D0-8D11-00A0C91BC942}") = "2580", "2580\2580.vcxproj", "{06D6003D-6BC6-41C4-944A-F70E755B5CA5}"
EndProject
Project("{8BC9CEB8-8B4A-11D0-8D11-00A0C91BC942}") = "14888", "14888\14888.vcxproj", "{96EBA2FC-1BC3-4624-BC1D-0B462940B43B}"
EndProject
Project("{8BC9CEB8-8B4A-11D0-8D11-00A0C91BC942}") = "14889", "14889\14889.vcxproj", "{6E5650DA-D867-4DC8-AB8E-A2ED03191BAF}"
EndProject
Project("{8BC9CEB8-8B4A-11D0-8D11-00A0C91BC942}") = "2557", "2557\2557.vcxproj", "{42B2F427-802A-4714-BEA7-F51557137E60}"
EndProject
Project("{8BC9CEB8-8B4A-11D0-8D11-00A0C91BC942}") = "10718", "10718\10718.vcxproj", "{C4D25036-3D9B-4AC5-AE51-40AFE6106AF0}"
EndProject
Project("{8BC9CEB8-8B4A-11D0-8D11-00A0C91BC942}") = "1000", "1000\1000.vcxproj", "{A07DEF00-97E9-45D9-B5CC-EBDB322668E2}"
EndProject
Project("{8BC9CEB8-8B4A-11D0-8D11-00A0C91BC942}") = "1001", "1011\1011.vcxproj", "{297C47B9-2292-4A45-B650-80DDE1739D8C}"
EndProject
Project("{8BC9CEB8-8B4A-11D0-8D11-00A0C91BC942}") = "10998", "10998\10998.vcxproj", "{DACB8EC7-DAD3-4009-A65C-1BC0481F86CE}"
EndProject
Project("{8BC9CEB8-8B4A-11D0-8D11-00A0C91BC942}") = "1008", "1008\1008.vcxproj", "{8295C738-540B-4EB2-A5F0-E57F8D471B9E}"
EndProject
Project("{8BC9CEB8-8B4A-11D0-8D11-00A0C91BC942}") = "10869", "10869\10869.vcxproj", "{7C09D12F-CD2E-4FBF-9786-46CD1B3C8A37}"
EndProject
Project("{8BC9CEB8-8B4A-11D0-8D11-00A0C91BC942}") = "10430", "10430\10430.vcxproj", "{72BB509F-2196-435B-8CDA-81669CB63CC8}"
EndProject
Project("{8BC9CEB8-8B4A-11D0-8D11-00A0C91BC942}") = "10171", "10171\10171.vcxproj", "{D38F43D9-97B9-417E-BAD2-C5CB712ABE37}"
EndProject
Project("{8BC9CEB8-8B4A-11D0-8D11-00A0C91BC942}") = "10172", "10172\10172.vcxproj", "{A9C79B91-DF8B-4AD4-8E46-CD968E55F5D1}"
EndProject
Project("{8BC9CEB8-8B4A-11D0-8D11-00A0C91BC942}") = "1330", "1330\1330.vcxproj", "{32B8316D-B221-4529-9342-9DA6D8A59DE8}"
EndProject
Project("{8BC9CEB8-8B4A-11D0-8D11-00A0C91BC942}") = "9498", "9498\9498.vcxproj", "{BD9E3B82-10A5-494C-B517-3DB929395651}"
EndProject
Project("{8BC9CEB8-8B4A-11D0-8D11-00A0C91BC942}") = "2753", "2753\2753.vcxproj", "{1E3FACAF-F2B7-4F34-9616-D81F2481C909}"
EndProject
Project("{8BC9CEB8-8B4A-11D0-8D11-00A0C91BC942}") = "14681", "14681\14681.vcxproj", "{9CCFB346-9BC8-42D1-8DFF-8C411A3159C3}"
EndProject
Project("{8BC9CEB8-8B4A-11D0-8D11-00A0C91BC942}") = "2884", "2884\2884.vcxproj", "{C0589D3E-5CBD-467B-AAED-03E95A2441E2}"
EndProject
Project("{8BC9CEB8-8B4A-11D0-8D11-00A0C91BC942}") = "2739", "2739\2739.vcxproj", "{75087BAB-591D-467F-9E03-A942A8846679}"
EndProject
Project("{8BC9CEB8-8B4A-11D0-8D11-00A0C91BC942}") = "10950", "10950\10950.vcxproj", "{041515B7-84F4-4B85-85F7-4D2454BC7C86}"
EndProject
Project("{8BC9CEB8-8B4A-11D0-8D11-00A0C91BC942}") = "8393", "8393\8393.vcxproj", "{494B1B3E-C49D-4C05-AF3C-A3AF8D4626A8}"
EndProject
Project("{8BC9CEB8-8B4A-11D0-8D11-00A0C91BC942}") = "15552", "15552\15552.vcxproj", "{07FCEF6E-5B2D-4903-8749-3C748667CA9C}"
EndProject
Project("{8BC9CEB8-8B4A-11D0-8D11-00A0C91BC942}") = "11021", "11021\11021.vcxproj", "{5D38E691-4809-4A94-8A95-330A349291EB}"
EndProject
Project("{8BC9CEB8-8B4A-11D0-8D11-00A0C91BC942}") = "11022", "11022\11022.vcxproj", "{84382870-3E90-4CDE-BA03-E0E4E43EB9DD}"
EndProject
Project("{8BC9CEB8-8B4A-11D0-8D11-00A0C91BC942}") = "2438", "2438\2438.vcxproj", "{ACAAF01D-4EF4-4F6D-8187-C001C312E287}"
EndProject
Project("{8BC9CEB8-8B4A-11D0-8D11-00A0C91BC942}") = "10871", "10871\10871.vcxproj", "{C5538D6C-D28C-455E-A068-7B971988A2F0}"
EndProject
Project("{8BC9CEB8-8B4A-11D0-8D11-00A0C91BC942}") = "10952", "10952\10952.vcxproj", "{A9C15A06-709B-4F37-8577-708FEF18CB41}"
EndProject
Project("{8BC9CEB8-8B4A-11D0-8D11-00A0C91BC942}") = "10951", "10951\10951.vcxproj", "{A08217CA-EA58-41F4-BC58-DBAA8F3FC820}"
EndProject
Project("{8BC9CEB8-8B4A-11D0-8D11-00A0C91BC942}") = "1110", "1110\1110.vcxproj", "{80357E0B-EFF9-423C-889C-4635E143F9ED}"
EndProject
Project("{8BC9CEB8-8B4A-11D0-8D11-00A0C91BC942}") = "10818", "10818\10818.vcxproj", "{E72B5117-0D41-444C-B4FD-07D68144CA3C}"
EndProject
Project("{8BC9CEB8-8B4A-11D0-8D11-00A0C91BC942}") = "2562", "2562\2562.vcxproj", "{0EE5A555-579E-4F77-A1BB-D3B42EAF724A}"
EndProject
Project("{8BC9CEB8-8B4A-11D0-8D11-00A0C91BC942}") = "3052", "3052\3052.vcxproj", "{FF23C566-D169-44D4-8F7C-FCBAAAB36D2A}"
EndProject
Project("{8BC9CEB8-8B4A-11D0-8D11-00A0C91BC942}") = "1546", "1546\1546.vcxproj", "{CA1407B5-9AD2-42E4-A1C4-ABE729E3EF99}"
EndProject
Project("{8BC9CEB8-8B4A-11D0-8D11-00A0C91BC942}") = "8958", "8958\8958.vcxproj", "{6FC63DEB-9F85-4C1C-AB87-7B7AAA2475AA}"
EndProject
Project("{8BC9CEB8-8B4A-11D0-8D11-00A0C91BC942}") = "4344", "4344\4344.vcxproj", "{A995B3B5-C957-4E53-B6E3-404819A34C49}"
EndProject
Project("{8BC9CEB8-8B4A-11D0-8D11-00A0C91BC942}") = "15596", "15596\15596.vcxproj", "{ABB2DE8A-FA92-46C9-8CE3-B7A72E519E1D}"
EndProject
Project("{8BC9CEB8-8B4A-11D0-8D11-00A0C91BC942}") = "4673", "4673\4673.vcxproj", "{4F4B1A99-1B3D-457C-B7CC-4E7C7B7B33A7}"
EndProject
Project("{8BC9CEB8-8B4A-11D0-8D11-00A0C91BC942}") = "1065", "1065\1065.vcxproj", "{41274BA9-FBE6-4F63-86E4-2FD8D3F607C0}"
EndProject
Project("{8BC9CEB8-8B4A-11D0-8D11-00A0C91BC942}") = "11645", "11645\11645.vcxproj", "{19D7CA5C-0EA6-4457-BCC5-9D218E17A261}"
EndProject
Project("{8BC9CEB8-8B4A-11D0-8D11-00A0C91BC942}") = "11720", "11720\11720.vcxproj", "{CB6D2D1F-A67E-470B-819C-52FD71B00D8B}"
EndProject
Project("{8BC9CEB8-8B4A-11D0-8D11-00A0C91BC942}") = "10809", "10809\10809.vcxproj", "{8F16B666-FCF8-4D54-B1C1-319C146FFBEB}"
EndProject
Project("{8BC9CEB8-8B4A-11D0-8D11-00A0C91BC942}") = "2675", "2675\2675.vcxproj", "{BA55884A-4C29-4BC2-AABD-1843FB6AED36}"
EndProject
Project("{8BC9CEB8-8B4A-11D0-8D11-00A0C91BC942}") = "1157", "1157\1157.vcxproj", "{A8375BFA-FA3C-4259-A6B8-9830259FF702}"
EndProject
Project("{8BC9CEB8-8B4A-11D0-8D11-00A0C91BC942}") = "1152", "1152\1152.vcxproj", "{694CAA44-7ACE-431D-9E2B-E502C9C2FBDC}"
EndProject
Project("{8BC9CEB8-8B4A-11D0-8D11-00A0C91BC942}") = "2908", "2908\2908.vcxproj", "{A2A2A51F-29FB-4A45-B6AB-8E5DF0BD5B0A}"
EndProject
Project("{8BC9CEB8-8B4A-11D0-8D11-00A0C91BC942}") = "5622", "5622\5622.vcxproj", "{3EB7C62A-5083-43BD-8B2B-1F2617907A18}"
EndProject
Project("{8BC9CEB8-8B4A-11D0-8D11-00A0C91BC942}") = "2941", "2941\2941.vcxproj", "{16EAC4BB-3CD9-449C-9C41-CC4070F4E3DE}"
EndProject
Project("{8BC9CEB8-8B4A-11D0-8D11-00A0C91BC942}") = "1316", "1316\1316.vcxproj", "{E80AEBDB-6FE8-400C-9862-8C4B418C92B2}"
EndProject
Project("{8BC9CEB8-8B4A-11D0-8D11-00A0C91BC942}") = "1712", "1712\1712.vcxproj", "{A07DFCBA-E08A-4757-B25B-898D190940CC}"
EndProject
Project("{8BC9CEB8-8B4A-11D0-8D11-00A0C91BC942}") = "2292", "2292\2292.vcxproj", "{0E9BEE7C-6ED9-4E1D-BCB5-9438BFB0A548}"
EndProject
Project("{8BC9CEB8-8B4A-11D0-8D11-00A0C91BC942}") = "1193", "1193\1193.vcxproj", "{DE04F06C-8D16-4E99-A3A0-B288F68A7754}"
EndProject
Project("{8BC9CEB8-8B4A-11D0-8D11-00A0C91BC942}") = "2869", "2869\2869.vcxproj", "{2F5CC298-D880-4D69-AC05-10C9A67AA887}"
EndProject
Project("{8BC9CEB8-8B4A-11D0-8D11-00A0C91BC942}") = "10250", "10250\10250.vcxproj", "{0E1C803B-46C5-4976-AA90-0E9DF8992445}"
EndProject
Project("{8BC9CEB8-8B4A-11D0-8D11-00A0C91BC942}") = "2775", "2775\2775.vcxproj", "{3CB09D20-0BF7-43F0-A7D6-0BEFCDC68004}"
EndProject
Project("{8BC9CEB8-8B4A-11D0-8D11-00A0C91BC942}") = "2839", "2839\2839.vcxproj", "{C6CFA435-A969-42BC-BE17-E054FB85AEB5}"
EndProject
Project("{8BC9CEB8-8B4A-11D0-8D11-00A0C91BC942}") = "10757", "10757\10757.vcxproj", "{F155120A-8A32-44EF-A7E7-E0E9F0793D80}"
EndProject
Project("{8BC9CEB8-8B4A-11D0-8D11-00A0C91BC942}") = "1978", "1978\1978.vcxproj", "{9B18AB67-7107-41FA-A883-9706AA919D70}"
EndProject
Project("{8BC9CEB8-8B4A-11D0-8D11-00A0C91BC942}") = "2581", "2581\2581.vcxproj", "{D86311C2-F360-4415-B3BC-21137EA56A5E}"
EndProject
Project("{8BC9CEB8-8B4A-11D0-8D11-00A0C91BC942}") = "11653", "11653\11653.vcxproj", "{71A3467F-50CE-4DAC-A5FA-29F237A2C410}"
EndProject
Project("{8BC9CEB8-8B4A-11D0-8D11-00A0C91BC942}") = "1929", "1929\1929.vcxproj", "{A246A939-85E7-4FBA-9A0D-382A460997A5}"
EndProject
Project("{8BC9CEB8-8B4A-11D0-8D11-00A0C91BC942}") = "4948", "4948\4948.vcxproj", "{7E8BC6E7-4241-4A6C-809E-CF34F2D6B169}"
EndProject
Project("{8BC9CEB8-8B4A-11D0-8D11-00A0C91BC942}") = "9020", "9020\9020.vcxproj", "{635A7365-FEF3-4AEF-BEF1-B9EDE6D74CE2}"
EndProject
Project("{8BC9CEB8-8B4A-11D0-8D11-00A0C91BC942}") = "2750", "2750\2750.vcxproj", "{DA86E95F-4085-4982-AE3B-4CB68AEAB23B}"
EndProject
Project("{8BC9CEB8-8B4A-11D0-8D11-00A0C91BC942}") = "2751", "2751\2751.vcxproj", "{C061654E-8AAB-4963-98EE-1D0E65377ABD}"
EndProject
Project("{8BC9CEB8-8B4A-11D0-8D11-00A0C91BC942}") = "10989", "10989\10989.vcxproj", "{6F8ECB97-1D9E-4837-AB64-BD8952FA6593}"
EndProject
Project("{8BC9CEB8-8B4A-11D0-8D11-00A0C91BC942}") = "10807", "10807\10807.vcxproj", "{5F7B5F21-2D76-4612-9D16-CDE5D7A35478}"
EndProject
Project("{8BC9CEB8-8B4A-11D0-8D11-00A0C91BC942}") = "5597", "5597\5597.vcxproj", "{B5AFF230-DEAD-46BA-800D-0384BA574839}"
EndProject
Project("{8BC9CEB8-8B4A-11D0-8D11-00A0C91BC942}") = "2587", "2587\2587.vcxproj", "{F807AA29-7CF3-4BA1-86A1-357144EF2DD3}"
EndProject
Project("{8BC9CEB8-8B4A-11D0-8D11-00A0C91BC942}") = "2108", "2108\2108.vcxproj", "{C257C27D-7ADA-4DB6-BC16-66596305B4E2}"
EndProject
Project("{8BC9CEB8-8B4A-11D0-8D11-00A0C91BC942}") = "1427", "1427\1427.vcxproj", "{EE104BF9-28E0-4115-9CB0-8F62FFA3E6DB}"
EndProject
Project("{8BC9CEB8-8B4A-11D0-8D11-00A0C91BC942}") = "11650", "11650\11650.vcxproj", "{8FA96523-2D37-447B-B6CA-CC29DC0B3FF0}"
EndProject
Project("{8BC9CEB8-8B4A-11D0-8D11-00A0C91BC942}") = "11651", "11651\11651.vcxproj", "{3F8A6ABF-7FAF-4335-84EA-87E45621CBB6}"
EndProject
Project("{8BC9CEB8-8B4A-11D0-8D11-00A0C91BC942}") = "1181", "1181\1181.vcxproj", "{5DC473A1-95E0-41F3-BCB1-FC42701608CC}"
EndProject
Project("{8BC9CEB8-8B4A-11D0-8D11-00A0C91BC942}") = "10814", "10814\10814.vcxproj", "{EC6871E7-BC7D-4FB0-B59A-ACAE945A6A3B}"
EndProject
Project("{8BC9CEB8-8B4A-11D0-8D11-00A0C91BC942}") = "18870", "18870\18870.vcxproj", "{89A7233B-EB1B-4AD1-9A57-BEE87EA886BF}"
EndProject
Project("{8BC9CEB8-8B4A-11D0-8D11-00A0C91BC942}") = "2738", "2738\2738.vcxproj", "{5D4D60FC-C6F2-4E50-B287-F3F7D7877DDA}"
EndProject
Project("{8BC9CEB8-8B4A-11D0-8D11-00A0C91BC942}") = "2566", "2566\2566.vcxproj", "{52CEE0C2-5669-41CB-99B6-57F771B99E19}"
EndProject
Project("{8BC9CEB8-8B4A-11D0-8D11-00A0C91BC942}") = "2563", "2563\2563.vcxproj", "{3DF6EC87-E5AE-42C0-8909-C2FF5B8DB65D}"
EndProject
Project("{8BC9CEB8-8B4A-11D0-8D11-00A0C91BC942}") = "10872", "10872\10872.vcxproj", "{1044B28B-5FE7-4673-9019-330426C19DE6}"
EndProject
Project("{8BC9CEB8-8B4A-11D0-8D11-00A0C91BC942}") = "10870", "10870\10870.vcxproj", "{03D6E938-BFCC-40AA-8FC1-EA67BC77EA2E}"
EndProject
Project("{8BC9CEB8-8B4A-11D0-8D11-00A0C91BC942}") = "2447", "2447\2447.vcxproj", "{7D7CBB99-D8A1-464B-A463-C32E60527153}"
EndProject
Project("{8BC9CEB8-8B4A-11D0-8D11-00A0C91BC942}") = "11729", "11729\11729.vcxproj", "{37E96DB0-8D48-4EA1-B382-0E2707D8535B}"
EndProject
Project("{8BC9CEB8-8B4A-11D0-8D11-00A0C91BC942}") = "2798", "2798\2798.vcxproj", "{29321361-6397-4822-8535-C87CC22A76D8}"
EndProject
Project("{8BC9CEB8-8B4A-11D0-8D11-00A0C91BC942}") = "2231", "2231\2231.vcxproj", "{E9E6978F-1F4D-4F78-84E6-4FC170C2BDC9}"
EndProject
Project("{8BC9CEB8-8B4A-11D0-8D11-00A0C91BC942}") = "7568", "7568\7568.vcxproj", "{342F244B-C393-4653-9B59-DC964E899747}"
EndProject
Project("{8BC9CEB8-8B4A-11D0-8D11-00A0C91BC942}") = "1018", "1018\1018.vcxproj", "{52EEE314-62EA-484D-8194-67387DE72763}"
EndProject
Project("{8BC9CEB8-8B4A-11D0-8D11-00A0C91BC942}") = "1436", "1436\1436.vcxproj", "{E0D74717-5E7C-4CC2-8F86-A5AE93D4EDBE}"
EndProject
Project("{8BC9CEB8-8B4A-11D0-8D11-00A0C91BC942}") = "1085", "1085\1085.vcxproj", "{CACF7CC1-0F05-4204-857E-31A5C0AE196C}"
EndProject
Project("{8BC9CEB8-8B4A-11D0-8D11-00A0C91BC942}") = "3009", "3009\3009.vcxproj", "{7FBB6A21-CADB-4CCA-8924-D55DC546E558}"
EndProject
Project("{8BC9CEB8-8B4A-11D0-8D11-00A0C91BC942}") = "4153", "4153\4153.vcxproj", "{CE34CC48-0378-463D-908E-C1507043C529}"
EndProject
Project("{8BC9CEB8-8B4A-11D0-8D11-00A0C91BC942}") = "3053", "3053\3053.vcxproj", "{B952E5E7-49C7-4FC6-94DC-A71646C3ECEA}"
EndProject
Project("{8BC9CEB8-8B4A-11D0-8D11-00A0C91BC942}") = "1002", "1002\1002.vcxproj", "{25C68DA5-9A54-4E1C-8980-9280A7689265}"
EndProject
Project("{8BC9CEB8-8B4A-11D0-8D11-00A0C91BC942}") = "1904", "1904\1904.vcxproj", "{929A89D9-3F34-4B30-A077-76F381FEDA88}"
EndProject
Project("{8BC9CEB8-8B4A-11D0-8D11-00A0C91BC942}") = "9461", "9461\9461.vcxproj", "{D798FC24-FB5D-4797-88C7-BC1EB2E27B41}"
EndProject
Project("{8BC9CEB8-8B4A-11D0-8D11-00A0C91BC942}") = "1912", "1912\1912.vcxproj", "{905F01EA-B54D-4DF4-8DF4-BA0DE2AB8C57}"
EndProject
Project("{8BC9CEB8-8B4A-11D0-8D11-00A0C91BC942}") = "1149", "1149\1149.vcxproj", "{CA021391-FFB6-4C65-A2A1-03B5C2AA7197}"
EndProject
Project("{8BC9CEB8-8B4A-11D0-8D11-00A0C91BC942}") = "1932", "1932\1932.vcxproj", "{5B86BE77-FDC9-4263-80E4-CC0FE8822AFD}"
EndProject
Global
	GlobalSection(SolutionConfigurationPlatforms) = preSolution
		Debug|x64 = Debug|x64
		Debug|x86 = Debug|x86
		Release|x64 = Release|x64
		Release|x86 = Release|x86
	EndGlobalSection
	GlobalSection(ProjectConfigurationPlatforms) = postSolution
		{FCA2C8EC-5454-475A-91A4-321FEBB95E98}.Debug|x64.ActiveCfg = Debug|x64
		{FCA2C8EC-5454-475A-91A4-321FEBB95E98}.Debug|x64.Build.0 = Debug|x64
		{FCA2C8EC-5454-475A-91A4-321FEBB95E98}.Debug|x86.ActiveCfg = Debug|Win32
		{FCA2C8EC-5454-475A-91A4-321FEBB95E98}.Debug|x86.Build.0 = Debug|Win32
		{FCA2C8EC-5454-475A-91A4-321FEBB95E98}.Release|x64.ActiveCfg = Release|x64
		{FCA2C8EC-5454-475A-91A4-321FEBB95E98}.Release|x64.Build.0 = Release|x64
		{FCA2C8EC-5454-475A-91A4-321FEBB95E98}.Release|x86.ActiveCfg = Release|Win32
		{FCA2C8EC-5454-475A-91A4-321FEBB95E98}.Release|x86.Build.0 = Release|Win32
		{DD1C2EEA-3165-4392-884F-884DD9D7DA21}.Debug|x64.ActiveCfg = Debug|x64
		{DD1C2EEA-3165-4392-884F-884DD9D7DA21}.Debug|x64.Build.0 = Debug|x64
		{DD1C2EEA-3165-4392-884F-884DD9D7DA21}.Debug|x86.ActiveCfg = Debug|Win32
		{DD1C2EEA-3165-4392-884F-884DD9D7DA21}.Debug|x86.Build.0 = Debug|Win32
		{DD1C2EEA-3165-4392-884F-884DD9D7DA21}.Release|x64.ActiveCfg = Release|x64
		{DD1C2EEA-3165-4392-884F-884DD9D7DA21}.Release|x64.Build.0 = Release|x64
		{DD1C2EEA-3165-4392-884F-884DD9D7DA21}.Release|x86.ActiveCfg = Release|Win32
		{DD1C2EEA-3165-4392-884F-884DD9D7DA21}.Release|x86.Build.0 = Release|Win32
		{834F2086-50D6-419D-A168-8D5F8AD9D431}.Debug|x64.ActiveCfg = Debug|x64
		{834F2086-50D6-419D-A168-8D5F8AD9D431}.Debug|x64.Build.0 = Debug|x64
		{834F2086-50D6-419D-A168-8D5F8AD9D431}.Debug|x86.ActiveCfg = Debug|Win32
		{834F2086-50D6-419D-A168-8D5F8AD9D431}.Debug|x86.Build.0 = Debug|Win32
		{834F2086-50D6-419D-A168-8D5F8AD9D431}.Release|x64.ActiveCfg = Release|x64
		{834F2086-50D6-419D-A168-8D5F8AD9D431}.Release|x64.Build.0 = Release|x64
		{834F2086-50D6-419D-A168-8D5F8AD9D431}.Release|x86.ActiveCfg = Release|Win32
		{834F2086-50D6-419D-A168-8D5F8AD9D431}.Release|x86.Build.0 = Release|Win32
		{9E23D13A-5147-49A5-872F-A1AE2A235C91}.Debug|x64.ActiveCfg = Debug|x64
		{9E23D13A-5147-49A5-872F-A1AE2A235C91}.Debug|x64.Build.0 = Debug|x64
		{9E23D13A-5147-49A5-872F-A1AE2A235C91}.Debug|x86.ActiveCfg = Debug|Win32
		{9E23D13A-5147-49A5-872F-A1AE2A235C91}.Debug|x86.Build.0 = Debug|Win32
		{9E23D13A-5147-49A5-872F-A1AE2A235C91}.Release|x64.ActiveCfg = Release|x64
		{9E23D13A-5147-49A5-872F-A1AE2A235C91}.Release|x64.Build.0 = Release|x64
		{9E23D13A-5147-49A5-872F-A1AE2A235C91}.Release|x86.ActiveCfg = Release|Win32
		{9E23D13A-5147-49A5-872F-A1AE2A235C91}.Release|x86.Build.0 = Release|Win32
		{7071CF73-02DA-4894-B3AA-84768E96EE5B}.Debug|x64.ActiveCfg = Debug|x64
		{7071CF73-02DA-4894-B3AA-84768E96EE5B}.Debug|x64.Build.0 = Debug|x64
		{7071CF73-02DA-4894-B3AA-84768E96EE5B}.Debug|x86.ActiveCfg = Debug|Win32
		{7071CF73-02DA-4894-B3AA-84768E96EE5B}.Debug|x86.Build.0 = Debug|Win32
		{7071CF73-02DA-4894-B3AA-84768E96EE5B}.Release|x64.ActiveCfg = Release|x64
		{7071CF73-02DA-4894-B3AA-84768E96EE5B}.Release|x64.Build.0 = Release|x64
		{7071CF73-02DA-4894-B3AA-84768E96EE5B}.Release|x86.ActiveCfg = Release|Win32
		{7071CF73-02DA-4894-B3AA-84768E96EE5B}.Release|x86.Build.0 = Release|Win32
		{EA6D5215-7BA4-4FFB-9C2F-2B421EAF2860}.Debug|x64.ActiveCfg = Debug|x64
		{EA6D5215-7BA4-4FFB-9C2F-2B421EAF2860}.Debug|x64.Build.0 = Debug|x64
		{EA6D5215-7BA4-4FFB-9C2F-2B421EAF2860}.Debug|x86.ActiveCfg = Debug|Win32
		{EA6D5215-7BA4-4FFB-9C2F-2B421EAF2860}.Debug|x86.Build.0 = Debug|Win32
		{EA6D5215-7BA4-4FFB-9C2F-2B421EAF2860}.Release|x64.ActiveCfg = Release|x64
		{EA6D5215-7BA4-4FFB-9C2F-2B421EAF2860}.Release|x64.Build.0 = Release|x64
		{EA6D5215-7BA4-4FFB-9C2F-2B421EAF2860}.Release|x86.ActiveCfg = Release|Win32
		{EA6D5215-7BA4-4FFB-9C2F-2B421EAF2860}.Release|x86.Build.0 = Release|Win32
		{7B3CE9AB-E134-4BC5-ACCE-C807F8BADBB3}.Debug|x64.ActiveCfg = Debug|x64
		{7B3CE9AB-E134-4BC5-ACCE-C807F8BADBB3}.Debug|x64.Build.0 = Debug|x64
		{7B3CE9AB-E134-4BC5-ACCE-C807F8BADBB3}.Debug|x86.ActiveCfg = Debug|Win32
		{7B3CE9AB-E134-4BC5-ACCE-C807F8BADBB3}.Debug|x86.Build.0 = Debug|Win32
		{7B3CE9AB-E134-4BC5-ACCE-C807F8BADBB3}.Release|x64.ActiveCfg = Release|x64
		{7B3CE9AB-E134-4BC5-ACCE-C807F8BADBB3}.Release|x64.Build.0 = Release|x64
		{7B3CE9AB-E134-4BC5-ACCE-C807F8BADBB3}.Release|x86.ActiveCfg = Release|Win32
		{7B3CE9AB-E134-4BC5-ACCE-C807F8BADBB3}.Release|x86.Build.0 = Release|Win32
		{1A2C7A58-EC48-4B1D-9FD9-383939439C38}.Debug|x64.ActiveCfg = Debug|x64
		{1A2C7A58-EC48-4B1D-9FD9-383939439C38}.Debug|x64.Build.0 = Debug|x64
		{1A2C7A58-EC48-4B1D-9FD9-383939439C38}.Debug|x86.ActiveCfg = Debug|Win32
		{1A2C7A58-EC48-4B1D-9FD9-383939439C38}.Debug|x86.Build.0 = Debug|Win32
		{1A2C7A58-EC48-4B1D-9FD9-383939439C38}.Release|x64.ActiveCfg = Release|x64
		{1A2C7A58-EC48-4B1D-9FD9-383939439C38}.Release|x64.Build.0 = Release|x64
		{1A2C7A58-EC48-4B1D-9FD9-383939439C38}.Release|x86.ActiveCfg = Release|Win32
		{1A2C7A58-EC48-4B1D-9FD9-383939439C38}.Release|x86.Build.0 = Release|Win32
		{068139F0-9895-417C-BE63-50FA5F2375B6}.Debug|x64.ActiveCfg = Debug|x64
		{068139F0-9895-417C-BE63-50FA5F2375B6}.Debug|x64.Build.0 = Debug|x64
		{068139F0-9895-417C-BE63-50FA5F2375B6}.Debug|x86.ActiveCfg = Debug|Win32
		{068139F0-9895-417C-BE63-50FA5F2375B6}.Debug|x86.Build.0 = Debug|Win32
		{068139F0-9895-417C-BE63-50FA5F2375B6}.Release|x64.ActiveCfg = Release|x64
		{068139F0-9895-417C-BE63-50FA5F2375B6}.Release|x64.Build.0 = Release|x64
		{068139F0-9895-417C-BE63-50FA5F2375B6}.Release|x86.ActiveCfg = Release|Win32
		{068139F0-9895-417C-BE63-50FA5F2375B6}.Release|x86.Build.0 = Release|Win32
		{7B659671-D7DD-427F-A1DA-FA05CBC9A0E1}.Debug|x64.ActiveCfg = Debug|x64
		{7B659671-D7DD-427F-A1DA-FA05CBC9A0E1}.Debug|x64.Build.0 = Debug|x64
		{7B659671-D7DD-427F-A1DA-FA05CBC9A0E1}.Debug|x86.ActiveCfg = Debug|Win32
		{7B659671-D7DD-427F-A1DA-FA05CBC9A0E1}.Debug|x86.Build.0 = Debug|Win32
		{7B659671-D7DD-427F-A1DA-FA05CBC9A0E1}.Release|x64.ActiveCfg = Release|x64
		{7B659671-D7DD-427F-A1DA-FA05CBC9A0E1}.Release|x64.Build.0 = Release|x64
		{7B659671-D7DD-427F-A1DA-FA05CBC9A0E1}.Release|x86.ActiveCfg = Release|Win32
		{7B659671-D7DD-427F-A1DA-FA05CBC9A0E1}.Release|x86.Build.0 = Release|Win32
		{21F40680-2A2A-4D2C-B17A-58A189933986}.Debug|x64.ActiveCfg = Debug|x64
		{21F40680-2A2A-4D2C-B17A-58A189933986}.Debug|x64.Build.0 = Debug|x64
		{21F40680-2A2A-4D2C-B17A-58A189933986}.Debug|x86.ActiveCfg = Debug|Win32
		{21F40680-2A2A-4D2C-B17A-58A189933986}.Debug|x86.Build.0 = Debug|Win32
		{21F40680-2A2A-4D2C-B17A-58A189933986}.Release|x64.ActiveCfg = Release|x64
		{21F40680-2A2A-4D2C-B17A-58A189933986}.Release|x64.Build.0 = Release|x64
		{21F40680-2A2A-4D2C-B17A-58A189933986}.Release|x86.ActiveCfg = Release|Win32
		{21F40680-2A2A-4D2C-B17A-58A189933986}.Release|x86.Build.0 = Release|Win32
		{6F7702C7-7935-4FC4-9E96-7A8E72AC47F7}.Debug|x64.ActiveCfg = Debug|x64
		{6F7702C7-7935-4FC4-9E96-7A8E72AC47F7}.Debug|x64.Build.0 = Debug|x64
		{6F7702C7-7935-4FC4-9E96-7A8E72AC47F7}.Debug|x86.ActiveCfg = Debug|Win32
		{6F7702C7-7935-4FC4-9E96-7A8E72AC47F7}.Debug|x86.Build.0 = Debug|Win32
		{6F7702C7-7935-4FC4-9E96-7A8E72AC47F7}.Release|x64.ActiveCfg = Release|x64
		{6F7702C7-7935-4FC4-9E96-7A8E72AC47F7}.Release|x64.Build.0 = Release|x64
		{6F7702C7-7935-4FC4-9E96-7A8E72AC47F7}.Release|x86.ActiveCfg = Release|Win32
		{6F7702C7-7935-4FC4-9E96-7A8E72AC47F7}.Release|x86.Build.0 = Release|Win32
		{C3D6C393-4383-40BD-B020-1AF55801D135}.Debug|x64.ActiveCfg = Debug|x64
		{C3D6C393-4383-40BD-B020-1AF55801D135}.Debug|x64.Build.0 = Debug|x64
		{C3D6C393-4383-40BD-B020-1AF55801D135}.Debug|x86.ActiveCfg = Debug|Win32
		{C3D6C393-4383-40BD-B020-1AF55801D135}.Debug|x86.Build.0 = Debug|Win32
		{C3D6C393-4383-40BD-B020-1AF55801D135}.Release|x64.ActiveCfg = Release|x64
		{C3D6C393-4383-40BD-B020-1AF55801D135}.Release|x64.Build.0 = Release|x64
		{C3D6C393-4383-40BD-B020-1AF55801D135}.Release|x86.ActiveCfg = Release|Win32
		{C3D6C393-4383-40BD-B020-1AF55801D135}.Release|x86.Build.0 = Release|Win32
		{2349A46F-5C53-4F01-8644-1848F8D77C2B}.Debug|x64.ActiveCfg = Debug|x64
		{2349A46F-5C53-4F01-8644-1848F8D77C2B}.Debug|x64.Build.0 = Debug|x64
		{2349A46F-5C53-4F01-8644-1848F8D77C2B}.Debug|x86.ActiveCfg = Debug|Win32
		{2349A46F-5C53-4F01-8644-1848F8D77C2B}.Debug|x86.Build.0 = Debug|Win32
		{2349A46F-5C53-4F01-8644-1848F8D77C2B}.Release|x64.ActiveCfg = Release|x64
		{2349A46F-5C53-4F01-8644-1848F8D77C2B}.Release|x64.Build.0 = Release|x64
		{2349A46F-5C53-4F01-8644-1848F8D77C2B}.Release|x86.ActiveCfg = Release|Win32
		{2349A46F-5C53-4F01-8644-1848F8D77C2B}.Release|x86.Build.0 = Release|Win32
		{45AE0870-C024-45C9-96C9-8FFA665D9BEE}.Debug|x64.ActiveCfg = Debug|x64
		{45AE0870-C024-45C9-96C9-8FFA665D9BEE}.Debug|x64.Build.0 = Debug|x64
		{45AE0870-C024-45C9-96C9-8FFA665D9BEE}.Debug|x86.ActiveCfg = Debug|Win32
		{45AE0870-C024-45C9-96C9-8FFA665D9BEE}.Debug|x86.Build.0 = Debug|Win32
		{45AE0870-C024-45C9-96C9-8FFA665D9BEE}.Release|x64.ActiveCfg = Release|x64
		{45AE0870-C024-45C9-96C9-8FFA665D9BEE}.Release|x64.Build.0 = Release|x64
		{45AE0870-C024-45C9-96C9-8FFA665D9BEE}.Release|x86.ActiveCfg = Release|Win32
		{45AE0870-C024-45C9-96C9-8FFA665D9BEE}.Release|x86.Build.0 = Release|Win32
		{7CCDEA6D-196F-4A43-9D56-40D411BD9AE4}.Debug|x64.ActiveCfg = Debug|x64
		{7CCDEA6D-196F-4A43-9D56-40D411BD9AE4}.Debug|x64.Build.0 = Debug|x64
		{7CCDEA6D-196F-4A43-9D56-40D411BD9AE4}.Debug|x86.ActiveCfg = Debug|Win32
		{7CCDEA6D-196F-4A43-9D56-40D411BD9AE4}.Debug|x86.Build.0 = Debug|Win32
		{7CCDEA6D-196F-4A43-9D56-40D411BD9AE4}.Release|x64.ActiveCfg = Release|x64
		{7CCDEA6D-196F-4A43-9D56-40D411BD9AE4}.Release|x64.Build.0 = Release|x64
		{7CCDEA6D-196F-4A43-9D56-40D411BD9AE4}.Release|x86.ActiveCfg = Release|Win32
		{7CCDEA6D-196F-4A43-9D56-40D411BD9AE4}.Release|x86.Build.0 = Release|Win32
		{4B726E70-6D09-46F0-911E-2D4742B6AF1C}.Debug|x64.ActiveCfg = Debug|x64
		{4B726E70-6D09-46F0-911E-2D4742B6AF1C}.Debug|x64.Build.0 = Debug|x64
		{4B726E70-6D09-46F0-911E-2D4742B6AF1C}.Debug|x86.ActiveCfg = Debug|Win32
		{4B726E70-6D09-46F0-911E-2D4742B6AF1C}.Debug|x86.Build.0 = Debug|Win32
		{4B726E70-6D09-46F0-911E-2D4742B6AF1C}.Release|x64.ActiveCfg = Release|x64
		{4B726E70-6D09-46F0-911E-2D4742B6AF1C}.Release|x64.Build.0 = Release|x64
		{4B726E70-6D09-46F0-911E-2D4742B6AF1C}.Release|x86.ActiveCfg = Release|Win32
		{4B726E70-6D09-46F0-911E-2D4742B6AF1C}.Release|x86.Build.0 = Release|Win32
		{05B7BB0C-86AE-47CF-A32B-9C8275A35046}.Debug|x64.ActiveCfg = Debug|x64
		{05B7BB0C-86AE-47CF-A32B-9C8275A35046}.Debug|x64.Build.0 = Debug|x64
		{05B7BB0C-86AE-47CF-A32B-9C8275A35046}.Debug|x86.ActiveCfg = Debug|Win32
		{05B7BB0C-86AE-47CF-A32B-9C8275A35046}.Debug|x86.Build.0 = Debug|Win32
		{05B7BB0C-86AE-47CF-A32B-9C8275A35046}.Release|x64.ActiveCfg = Release|x64
		{05B7BB0C-86AE-47CF-A32B-9C8275A35046}.Release|x64.Build.0 = Release|x64
		{05B7BB0C-86AE-47CF-A32B-9C8275A35046}.Release|x86.ActiveCfg = Release|Win32
		{05B7BB0C-86AE-47CF-A32B-9C8275A35046}.Release|x86.Build.0 = Release|Win32
		{42B7D00E-E18D-457E-929F-A3DA8BBE8417}.Debug|x64.ActiveCfg = Debug|x64
		{42B7D00E-E18D-457E-929F-A3DA8BBE8417}.Debug|x64.Build.0 = Debug|x64
		{42B7D00E-E18D-457E-929F-A3DA8BBE8417}.Debug|x86.ActiveCfg = Debug|Win32
		{42B7D00E-E18D-457E-929F-A3DA8BBE8417}.Debug|x86.Build.0 = Debug|Win32
		{42B7D00E-E18D-457E-929F-A3DA8BBE8417}.Release|x64.ActiveCfg = Release|x64
		{42B7D00E-E18D-457E-929F-A3DA8BBE8417}.Release|x64.Build.0 = Release|x64
		{42B7D00E-E18D-457E-929F-A3DA8BBE8417}.Release|x86.ActiveCfg = Release|Win32
		{42B7D00E-E18D-457E-929F-A3DA8BBE8417}.Release|x86.Build.0 = Release|Win32
		{C63F568D-C3C3-4D38-82A1-6DDEDE31C321}.Debug|x64.ActiveCfg = Debug|x64
		{C63F568D-C3C3-4D38-82A1-6DDEDE31C321}.Debug|x64.Build.0 = Debug|x64
		{C63F568D-C3C3-4D38-82A1-6DDEDE31C321}.Debug|x86.ActiveCfg = Debug|Win32
		{C63F568D-C3C3-4D38-82A1-6DDEDE31C321}.Debug|x86.Build.0 = Debug|Win32
		{C63F568D-C3C3-4D38-82A1-6DDEDE31C321}.Release|x64.ActiveCfg = Release|x64
		{C63F568D-C3C3-4D38-82A1-6DDEDE31C321}.Release|x64.Build.0 = Release|x64
		{C63F568D-C3C3-4D38-82A1-6DDEDE31C321}.Release|x86.ActiveCfg = Release|Win32
		{C63F568D-C3C3-4D38-82A1-6DDEDE31C321}.Release|x86.Build.0 = Release|Win32
		{40BD0124-7DD9-4164-84F0-B6D620211C47}.Debug|x64.ActiveCfg = Debug|x64
		{40BD0124-7DD9-4164-84F0-B6D620211C47}.Debug|x64.Build.0 = Debug|x64
		{40BD0124-7DD9-4164-84F0-B6D620211C47}.Debug|x86.ActiveCfg = Debug|Win32
		{40BD0124-7DD9-4164-84F0-B6D620211C47}.Debug|x86.Build.0 = Debug|Win32
		{40BD0124-7DD9-4164-84F0-B6D620211C47}.Release|x64.ActiveCfg = Release|x64
		{40BD0124-7DD9-4164-84F0-B6D620211C47}.Release|x64.Build.0 = Release|x64
		{40BD0124-7DD9-4164-84F0-B6D620211C47}.Release|x86.ActiveCfg = Release|Win32
		{40BD0124-7DD9-4164-84F0-B6D620211C47}.Release|x86.Build.0 = Release|Win32
		{C06E1334-1E33-44D4-B16C-11BEEC13A668}.Debug|x64.ActiveCfg = Debug|x64
		{C06E1334-1E33-44D4-B16C-11BEEC13A668}.Debug|x64.Build.0 = Debug|x64
		{C06E1334-1E33-44D4-B16C-11BEEC13A668}.Debug|x86.ActiveCfg = Debug|Win32
		{C06E1334-1E33-44D4-B16C-11BEEC13A668}.Debug|x86.Build.0 = Debug|Win32
		{C06E1334-1E33-44D4-B16C-11BEEC13A668}.Release|x64.ActiveCfg = Release|x64
		{C06E1334-1E33-44D4-B16C-11BEEC13A668}.Release|x64.Build.0 = Release|x64
		{C06E1334-1E33-44D4-B16C-11BEEC13A668}.Release|x86.ActiveCfg = Release|Win32
		{C06E1334-1E33-44D4-B16C-11BEEC13A668}.Release|x86.Build.0 = Release|Win32
		{81E54BB6-2390-4F68-86C8-8587C00C66BA}.Debug|x64.ActiveCfg = Debug|x64
		{81E54BB6-2390-4F68-86C8-8587C00C66BA}.Debug|x64.Build.0 = Debug|x64
		{81E54BB6-2390-4F68-86C8-8587C00C66BA}.Debug|x86.ActiveCfg = Debug|Win32
		{81E54BB6-2390-4F68-86C8-8587C00C66BA}.Debug|x86.Build.0 = Debug|Win32
		{81E54BB6-2390-4F68-86C8-8587C00C66BA}.Release|x64.ActiveCfg = Release|x64
		{81E54BB6-2390-4F68-86C8-8587C00C66BA}.Release|x64.Build.0 = Release|x64
		{81E54BB6-2390-4F68-86C8-8587C00C66BA}.Release|x86.ActiveCfg = Release|Win32
		{81E54BB6-2390-4F68-86C8-8587C00C66BA}.Release|x86.Build.0 = Release|Win32
		{678DEFFD-894D-44B2-95A9-9181772625F2}.Debug|x64.ActiveCfg = Debug|x64
		{678DEFFD-894D-44B2-95A9-9181772625F2}.Debug|x64.Build.0 = Debug|x64
		{678DEFFD-894D-44B2-95A9-9181772625F2}.Debug|x86.ActiveCfg = Debug|Win32
		{678DEFFD-894D-44B2-95A9-9181772625F2}.Debug|x86.Build.0 = Debug|Win32
		{678DEFFD-894D-44B2-95A9-9181772625F2}.Release|x64.ActiveCfg = Release|x64
		{678DEFFD-894D-44B2-95A9-9181772625F2}.Release|x64.Build.0 = Release|x64
		{678DEFFD-894D-44B2-95A9-9181772625F2}.Release|x86.ActiveCfg = Release|Win32
		{678DEFFD-894D-44B2-95A9-9181772625F2}.Release|x86.Build.0 = Release|Win32
		{6F71A911-A509-4B6A-B71E-9D44AE1FA77A}.Debug|x64.ActiveCfg = Debug|x64
		{6F71A911-A509-4B6A-B71E-9D44AE1FA77A}.Debug|x64.Build.0 = Debug|x64
		{6F71A911-A509-4B6A-B71E-9D44AE1FA77A}.Debug|x86.ActiveCfg = Debug|Win32
		{6F71A911-A509-4B6A-B71E-9D44AE1FA77A}.Debug|x86.Build.0 = Debug|Win32
		{6F71A911-A509-4B6A-B71E-9D44AE1FA77A}.Release|x64.ActiveCfg = Release|x64
		{6F71A911-A509-4B6A-B71E-9D44AE1FA77A}.Release|x64.Build.0 = Release|x64
		{6F71A911-A509-4B6A-B71E-9D44AE1FA77A}.Release|x86.ActiveCfg = Release|Win32
		{6F71A911-A509-4B6A-B71E-9D44AE1FA77A}.Release|x86.Build.0 = Release|Win32
		{A7115A88-80BF-46C5-B5BC-1D9217D81F46}.Debug|x64.ActiveCfg = Debug|x64
		{A7115A88-80BF-46C5-B5BC-1D9217D81F46}.Debug|x64.Build.0 = Debug|x64
		{A7115A88-80BF-46C5-B5BC-1D9217D81F46}.Debug|x86.ActiveCfg = Debug|Win32
		{A7115A88-80BF-46C5-B5BC-1D9217D81F46}.Debug|x86.Build.0 = Debug|Win32
		{A7115A88-80BF-46C5-B5BC-1D9217D81F46}.Release|x64.ActiveCfg = Release|x64
		{A7115A88-80BF-46C5-B5BC-1D9217D81F46}.Release|x64.Build.0 = Release|x64
		{A7115A88-80BF-46C5-B5BC-1D9217D81F46}.Release|x86.ActiveCfg = Release|Win32
		{A7115A88-80BF-46C5-B5BC-1D9217D81F46}.Release|x86.Build.0 = Release|Win32
		{B77292C1-1B8F-4311-9127-FA8B4088216D}.Debug|x64.ActiveCfg = Debug|x64
		{B77292C1-1B8F-4311-9127-FA8B4088216D}.Debug|x64.Build.0 = Debug|x64
		{B77292C1-1B8F-4311-9127-FA8B4088216D}.Debug|x86.ActiveCfg = Debug|Win32
		{B77292C1-1B8F-4311-9127-FA8B4088216D}.Debug|x86.Build.0 = Debug|Win32
		{B77292C1-1B8F-4311-9127-FA8B4088216D}.Release|x64.ActiveCfg = Release|x64
		{B77292C1-1B8F-4311-9127-FA8B4088216D}.Release|x64.Build.0 = Release|x64
		{B77292C1-1B8F-4311-9127-FA8B4088216D}.Release|x86.ActiveCfg = Release|Win32
		{B77292C1-1B8F-4311-9127-FA8B4088216D}.Release|x86.Build.0 = Release|Win32
		{0D5B0FC5-B5B4-4AF5-A44E-34ABFEEEB836}.Debug|x64.ActiveCfg = Debug|x64
		{0D5B0FC5-B5B4-4AF5-A44E-34ABFEEEB836}.Debug|x64.Build.0 = Debug|x64
		{0D5B0FC5-B5B4-4AF5-A44E-34ABFEEEB836}.Debug|x86.ActiveCfg = Debug|Win32
		{0D5B0FC5-B5B4-4AF5-A44E-34ABFEEEB836}.Debug|x86.Build.0 = Debug|Win32
		{0D5B0FC5-B5B4-4AF5-A44E-34ABFEEEB836}.Release|x64.ActiveCfg = Release|x64
		{0D5B0FC5-B5B4-4AF5-A44E-34ABFEEEB836}.Release|x64.Build.0 = Release|x64
		{0D5B0FC5-B5B4-4AF5-A44E-34ABFEEEB836}.Release|x86.ActiveCfg = Release|Win32
		{0D5B0FC5-B5B4-4AF5-A44E-34ABFEEEB836}.Release|x86.Build.0 = Release|Win32
		{2F67C0C8-23BA-46A3-AD17-119D8B67B16A}.Debug|x64.ActiveCfg = Debug|x64
		{2F67C0C8-23BA-46A3-AD17-119D8B67B16A}.Debug|x64.Build.0 = Debug|x64
		{2F67C0C8-23BA-46A3-AD17-119D8B67B16A}.Debug|x86.ActiveCfg = Debug|Win32
		{2F67C0C8-23BA-46A3-AD17-119D8B67B16A}.Debug|x86.Build.0 = Debug|Win32
		{2F67C0C8-23BA-46A3-AD17-119D8B67B16A}.Release|x64.ActiveCfg = Release|x64
		{2F67C0C8-23BA-46A3-AD17-119D8B67B16A}.Release|x64.Build.0 = Release|x64
		{2F67C0C8-23BA-46A3-AD17-119D8B67B16A}.Release|x86.ActiveCfg = Release|Win32
		{2F67C0C8-23BA-46A3-AD17-119D8B67B16A}.Release|x86.Build.0 = Release|Win32
		{A79909C5-B0E1-46FA-AE1B-3501E971FB86}.Debug|x64.ActiveCfg = Debug|x64
		{A79909C5-B0E1-46FA-AE1B-3501E971FB86}.Debug|x64.Build.0 = Debug|x64
		{A79909C5-B0E1-46FA-AE1B-3501E971FB86}.Debug|x86.ActiveCfg = Debug|Win32
		{A79909C5-B0E1-46FA-AE1B-3501E971FB86}.Debug|x86.Build.0 = Debug|Win32
		{A79909C5-B0E1-46FA-AE1B-3501E971FB86}.Release|x64.ActiveCfg = Release|x64
		{A79909C5-B0E1-46FA-AE1B-3501E971FB86}.Release|x64.Build.0 = Release|x64
		{A79909C5-B0E1-46FA-AE1B-3501E971FB86}.Release|x86.ActiveCfg = Release|Win32
		{A79909C5-B0E1-46FA-AE1B-3501E971FB86}.Release|x86.Build.0 = Release|Win32
		{5AFE502B-31FE-470D-B2FA-F405739FE6FA}.Debug|x64.ActiveCfg = Debug|x64
		{5AFE502B-31FE-470D-B2FA-F405739FE6FA}.Debug|x64.Build.0 = Debug|x64
		{5AFE502B-31FE-470D-B2FA-F405739FE6FA}.Debug|x86.ActiveCfg = Debug|Win32
		{5AFE502B-31FE-470D-B2FA-F405739FE6FA}.Debug|x86.Build.0 = Debug|Win32
		{5AFE502B-31FE-470D-B2FA-F405739FE6FA}.Release|x64.ActiveCfg = Release|x64
		{5AFE502B-31FE-470D-B2FA-F405739FE6FA}.Release|x64.Build.0 = Release|x64
		{5AFE502B-31FE-470D-B2FA-F405739FE6FA}.Release|x86.ActiveCfg = Release|Win32
		{5AFE502B-31FE-470D-B2FA-F405739FE6FA}.Release|x86.Build.0 = Release|Win32
		{C8504885-9ABD-403A-886E-ECC67471635C}.Debug|x64.ActiveCfg = Debug|x64
		{C8504885-9ABD-403A-886E-ECC67471635C}.Debug|x64.Build.0 = Debug|x64
		{C8504885-9ABD-403A-886E-ECC67471635C}.Debug|x86.ActiveCfg = Debug|Win32
		{C8504885-9ABD-403A-886E-ECC67471635C}.Debug|x86.Build.0 = Debug|Win32
		{C8504885-9ABD-403A-886E-ECC67471635C}.Release|x64.ActiveCfg = Release|x64
		{C8504885-9ABD-403A-886E-ECC67471635C}.Release|x64.Build.0 = Release|x64
		{C8504885-9ABD-403A-886E-ECC67471635C}.Release|x86.ActiveCfg = Release|Win32
		{C8504885-9ABD-403A-886E-ECC67471635C}.Release|x86.Build.0 = Release|Win32
		{4462D8FC-7E6D-4DE4-8EC0-7B3D30049395}.Debug|x64.ActiveCfg = Debug|x64
		{4462D8FC-7E6D-4DE4-8EC0-7B3D30049395}.Debug|x64.Build.0 = Debug|x64
		{4462D8FC-7E6D-4DE4-8EC0-7B3D30049395}.Debug|x86.ActiveCfg = Debug|Win32
		{4462D8FC-7E6D-4DE4-8EC0-7B3D30049395}.Debug|x86.Build.0 = Debug|Win32
		{4462D8FC-7E6D-4DE4-8EC0-7B3D30049395}.Release|x64.ActiveCfg = Release|x64
		{4462D8FC-7E6D-4DE4-8EC0-7B3D30049395}.Release|x64.Build.0 = Release|x64
		{4462D8FC-7E6D-4DE4-8EC0-7B3D30049395}.Release|x86.ActiveCfg = Release|Win32
		{4462D8FC-7E6D-4DE4-8EC0-7B3D30049395}.Release|x86.Build.0 = Release|Win32
		{E8D88202-4861-4DE8-A13D-75BDCC5AED9A}.Debug|x64.ActiveCfg = Debug|x64
		{E8D88202-4861-4DE8-A13D-75BDCC5AED9A}.Debug|x64.Build.0 = Debug|x64
		{E8D88202-4861-4DE8-A13D-75BDCC5AED9A}.Debug|x86.ActiveCfg = Debug|Win32
		{E8D88202-4861-4DE8-A13D-75BDCC5AED9A}.Debug|x86.Build.0 = Debug|Win32
		{E8D88202-4861-4DE8-A13D-75BDCC5AED9A}.Release|x64.ActiveCfg = Release|x64
		{E8D88202-4861-4DE8-A13D-75BDCC5AED9A}.Release|x64.Build.0 = Release|x64
		{E8D88202-4861-4DE8-A13D-75BDCC5AED9A}.Release|x86.ActiveCfg = Release|Win32
		{E8D88202-4861-4DE8-A13D-75BDCC5AED9A}.Release|x86.Build.0 = Release|Win32
		{FA0BCE35-E0A0-4187-B9F4-B614984A008D}.Debug|x64.ActiveCfg = Debug|x64
		{FA0BCE35-E0A0-4187-B9F4-B614984A008D}.Debug|x64.Build.0 = Debug|x64
		{FA0BCE35-E0A0-4187-B9F4-B614984A008D}.Debug|x86.ActiveCfg = Debug|Win32
		{FA0BCE35-E0A0-4187-B9F4-B614984A008D}.Debug|x86.Build.0 = Debug|Win32
		{FA0BCE35-E0A0-4187-B9F4-B614984A008D}.Release|x64.ActiveCfg = Release|x64
		{FA0BCE35-E0A0-4187-B9F4-B614984A008D}.Release|x64.Build.0 = Release|x64
		{FA0BCE35-E0A0-4187-B9F4-B614984A008D}.Release|x86.ActiveCfg = Release|Win32
		{FA0BCE35-E0A0-4187-B9F4-B614984A008D}.Release|x86.Build.0 = Release|Win32
		{06D6003D-6BC6-41C4-944A-F70E755B5CA5}.Debug|x64.ActiveCfg = Debug|x64
		{06D6003D-6BC6-41C4-944A-F70E755B5CA5}.Debug|x64.Build.0 = Debug|x64
		{06D6003D-6BC6-41C4-944A-F70E755B5CA5}.Debug|x86.ActiveCfg = Debug|Win32
		{06D6003D-6BC6-41C4-944A-F70E755B5CA5}.Debug|x86.Build.0 = Debug|Win32
		{06D6003D-6BC6-41C4-944A-F70E755B5CA5}.Release|x64.ActiveCfg = Release|x64
		{06D6003D-6BC6-41C4-944A-F70E755B5CA5}.Release|x64.Build.0 = Release|x64
		{06D6003D-6BC6-41C4-944A-F70E755B5CA5}.Release|x86.ActiveCfg = Release|Win32
		{06D6003D-6BC6-41C4-944A-F70E755B5CA5}.Release|x86.Build.0 = Release|Win32
		{96EBA2FC-1BC3-4624-BC1D-0B462940B43B}.Debug|x64.ActiveCfg = Debug|x64
		{96EBA2FC-1BC3-4624-BC1D-0B462940B43B}.Debug|x64.Build.0 = Debug|x64
		{96EBA2FC-1BC3-4624-BC1D-0B462940B43B}.Debug|x86.ActiveCfg = Debug|Win32
		{96EBA2FC-1BC3-4624-BC1D-0B462940B43B}.Debug|x86.Build.0 = Debug|Win32
		{96EBA2FC-1BC3-4624-BC1D-0B462940B43B}.Release|x64.ActiveCfg = Release|x64
		{96EBA2FC-1BC3-4624-BC1D-0B462940B43B}.Release|x64.Build.0 = Release|x64
		{96EBA2FC-1BC3-4624-BC1D-0B462940B43B}.Release|x86.ActiveCfg = Release|Win32
		{96EBA2FC-1BC3-4624-BC1D-0B462940B43B}.Release|x86.Build.0 = Release|Win32
		{6E5650DA-D867-4DC8-AB8E-A2ED03191BAF}.Debug|x64.ActiveCfg = Debug|x64
		{6E5650DA-D867-4DC8-AB8E-A2ED03191BAF}.Debug|x64.Build.0 = Debug|x64
		{6E5650DA-D867-4DC8-AB8E-A2ED03191BAF}.Debug|x86.ActiveCfg = Debug|Win32
		{6E5650DA-D867-4DC8-AB8E-A2ED03191BAF}.Debug|x86.Build.0 = Debug|Win32
		{6E5650DA-D867-4DC8-AB8E-A2ED03191BAF}.Release|x64.ActiveCfg = Release|x64
		{6E5650DA-D867-4DC8-AB8E-A2ED03191BAF}.Release|x64.Build.0 = Release|x64
		{6E5650DA-D867-4DC8-AB8E-A2ED03191BAF}.Release|x86.ActiveCfg = Release|Win32
		{6E5650DA-D867-4DC8-AB8E-A2ED03191BAF}.Release|x86.Build.0 = Release|Win32
		{42B2F427-802A-4714-BEA7-F51557137E60}.Debug|x64.ActiveCfg = Debug|x64
		{42B2F427-802A-4714-BEA7-F51557137E60}.Debug|x64.Build.0 = Debug|x64
		{42B2F427-802A-4714-BEA7-F51557137E60}.Debug|x86.ActiveCfg = Debug|Win32
		{42B2F427-802A-4714-BEA7-F51557137E60}.Debug|x86.Build.0 = Debug|Win32
		{42B2F427-802A-4714-BEA7-F51557137E60}.Release|x64.ActiveCfg = Release|x64
		{42B2F427-802A-4714-BEA7-F51557137E60}.Release|x64.Build.0 = Release|x64
		{42B2F427-802A-4714-BEA7-F51557137E60}.Release|x86.ActiveCfg = Release|Win32
		{42B2F427-802A-4714-BEA7-F51557137E60}.Release|x86.Build.0 = Release|Win32
		{C4D25036-3D9B-4AC5-AE51-40AFE6106AF0}.Debug|x64.ActiveCfg = Debug|x64
		{C4D25036-3D9B-4AC5-AE51-40AFE6106AF0}.Debug|x64.Build.0 = Debug|x64
		{C4D25036-3D9B-4AC5-AE51-40AFE6106AF0}.Debug|x86.ActiveCfg = Debug|Win32
		{C4D25036-3D9B-4AC5-AE51-40AFE6106AF0}.Debug|x86.Build.0 = Debug|Win32
		{C4D25036-3D9B-4AC5-AE51-40AFE6106AF0}.Release|x64.ActiveCfg = Release|x64
		{C4D25036-3D9B-4AC5-AE51-40AFE6106AF0}.Release|x64.Build.0 = Release|x64
		{C4D25036-3D9B-4AC5-AE51-40AFE6106AF0}.Release|x86.ActiveCfg = Release|Win32
		{C4D25036-3D9B-4AC5-AE51-40AFE6106AF0}.Release|x86.Build.0 = Release|Win32
		{A07DEF00-97E9-45D9-B5CC-EBDB322668E2}.Debug|x64.ActiveCfg = Debug|x64
		{A07DEF00-97E9-45D9-B5CC-EBDB322668E2}.Debug|x64.Build.0 = Debug|x64
		{A07DEF00-97E9-45D9-B5CC-EBDB322668E2}.Debug|x86.ActiveCfg = Debug|Win32
		{A07DEF00-97E9-45D9-B5CC-EBDB322668E2}.Debug|x86.Build.0 = Debug|Win32
		{A07DEF00-97E9-45D9-B5CC-EBDB322668E2}.Release|x64.ActiveCfg = Release|x64
		{A07DEF00-97E9-45D9-B5CC-EBDB322668E2}.Release|x64.Build.0 = Release|x64
		{A07DEF00-97E9-45D9-B5CC-EBDB322668E2}.Release|x86.ActiveCfg = Release|Win32
		{A07DEF00-97E9-45D9-B5CC-EBDB322668E2}.Release|x86.Build.0 = Release|Win32
		{297C47B9-2292-4A45-B650-80DDE1739D8C}.Debug|x64.ActiveCfg = Debug|x64
		{297C47B9-2292-4A45-B650-80DDE1739D8C}.Debug|x64.Build.0 = Debug|x64
		{297C47B9-2292-4A45-B650-80DDE1739D8C}.Debug|x86.ActiveCfg = Debug|Win32
		{297C47B9-2292-4A45-B650-80DDE1739D8C}.Debug|x86.Build.0 = Debug|Win32
		{297C47B9-2292-4A45-B650-80DDE1739D8C}.Release|x64.ActiveCfg = Release|x64
		{297C47B9-2292-4A45-B650-80DDE1739D8C}.Release|x64.Build.0 = Release|x64
		{297C47B9-2292-4A45-B650-80DDE1739D8C}.Release|x86.ActiveCfg = Release|Win32
		{297C47B9-2292-4A45-B650-80DDE1739D8C}.Release|x86.Build.0 = Release|Win32
		{DACB8EC7-DAD3-4009-A65C-1BC0481F86CE}.Debug|x64.ActiveCfg = Debug|x64
		{DACB8EC7-DAD3-4009-A65C-1BC0481F86CE}.Debug|x64.Build.0 = Debug|x64
		{DACB8EC7-DAD3-4009-A65C-1BC0481F86CE}.Debug|x86.ActiveCfg = Debug|Win32
		{DACB8EC7-DAD3-4009-A65C-1BC0481F86CE}.Debug|x86.Build.0 = Debug|Win32
		{DACB8EC7-DAD3-4009-A65C-1BC0481F86CE}.Release|x64.ActiveCfg = Release|x64
		{DACB8EC7-DAD3-4009-A65C-1BC0481F86CE}.Release|x64.Build.0 = Release|x64
		{DACB8EC7-DAD3-4009-A65C-1BC0481F86CE}.Release|x86.ActiveCfg = Release|Win32
		{DACB8EC7-DAD3-4009-A65C-1BC0481F86CE}.Release|x86.Build.0 = Release|Win32
		{8295C738-540B-4EB2-A5F0-E57F8D471B9E}.Debug|x64.ActiveCfg = Debug|x64
		{8295C738-540B-4EB2-A5F0-E57F8D471B9E}.Debug|x64.Build.0 = Debug|x64
		{8295C738-540B-4EB2-A5F0-E57F8D471B9E}.Debug|x86.ActiveCfg = Debug|Win32
		{8295C738-540B-4EB2-A5F0-E57F8D471B9E}.Debug|x86.Build.0 = Debug|Win32
		{8295C738-540B-4EB2-A5F0-E57F8D471B9E}.Release|x64.ActiveCfg = Release|x64
		{8295C738-540B-4EB2-A5F0-E57F8D471B9E}.Release|x64.Build.0 = Release|x64
		{8295C738-540B-4EB2-A5F0-E57F8D471B9E}.Release|x86.ActiveCfg = Release|Win32
		{8295C738-540B-4EB2-A5F0-E57F8D471B9E}.Release|x86.Build.0 = Release|Win32
		{7C09D12F-CD2E-4FBF-9786-46CD1B3C8A37}.Debug|x64.ActiveCfg = Debug|x64
		{7C09D12F-CD2E-4FBF-9786-46CD1B3C8A37}.Debug|x64.Build.0 = Debug|x64
		{7C09D12F-CD2E-4FBF-9786-46CD1B3C8A37}.Debug|x86.ActiveCfg = Debug|Win32
		{7C09D12F-CD2E-4FBF-9786-46CD1B3C8A37}.Debug|x86.Build.0 = Debug|Win32
		{7C09D12F-CD2E-4FBF-9786-46CD1B3C8A37}.Release|x64.ActiveCfg = Release|x64
		{7C09D12F-CD2E-4FBF-9786-46CD1B3C8A37}.Release|x64.Build.0 = Release|x64
		{7C09D12F-CD2E-4FBF-9786-46CD1B3C8A37}.Release|x86.ActiveCfg = Release|Win32
		{7C09D12F-CD2E-4FBF-9786-46CD1B3C8A37}.Release|x86.Build.0 = Release|Win32
		{72BB509F-2196-435B-8CDA-81669CB63CC8}.Debug|x64.ActiveCfg = Debug|x64
		{72BB509F-2196-435B-8CDA-81669CB63CC8}.Debug|x64.Build.0 = Debug|x64
		{72BB509F-2196-435B-8CDA-81669CB63CC8}.Debug|x86.ActiveCfg = Debug|Win32
		{72BB509F-2196-435B-8CDA-81669CB63CC8}.Debug|x86.Build.0 = Debug|Win32
		{72BB509F-2196-435B-8CDA-81669CB63CC8}.Release|x64.ActiveCfg = Release|x64
		{72BB509F-2196-435B-8CDA-81669CB63CC8}.Release|x64.Build.0 = Release|x64
		{72BB509F-2196-435B-8CDA-81669CB63CC8}.Release|x86.ActiveCfg = Release|Win32
		{72BB509F-2196-435B-8CDA-81669CB63CC8}.Release|x86.Build.0 = Release|Win32
		{D38F43D9-97B9-417E-BAD2-C5CB712ABE37}.Debug|x64.ActiveCfg = Debug|x64
		{D38F43D9-97B9-417E-BAD2-C5CB712ABE37}.Debug|x64.Build.0 = Debug|x64
		{D38F43D9-97B9-417E-BAD2-C5CB712ABE37}.Debug|x86.ActiveCfg = Debug|Win32
		{D38F43D9-97B9-417E-BAD2-C5CB712ABE37}.Debug|x86.Build.0 = Debug|Win32
		{D38F43D9-97B9-417E-BAD2-C5CB712ABE37}.Release|x64.ActiveCfg = Release|x64
		{D38F43D9-97B9-417E-BAD2-C5CB712ABE37}.Release|x64.Build.0 = Release|x64
		{D38F43D9-97B9-417E-BAD2-C5CB712ABE37}.Release|x86.ActiveCfg = Release|Win32
		{D38F43D9-97B9-417E-BAD2-C5CB712ABE37}.Release|x86.Build.0 = Release|Win32
		{A9C79B91-DF8B-4AD4-8E46-CD968E55F5D1}.Debug|x64.ActiveCfg = Debug|x64
		{A9C79B91-DF8B-4AD4-8E46-CD968E55F5D1}.Debug|x64.Build.0 = Debug|x64
		{A9C79B91-DF8B-4AD4-8E46-CD968E55F5D1}.Debug|x86.ActiveCfg = Debug|Win32
		{A9C79B91-DF8B-4AD4-8E46-CD968E55F5D1}.Debug|x86.Build.0 = Debug|Win32
		{A9C79B91-DF8B-4AD4-8E46-CD968E55F5D1}.Release|x64.ActiveCfg = Release|x64
		{A9C79B91-DF8B-4AD4-8E46-CD968E55F5D1}.Release|x64.Build.0 = Release|x64
		{A9C79B91-DF8B-4AD4-8E46-CD968E55F5D1}.Release|x86.ActiveCfg = Release|Win32
		{A9C79B91-DF8B-4AD4-8E46-CD968E55F5D1}.Release|x86.Build.0 = Release|Win32
		{32B8316D-B221-4529-9342-9DA6D8A59DE8}.Debug|x64.ActiveCfg = Debug|x64
		{32B8316D-B221-4529-9342-9DA6D8A59DE8}.Debug|x64.Build.0 = Debug|x64
		{32B8316D-B221-4529-9342-9DA6D8A59DE8}.Debug|x86.ActiveCfg = Debug|Win32
		{32B8316D-B221-4529-9342-9DA6D8A59DE8}.Debug|x86.Build.0 = Debug|Win32
		{32B8316D-B221-4529-9342-9DA6D8A59DE8}.Release|x64.ActiveCfg = Release|x64
		{32B8316D-B221-4529-9342-9DA6D8A59DE8}.Release|x64.Build.0 = Release|x64
		{32B8316D-B221-4529-9342-9DA6D8A59DE8}.Release|x86.ActiveCfg = Release|Win32
		{32B8316D-B221-4529-9342-9DA6D8A59DE8}.Release|x86.Build.0 = Release|Win32
		{BD9E3B82-10A5-494C-B517-3DB929395651}.Debug|x64.ActiveCfg = Debug|x64
		{BD9E3B82-10A5-494C-B517-3DB929395651}.Debug|x64.Build.0 = Debug|x64
		{BD9E3B82-10A5-494C-B517-3DB929395651}.Debug|x86.ActiveCfg = Debug|Win32
		{BD9E3B82-10A5-494C-B517-3DB929395651}.Debug|x86.Build.0 = Debug|Win32
		{BD9E3B82-10A5-494C-B517-3DB929395651}.Release|x64.ActiveCfg = Release|x64
		{BD9E3B82-10A5-494C-B517-3DB929395651}.Release|x64.Build.0 = Release|x64
		{BD9E3B82-10A5-494C-B517-3DB929395651}.Release|x86.ActiveCfg = Release|Win32
		{BD9E3B82-10A5-494C-B517-3DB929395651}.Release|x86.Build.0 = Release|Win32
		{1E3FACAF-F2B7-4F34-9616-D81F2481C909}.Debug|x64.ActiveCfg = Debug|x64
		{1E3FACAF-F2B7-4F34-9616-D81F2481C909}.Debug|x64.Build.0 = Debug|x64
		{1E3FACAF-F2B7-4F34-9616-D81F2481C909}.Debug|x86.ActiveCfg = Debug|Win32
		{1E3FACAF-F2B7-4F34-9616-D81F2481C909}.Debug|x86.Build.0 = Debug|Win32
		{1E3FACAF-F2B7-4F34-9616-D81F2481C909}.Release|x64.ActiveCfg = Release|x64
		{1E3FACAF-F2B7-4F34-9616-D81F2481C909}.Release|x64.Build.0 = Release|x64
		{1E3FACAF-F2B7-4F34-9616-D81F2481C909}.Release|x86.ActiveCfg = Release|Win32
		{1E3FACAF-F2B7-4F34-9616-D81F2481C909}.Release|x86.Build.0 = Release|Win32
		{9CCFB346-9BC8-42D1-8DFF-8C411A3159C3}.Debug|x64.ActiveCfg = Debug|x64
		{9CCFB346-9BC8-42D1-8DFF-8C411A3159C3}.Debug|x64.Build.0 = Debug|x64
		{9CCFB346-9BC8-42D1-8DFF-8C411A3159C3}.Debug|x86.ActiveCfg = Debug|Win32
		{9CCFB346-9BC8-42D1-8DFF-8C411A3159C3}.Debug|x86.Build.0 = Debug|Win32
		{9CCFB346-9BC8-42D1-8DFF-8C411A3159C3}.Release|x64.ActiveCfg = Release|x64
		{9CCFB346-9BC8-42D1-8DFF-8C411A3159C3}.Release|x64.Build.0 = Release|x64
		{9CCFB346-9BC8-42D1-8DFF-8C411A3159C3}.Release|x86.ActiveCfg = Release|Win32
		{9CCFB346-9BC8-42D1-8DFF-8C411A3159C3}.Release|x86.Build.0 = Release|Win32
		{C0589D3E-5CBD-467B-AAED-03E95A2441E2}.Debug|x64.ActiveCfg = Debug|x64
		{C0589D3E-5CBD-467B-AAED-03E95A2441E2}.Debug|x64.Build.0 = Debug|x64
		{C0589D3E-5CBD-467B-AAED-03E95A2441E2}.Debug|x86.ActiveCfg = Debug|Win32
		{C0589D3E-5CBD-467B-AAED-03E95A2441E2}.Debug|x86.Build.0 = Debug|Win32
		{C0589D3E-5CBD-467B-AAED-03E95A2441E2}.Release|x64.ActiveCfg = Release|x64
		{C0589D3E-5CBD-467B-AAED-03E95A2441E2}.Release|x64.Build.0 = Release|x64
		{C0589D3E-5CBD-467B-AAED-03E95A2441E2}.Release|x86.ActiveCfg = Release|Win32
		{C0589D3E-5CBD-467B-AAED-03E95A2441E2}.Release|x86.Build.0 = Release|Win32
		{75087BAB-591D-467F-9E03-A942A8846679}.Debug|x64.ActiveCfg = Debug|x64
		{75087BAB-591D-467F-9E03-A942A8846679}.Debug|x64.Build.0 = Debug|x64
		{75087BAB-591D-467F-9E03-A942A8846679}.Debug|x86.ActiveCfg = Debug|Win32
		{75087BAB-591D-467F-9E03-A942A8846679}.Debug|x86.Build.0 = Debug|Win32
		{75087BAB-591D-467F-9E03-A942A8846679}.Release|x64.ActiveCfg = Release|x64
		{75087BAB-591D-467F-9E03-A942A8846679}.Release|x64.Build.0 = Release|x64
		{75087BAB-591D-467F-9E03-A942A8846679}.Release|x86.ActiveCfg = Release|Win32
		{75087BAB-591D-467F-9E03-A942A8846679}.Release|x86.Build.0 = Release|Win32
		{041515B7-84F4-4B85-85F7-4D2454BC7C86}.Debug|x64.ActiveCfg = Debug|x64
		{041515B7-84F4-4B85-85F7-4D2454BC7C86}.Debug|x64.Build.0 = Debug|x64
		{041515B7-84F4-4B85-85F7-4D2454BC7C86}.Debug|x86.ActiveCfg = Debug|Win32
		{041515B7-84F4-4B85-85F7-4D2454BC7C86}.Debug|x86.Build.0 = Debug|Win32
		{041515B7-84F4-4B85-85F7-4D2454BC7C86}.Release|x64.ActiveCfg = Release|x64
		{041515B7-84F4-4B85-85F7-4D2454BC7C86}.Release|x64.Build.0 = Release|x64
		{041515B7-84F4-4B85-85F7-4D2454BC7C86}.Release|x86.ActiveCfg = Release|Win32
		{041515B7-84F4-4B85-85F7-4D2454BC7C86}.Release|x86.Build.0 = Release|Win32
		{494B1B3E-C49D-4C05-AF3C-A3AF8D4626A8}.Debug|x64.ActiveCfg = Debug|x64
		{494B1B3E-C49D-4C05-AF3C-A3AF8D4626A8}.Debug|x64.Build.0 = Debug|x64
		{494B1B3E-C49D-4C05-AF3C-A3AF8D4626A8}.Debug|x86.ActiveCfg = Debug|Win32
		{494B1B3E-C49D-4C05-AF3C-A3AF8D4626A8}.Debug|x86.Build.0 = Debug|Win32
		{494B1B3E-C49D-4C05-AF3C-A3AF8D4626A8}.Release|x64.ActiveCfg = Release|x64
		{494B1B3E-C49D-4C05-AF3C-A3AF8D4626A8}.Release|x64.Build.0 = Release|x64
		{494B1B3E-C49D-4C05-AF3C-A3AF8D4626A8}.Release|x86.ActiveCfg = Release|Win32
		{494B1B3E-C49D-4C05-AF3C-A3AF8D4626A8}.Release|x86.Build.0 = Release|Win32
		{07FCEF6E-5B2D-4903-8749-3C748667CA9C}.Debug|x64.ActiveCfg = Debug|x64
		{07FCEF6E-5B2D-4903-8749-3C748667CA9C}.Debug|x64.Build.0 = Debug|x64
		{07FCEF6E-5B2D-4903-8749-3C748667CA9C}.Debug|x86.ActiveCfg = Debug|Win32
		{07FCEF6E-5B2D-4903-8749-3C748667CA9C}.Debug|x86.Build.0 = Debug|Win32
		{07FCEF6E-5B2D-4903-8749-3C748667CA9C}.Release|x64.ActiveCfg = Release|x64
		{07FCEF6E-5B2D-4903-8749-3C748667CA9C}.Release|x64.Build.0 = Release|x64
		{07FCEF6E-5B2D-4903-8749-3C748667CA9C}.Release|x86.ActiveCfg = Release|Win32
		{07FCEF6E-5B2D-4903-8749-3C748667CA9C}.Release|x86.Build.0 = Release|Win32
		{5D38E691-4809-4A94-8A95-330A349291EB}.Debug|x64.ActiveCfg = Debug|x64
		{5D38E691-4809-4A94-8A95-330A349291EB}.Debug|x64.Build.0 = Debug|x64
		{5D38E691-4809-4A94-8A95-330A349291EB}.Debug|x86.ActiveCfg = Debug|Win32
		{5D38E691-4809-4A94-8A95-330A349291EB}.Debug|x86.Build.0 = Debug|Win32
		{5D38E691-4809-4A94-8A95-330A349291EB}.Release|x64.ActiveCfg = Release|x64
		{5D38E691-4809-4A94-8A95-330A349291EB}.Release|x64.Build.0 = Release|x64
		{5D38E691-4809-4A94-8A95-330A349291EB}.Release|x86.ActiveCfg = Release|Win32
		{5D38E691-4809-4A94-8A95-330A349291EB}.Release|x86.Build.0 = Release|Win32
		{84382870-3E90-4CDE-BA03-E0E4E43EB9DD}.Debug|x64.ActiveCfg = Debug|x64
		{84382870-3E90-4CDE-BA03-E0E4E43EB9DD}.Debug|x64.Build.0 = Debug|x64
		{84382870-3E90-4CDE-BA03-E0E4E43EB9DD}.Debug|x86.ActiveCfg = Debug|Win32
		{84382870-3E90-4CDE-BA03-E0E4E43EB9DD}.Debug|x86.Build.0 = Debug|Win32
		{84382870-3E90-4CDE-BA03-E0E4E43EB9DD}.Release|x64.ActiveCfg = Release|x64
		{84382870-3E90-4CDE-BA03-E0E4E43EB9DD}.Release|x64.Build.0 = Release|x64
		{84382870-3E90-4CDE-BA03-E0E4E43EB9DD}.Release|x86.ActiveCfg = Release|Win32
		{84382870-3E90-4CDE-BA03-E0E4E43EB9DD}.Release|x86.Build.0 = Release|Win32
		{ACAAF01D-4EF4-4F6D-8187-C001C312E287}.Debug|x64.ActiveCfg = Debug|x64
		{ACAAF01D-4EF4-4F6D-8187-C001C312E287}.Debug|x64.Build.0 = Debug|x64
		{ACAAF01D-4EF4-4F6D-8187-C001C312E287}.Debug|x86.ActiveCfg = Debug|Win32
		{ACAAF01D-4EF4-4F6D-8187-C001C312E287}.Debug|x86.Build.0 = Debug|Win32
		{ACAAF01D-4EF4-4F6D-8187-C001C312E287}.Release|x64.ActiveCfg = Release|x64
		{ACAAF01D-4EF4-4F6D-8187-C001C312E287}.Release|x64.Build.0 = Release|x64
		{ACAAF01D-4EF4-4F6D-8187-C001C312E287}.Release|x86.ActiveCfg = Release|Win32
		{ACAAF01D-4EF4-4F6D-8187-C001C312E287}.Release|x86.Build.0 = Release|Win32
		{C5538D6C-D28C-455E-A068-7B971988A2F0}.Debug|x64.ActiveCfg = Debug|x64
		{C5538D6C-D28C-455E-A068-7B971988A2F0}.Debug|x64.Build.0 = Debug|x64
		{C5538D6C-D28C-455E-A068-7B971988A2F0}.Debug|x86.ActiveCfg = Debug|Win32
		{C5538D6C-D28C-455E-A068-7B971988A2F0}.Debug|x86.Build.0 = Debug|Win32
		{C5538D6C-D28C-455E-A068-7B971988A2F0}.Release|x64.ActiveCfg = Release|x64
		{C5538D6C-D28C-455E-A068-7B971988A2F0}.Release|x64.Build.0 = Release|x64
		{C5538D6C-D28C-455E-A068-7B971988A2F0}.Release|x86.ActiveCfg = Release|Win32
		{C5538D6C-D28C-455E-A068-7B971988A2F0}.Release|x86.Build.0 = Release|Win32
		{A9C15A06-709B-4F37-8577-708FEF18CB41}.Debug|x64.ActiveCfg = Debug|x64
		{A9C15A06-709B-4F37-8577-708FEF18CB41}.Debug|x64.Build.0 = Debug|x64
		{A9C15A06-709B-4F37-8577-708FEF18CB41}.Debug|x86.ActiveCfg = Debug|Win32
		{A9C15A06-709B-4F37-8577-708FEF18CB41}.Debug|x86.Build.0 = Debug|Win32
		{A9C15A06-709B-4F37-8577-708FEF18CB41}.Release|x64.ActiveCfg = Release|x64
		{A9C15A06-709B-4F37-8577-708FEF18CB41}.Release|x64.Build.0 = Release|x64
		{A9C15A06-709B-4F37-8577-708FEF18CB41}.Release|x86.ActiveCfg = Release|Win32
		{A9C15A06-709B-4F37-8577-708FEF18CB41}.Release|x86.Build.0 = Release|Win32
		{A08217CA-EA58-41F4-BC58-DBAA8F3FC820}.Debug|x64.ActiveCfg = Debug|x64
		{A08217CA-EA58-41F4-BC58-DBAA8F3FC820}.Debug|x64.Build.0 = Debug|x64
		{A08217CA-EA58-41F4-BC58-DBAA8F3FC820}.Debug|x86.ActiveCfg = Debug|Win32
		{A08217CA-EA58-41F4-BC58-DBAA8F3FC820}.Debug|x86.Build.0 = Debug|Win32
		{A08217CA-EA58-41F4-BC58-DBAA8F3FC820}.Release|x64.ActiveCfg = Release|x64
		{A08217CA-EA58-41F4-BC58-DBAA8F3FC820}.Release|x64.Build.0 = Release|x64
		{A08217CA-EA58-41F4-BC58-DBAA8F3FC820}.Release|x86.ActiveCfg = Release|Win32
		{A08217CA-EA58-41F4-BC58-DBAA8F3FC820}.Release|x86.Build.0 = Release|Win32
		{80357E0B-EFF9-423C-889C-4635E143F9ED}.Debug|x64.ActiveCfg = Debug|x64
		{80357E0B-EFF9-423C-889C-4635E143F9ED}.Debug|x64.Build.0 = Debug|x64
		{80357E0B-EFF9-423C-889C-4635E143F9ED}.Debug|x86.ActiveCfg = Debug|Win32
		{80357E0B-EFF9-423C-889C-4635E143F9ED}.Debug|x86.Build.0 = Debug|Win32
		{80357E0B-EFF9-423C-889C-4635E143F9ED}.Release|x64.ActiveCfg = Release|x64
		{80357E0B-EFF9-423C-889C-4635E143F9ED}.Release|x64.Build.0 = Release|x64
		{80357E0B-EFF9-423C-889C-4635E143F9ED}.Release|x86.ActiveCfg = Release|Win32
		{80357E0B-EFF9-423C-889C-4635E143F9ED}.Release|x86.Build.0 = Release|Win32
		{E72B5117-0D41-444C-B4FD-07D68144CA3C}.Debug|x64.ActiveCfg = Debug|x64
		{E72B5117-0D41-444C-B4FD-07D68144CA3C}.Debug|x64.Build.0 = Debug|x64
		{E72B5117-0D41-444C-B4FD-07D68144CA3C}.Debug|x86.ActiveCfg = Debug|Win32
		{E72B5117-0D41-444C-B4FD-07D68144CA3C}.Debug|x86.Build.0 = Debug|Win32
		{E72B5117-0D41-444C-B4FD-07D68144CA3C}.Release|x64.ActiveCfg = Release|x64
		{E72B5117-0D41-444C-B4FD-07D68144CA3C}.Release|x64.Build.0 = Release|x64
		{E72B5117-0D41-444C-B4FD-07D68144CA3C}.Release|x86.ActiveCfg = Release|Win32
		{E72B5117-0D41-444C-B4FD-07D68144CA3C}.Release|x86.Build.0 = Release|Win32
		{0EE5A555-579E-4F77-A1BB-D3B42EAF724A}.Debug|x64.ActiveCfg = Debug|x64
		{0EE5A555-579E-4F77-A1BB-D3B42EAF724A}.Debug|x64.Build.0 = Debug|x64
		{0EE5A555-579E-4F77-A1BB-D3B42EAF724A}.Debug|x86.ActiveCfg = Debug|Win32
		{0EE5A555-579E-4F77-A1BB-D3B42EAF724A}.Debug|x86.Build.0 = Debug|Win32
		{0EE5A555-579E-4F77-A1BB-D3B42EAF724A}.Release|x64.ActiveCfg = Release|x64
		{0EE5A555-579E-4F77-A1BB-D3B42EAF724A}.Release|x64.Build.0 = Release|x64
		{0EE5A555-579E-4F77-A1BB-D3B42EAF724A}.Release|x86.ActiveCfg = Release|Win32
		{0EE5A555-579E-4F77-A1BB-D3B42EAF724A}.Release|x86.Build.0 = Release|Win32
		{FF23C566-D169-44D4-8F7C-FCBAAAB36D2A}.Debug|x64.ActiveCfg = Debug|x64
		{FF23C566-D169-44D4-8F7C-FCBAAAB36D2A}.Debug|x64.Build.0 = Debug|x64
		{FF23C566-D169-44D4-8F7C-FCBAAAB36D2A}.Debug|x86.ActiveCfg = Debug|Win32
		{FF23C566-D169-44D4-8F7C-FCBAAAB36D2A}.Debug|x86.Build.0 = Debug|Win32
		{FF23C566-D169-44D4-8F7C-FCBAAAB36D2A}.Release|x64.ActiveCfg = Release|x64
		{FF23C566-D169-44D4-8F7C-FCBAAAB36D2A}.Release|x64.Build.0 = Release|x64
		{FF23C566-D169-44D4-8F7C-FCBAAAB36D2A}.Release|x86.ActiveCfg = Release|Win32
		{FF23C566-D169-44D4-8F7C-FCBAAAB36D2A}.Release|x86.Build.0 = Release|Win32
		{CA1407B5-9AD2-42E4-A1C4-ABE729E3EF99}.Debug|x64.ActiveCfg = Debug|x64
		{CA1407B5-9AD2-42E4-A1C4-ABE729E3EF99}.Debug|x64.Build.0 = Debug|x64
		{CA1407B5-9AD2-42E4-A1C4-ABE729E3EF99}.Debug|x86.ActiveCfg = Debug|Win32
		{CA1407B5-9AD2-42E4-A1C4-ABE729E3EF99}.Debug|x86.Build.0 = Debug|Win32
		{CA1407B5-9AD2-42E4-A1C4-ABE729E3EF99}.Release|x64.ActiveCfg = Release|x64
		{CA1407B5-9AD2-42E4-A1C4-ABE729E3EF99}.Release|x64.Build.0 = Release|x64
		{CA1407B5-9AD2-42E4-A1C4-ABE729E3EF99}.Release|x86.ActiveCfg = Release|Win32
		{CA1407B5-9AD2-42E4-A1C4-ABE729E3EF99}.Release|x86.Build.0 = Release|Win32
		{6FC63DEB-9F85-4C1C-AB87-7B7AAA2475AA}.Debug|x64.ActiveCfg = Debug|x64
		{6FC63DEB-9F85-4C1C-AB87-7B7AAA2475AA}.Debug|x64.Build.0 = Debug|x64
		{6FC63DEB-9F85-4C1C-AB87-7B7AAA2475AA}.Debug|x86.ActiveCfg = Debug|Win32
		{6FC63DEB-9F85-4C1C-AB87-7B7AAA2475AA}.Debug|x86.Build.0 = Debug|Win32
		{6FC63DEB-9F85-4C1C-AB87-7B7AAA2475AA}.Release|x64.ActiveCfg = Release|x64
		{6FC63DEB-9F85-4C1C-AB87-7B7AAA2475AA}.Release|x64.Build.0 = Release|x64
		{6FC63DEB-9F85-4C1C-AB87-7B7AAA2475AA}.Release|x86.ActiveCfg = Release|Win32
		{6FC63DEB-9F85-4C1C-AB87-7B7AAA2475AA}.Release|x86.Build.0 = Release|Win32
		{A995B3B5-C957-4E53-B6E3-404819A34C49}.Debug|x64.ActiveCfg = Debug|x64
		{A995B3B5-C957-4E53-B6E3-404819A34C49}.Debug|x64.Build.0 = Debug|x64
		{A995B3B5-C957-4E53-B6E3-404819A34C49}.Debug|x86.ActiveCfg = Debug|Win32
		{A995B3B5-C957-4E53-B6E3-404819A34C49}.Debug|x86.Build.0 = Debug|Win32
		{A995B3B5-C957-4E53-B6E3-404819A34C49}.Release|x64.ActiveCfg = Release|x64
		{A995B3B5-C957-4E53-B6E3-404819A34C49}.Release|x64.Build.0 = Release|x64
		{A995B3B5-C957-4E53-B6E3-404819A34C49}.Release|x86.ActiveCfg = Release|Win32
		{A995B3B5-C957-4E53-B6E3-404819A34C49}.Release|x86.Build.0 = Release|Win32
		{ABB2DE8A-FA92-46C9-8CE3-B7A72E519E1D}.Debug|x64.ActiveCfg = Debug|x64
		{ABB2DE8A-FA92-46C9-8CE3-B7A72E519E1D}.Debug|x64.Build.0 = Debug|x64
		{ABB2DE8A-FA92-46C9-8CE3-B7A72E519E1D}.Debug|x86.ActiveCfg = Debug|Win32
		{ABB2DE8A-FA92-46C9-8CE3-B7A72E519E1D}.Debug|x86.Build.0 = Debug|Win32
		{ABB2DE8A-FA92-46C9-8CE3-B7A72E519E1D}.Release|x64.ActiveCfg = Release|x64
		{ABB2DE8A-FA92-46C9-8CE3-B7A72E519E1D}.Release|x64.Build.0 = Release|x64
		{ABB2DE8A-FA92-46C9-8CE3-B7A72E519E1D}.Release|x86.ActiveCfg = Release|Win32
		{ABB2DE8A-FA92-46C9-8CE3-B7A72E519E1D}.Release|x86.Build.0 = Release|Win32
		{4F4B1A99-1B3D-457C-B7CC-4E7C7B7B33A7}.Debug|x64.ActiveCfg = Debug|x64
		{4F4B1A99-1B3D-457C-B7CC-4E7C7B7B33A7}.Debug|x64.Build.0 = Debug|x64
		{4F4B1A99-1B3D-457C-B7CC-4E7C7B7B33A7}.Debug|x86.ActiveCfg = Debug|Win32
		{4F4B1A99-1B3D-457C-B7CC-4E7C7B7B33A7}.Debug|x86.Build.0 = Debug|Win32
		{4F4B1A99-1B3D-457C-B7CC-4E7C7B7B33A7}.Release|x64.ActiveCfg = Release|x64
		{4F4B1A99-1B3D-457C-B7CC-4E7C7B7B33A7}.Release|x64.Build.0 = Release|x64
		{4F4B1A99-1B3D-457C-B7CC-4E7C7B7B33A7}.Release|x86.ActiveCfg = Release|Win32
		{4F4B1A99-1B3D-457C-B7CC-4E7C7B7B33A7}.Release|x86.Build.0 = Release|Win32
		{41274BA9-FBE6-4F63-86E4-2FD8D3F607C0}.Debug|x64.ActiveCfg = Debug|x64
		{41274BA9-FBE6-4F63-86E4-2FD8D3F607C0}.Debug|x64.Build.0 = Debug|x64
		{41274BA9-FBE6-4F63-86E4-2FD8D3F607C0}.Debug|x86.ActiveCfg = Debug|Win32
		{41274BA9-FBE6-4F63-86E4-2FD8D3F607C0}.Debug|x86.Build.0 = Debug|Win32
		{41274BA9-FBE6-4F63-86E4-2FD8D3F607C0}.Release|x64.ActiveCfg = Release|x64
		{41274BA9-FBE6-4F63-86E4-2FD8D3F607C0}.Release|x64.Build.0 = Release|x64
		{41274BA9-FBE6-4F63-86E4-2FD8D3F607C0}.Release|x86.ActiveCfg = Release|Win32
		{41274BA9-FBE6-4F63-86E4-2FD8D3F607C0}.Release|x86.Build.0 = Release|Win32
		{19D7CA5C-0EA6-4457-BCC5-9D218E17A261}.Debug|x64.ActiveCfg = Debug|x64
		{19D7CA5C-0EA6-4457-BCC5-9D218E17A261}.Debug|x64.Build.0 = Debug|x64
		{19D7CA5C-0EA6-4457-BCC5-9D218E17A261}.Debug|x86.ActiveCfg = Debug|Win32
		{19D7CA5C-0EA6-4457-BCC5-9D218E17A261}.Debug|x86.Build.0 = Debug|Win32
		{19D7CA5C-0EA6-4457-BCC5-9D218E17A261}.Release|x64.ActiveCfg = Release|x64
		{19D7CA5C-0EA6-4457-BCC5-9D218E17A261}.Release|x64.Build.0 = Release|x64
		{19D7CA5C-0EA6-4457-BCC5-9D218E17A261}.Release|x86.ActiveCfg = Release|Win32
		{19D7CA5C-0EA6-4457-BCC5-9D218E17A261}.Release|x86.Build.0 = Release|Win32
		{CB6D2D1F-A67E-470B-819C-52FD71B00D8B}.Debug|x64.ActiveCfg = Debug|x64
		{CB6D2D1F-A67E-470B-819C-52FD71B00D8B}.Debug|x64.Build.0 = Debug|x64
		{CB6D2D1F-A67E-470B-819C-52FD71B00D8B}.Debug|x86.ActiveCfg = Debug|Win32
		{CB6D2D1F-A67E-470B-819C-52FD71B00D8B}.Debug|x86.Build.0 = Debug|Win32
		{CB6D2D1F-A67E-470B-819C-52FD71B00D8B}.Release|x64.ActiveCfg = Release|x64
		{CB6D2D1F-A67E-470B-819C-52FD71B00D8B}.Release|x64.Build.0 = Release|x64
		{CB6D2D1F-A67E-470B-819C-52FD71B00D8B}.Release|x86.ActiveCfg = Release|Win32
		{CB6D2D1F-A67E-470B-819C-52FD71B00D8B}.Release|x86.Build.0 = Release|Win32
		{8F16B666-FCF8-4D54-B1C1-319C146FFBEB}.Debug|x64.ActiveCfg = Debug|x64
		{8F16B666-FCF8-4D54-B1C1-319C146FFBEB}.Debug|x64.Build.0 = Debug|x64
		{8F16B666-FCF8-4D54-B1C1-319C146FFBEB}.Debug|x86.ActiveCfg = Debug|Win32
		{8F16B666-FCF8-4D54-B1C1-319C146FFBEB}.Debug|x86.Build.0 = Debug|Win32
		{8F16B666-FCF8-4D54-B1C1-319C146FFBEB}.Release|x64.ActiveCfg = Release|x64
		{8F16B666-FCF8-4D54-B1C1-319C146FFBEB}.Release|x64.Build.0 = Release|x64
		{8F16B666-FCF8-4D54-B1C1-319C146FFBEB}.Release|x86.ActiveCfg = Release|Win32
		{8F16B666-FCF8-4D54-B1C1-319C146FFBEB}.Release|x86.Build.0 = Release|Win32
		{BA55884A-4C29-4BC2-AABD-1843FB6AED36}.Debug|x64.ActiveCfg = Debug|x64
		{BA55884A-4C29-4BC2-AABD-1843FB6AED36}.Debug|x64.Build.0 = Debug|x64
		{BA55884A-4C29-4BC2-AABD-1843FB6AED36}.Debug|x86.ActiveCfg = Debug|Win32
		{BA55884A-4C29-4BC2-AABD-1843FB6AED36}.Debug|x86.Build.0 = Debug|Win32
		{BA55884A-4C29-4BC2-AABD-1843FB6AED36}.Release|x64.ActiveCfg = Release|x64
		{BA55884A-4C29-4BC2-AABD-1843FB6AED36}.Release|x64.Build.0 = Release|x64
		{BA55884A-4C29-4BC2-AABD-1843FB6AED36}.Release|x86.ActiveCfg = Release|Win32
		{BA55884A-4C29-4BC2-AABD-1843FB6AED36}.Release|x86.Build.0 = Release|Win32
		{A8375BFA-FA3C-4259-A6B8-9830259FF702}.Debug|x64.ActiveCfg = Debug|x64
		{A8375BFA-FA3C-4259-A6B8-9830259FF702}.Debug|x64.Build.0 = Debug|x64
		{A8375BFA-FA3C-4259-A6B8-9830259FF702}.Debug|x86.ActiveCfg = Debug|Win32
		{A8375BFA-FA3C-4259-A6B8-9830259FF702}.Debug|x86.Build.0 = Debug|Win32
		{A8375BFA-FA3C-4259-A6B8-9830259FF702}.Release|x64.ActiveCfg = Release|x64
		{A8375BFA-FA3C-4259-A6B8-9830259FF702}.Release|x64.Build.0 = Release|x64
		{A8375BFA-FA3C-4259-A6B8-9830259FF702}.Release|x86.ActiveCfg = Release|Win32
		{A8375BFA-FA3C-4259-A6B8-9830259FF702}.Release|x86.Build.0 = Release|Win32
		{694CAA44-7ACE-431D-9E2B-E502C9C2FBDC}.Debug|x64.ActiveCfg = Debug|x64
		{694CAA44-7ACE-431D-9E2B-E502C9C2FBDC}.Debug|x64.Build.0 = Debug|x64
		{694CAA44-7ACE-431D-9E2B-E502C9C2FBDC}.Debug|x86.ActiveCfg = Debug|Win32
		{694CAA44-7ACE-431D-9E2B-E502C9C2FBDC}.Debug|x86.Build.0 = Debug|Win32
		{694CAA44-7ACE-431D-9E2B-E502C9C2FBDC}.Release|x64.ActiveCfg = Release|x64
		{694CAA44-7ACE-431D-9E2B-E502C9C2FBDC}.Release|x64.Build.0 = Release|x64
		{694CAA44-7ACE-431D-9E2B-E502C9C2FBDC}.Release|x86.ActiveCfg = Release|Win32
		{694CAA44-7ACE-431D-9E2B-E502C9C2FBDC}.Release|x86.Build.0 = Release|Win32
		{A2A2A51F-29FB-4A45-B6AB-8E5DF0BD5B0A}.Debug|x64.ActiveCfg = Debug|x64
		{A2A2A51F-29FB-4A45-B6AB-8E5DF0BD5B0A}.Debug|x64.Build.0 = Debug|x64
		{A2A2A51F-29FB-4A45-B6AB-8E5DF0BD5B0A}.Debug|x86.ActiveCfg = Debug|Win32
		{A2A2A51F-29FB-4A45-B6AB-8E5DF0BD5B0A}.Debug|x86.Build.0 = Debug|Win32
		{A2A2A51F-29FB-4A45-B6AB-8E5DF0BD5B0A}.Release|x64.ActiveCfg = Release|x64
		{A2A2A51F-29FB-4A45-B6AB-8E5DF0BD5B0A}.Release|x64.Build.0 = Release|x64
		{A2A2A51F-29FB-4A45-B6AB-8E5DF0BD5B0A}.Release|x86.ActiveCfg = Release|Win32
		{A2A2A51F-29FB-4A45-B6AB-8E5DF0BD5B0A}.Release|x86.Build.0 = Release|Win32
		{3EB7C62A-5083-43BD-8B2B-1F2617907A18}.Debug|x64.ActiveCfg = Debug|x64
		{3EB7C62A-5083-43BD-8B2B-1F2617907A18}.Debug|x64.Build.0 = Debug|x64
		{3EB7C62A-5083-43BD-8B2B-1F2617907A18}.Debug|x86.ActiveCfg = Debug|Win32
		{3EB7C62A-5083-43BD-8B2B-1F2617907A18}.Debug|x86.Build.0 = Debug|Win32
		{3EB7C62A-5083-43BD-8B2B-1F2617907A18}.Release|x64.ActiveCfg = Release|x64
		{3EB7C62A-5083-43BD-8B2B-1F2617907A18}.Release|x64.Build.0 = Release|x64
		{3EB7C62A-5083-43BD-8B2B-1F2617907A18}.Release|x86.ActiveCfg = Release|Win32
		{3EB7C62A-5083-43BD-8B2B-1F2617907A18}.Release|x86.Build.0 = Release|Win32
		{16EAC4BB-3CD9-449C-9C41-CC4070F4E3DE}.Debug|x64.ActiveCfg = Debug|x64
		{16EAC4BB-3CD9-449C-9C41-CC4070F4E3DE}.Debug|x64.Build.0 = Debug|x64
		{16EAC4BB-3CD9-449C-9C41-CC4070F4E3DE}.Debug|x86.ActiveCfg = Debug|Win32
		{16EAC4BB-3CD9-449C-9C41-CC4070F4E3DE}.Debug|x86.Build.0 = Debug|Win32
		{16EAC4BB-3CD9-449C-9C41-CC4070F4E3DE}.Release|x64.ActiveCfg = Release|x64
		{16EAC4BB-3CD9-449C-9C41-CC4070F4E3DE}.Release|x64.Build.0 = Release|x64
		{16EAC4BB-3CD9-449C-9C41-CC4070F4E3DE}.Release|x86.ActiveCfg = Release|Win32
		{16EAC4BB-3CD9-449C-9C41-CC4070F4E3DE}.Release|x86.Build.0 = Release|Win32
		{E80AEBDB-6FE8-400C-9862-8C4B418C92B2}.Debug|x64.ActiveCfg = Debug|x64
		{E80AEBDB-6FE8-400C-9862-8C4B418C92B2}.Debug|x64.Build.0 = Debug|x64
		{E80AEBDB-6FE8-400C-9862-8C4B418C92B2}.Debug|x86.ActiveCfg = Debug|Win32
		{E80AEBDB-6FE8-400C-9862-8C4B418C92B2}.Debug|x86.Build.0 = Debug|Win32
		{E80AEBDB-6FE8-400C-9862-8C4B418C92B2}.Release|x64.ActiveCfg = Release|x64
		{E80AEBDB-6FE8-400C-9862-8C4B418C92B2}.Release|x64.Build.0 = Release|x64
		{E80AEBDB-6FE8-400C-9862-8C4B418C92B2}.Release|x86.ActiveCfg = Release|Win32
		{E80AEBDB-6FE8-400C-9862-8C4B418C92B2}.Release|x86.Build.0 = Release|Win32
		{A07DFCBA-E08A-4757-B25B-898D190940CC}.Debug|x64.ActiveCfg = Debug|x64
		{A07DFCBA-E08A-4757-B25B-898D190940CC}.Debug|x64.Build.0 = Debug|x64
		{A07DFCBA-E08A-4757-B25B-898D190940CC}.Debug|x86.ActiveCfg = Debug|Win32
		{A07DFCBA-E08A-4757-B25B-898D190940CC}.Debug|x86.Build.0 = Debug|Win32
		{A07DFCBA-E08A-4757-B25B-898D190940CC}.Release|x64.ActiveCfg = Release|x64
		{A07DFCBA-E08A-4757-B25B-898D190940CC}.Release|x64.Build.0 = Release|x64
		{A07DFCBA-E08A-4757-B25B-898D190940CC}.Release|x86.ActiveCfg = Release|Win32
		{A07DFCBA-E08A-4757-B25B-898D190940CC}.Release|x86.Build.0 = Release|Win32
		{0E9BEE7C-6ED9-4E1D-BCB5-9438BFB0A548}.Debug|x64.ActiveCfg = Debug|x64
		{0E9BEE7C-6ED9-4E1D-BCB5-9438BFB0A548}.Debug|x64.Build.0 = Debug|x64
		{0E9BEE7C-6ED9-4E1D-BCB5-9438BFB0A548}.Debug|x86.ActiveCfg = Debug|Win32
		{0E9BEE7C-6ED9-4E1D-BCB5-9438BFB0A548}.Debug|x86.Build.0 = Debug|Win32
		{0E9BEE7C-6ED9-4E1D-BCB5-9438BFB0A548}.Release|x64.ActiveCfg = Release|x64
		{0E9BEE7C-6ED9-4E1D-BCB5-9438BFB0A548}.Release|x64.Build.0 = Release|x64
		{0E9BEE7C-6ED9-4E1D-BCB5-9438BFB0A548}.Release|x86.ActiveCfg = Release|Win32
		{0E9BEE7C-6ED9-4E1D-BCB5-9438BFB0A548}.Release|x86.Build.0 = Release|Win32
		{DE04F06C-8D16-4E99-A3A0-B288F68A7754}.Debug|x64.ActiveCfg = Debug|x64
		{DE04F06C-8D16-4E99-A3A0-B288F68A7754}.Debug|x64.Build.0 = Debug|x64
		{DE04F06C-8D16-4E99-A3A0-B288F68A7754}.Debug|x86.ActiveCfg = Debug|Win32
		{DE04F06C-8D16-4E99-A3A0-B288F68A7754}.Debug|x86.Build.0 = Debug|Win32
		{DE04F06C-8D16-4E99-A3A0-B288F68A7754}.Release|x64.ActiveCfg = Release|x64
		{DE04F06C-8D16-4E99-A3A0-B288F68A7754}.Release|x64.Build.0 = Release|x64
		{DE04F06C-8D16-4E99-A3A0-B288F68A7754}.Release|x86.ActiveCfg = Release|Win32
		{DE04F06C-8D16-4E99-A3A0-B288F68A7754}.Release|x86.Build.0 = Release|Win32
		{2F5CC298-D880-4D69-AC05-10C9A67AA887}.Debug|x64.ActiveCfg = Debug|x64
		{2F5CC298-D880-4D69-AC05-10C9A67AA887}.Debug|x64.Build.0 = Debug|x64
		{2F5CC298-D880-4D69-AC05-10C9A67AA887}.Debug|x86.ActiveCfg = Debug|Win32
		{2F5CC298-D880-4D69-AC05-10C9A67AA887}.Debug|x86.Build.0 = Debug|Win32
		{2F5CC298-D880-4D69-AC05-10C9A67AA887}.Release|x64.ActiveCfg = Release|x64
		{2F5CC298-D880-4D69-AC05-10C9A67AA887}.Release|x64.Build.0 = Release|x64
		{2F5CC298-D880-4D69-AC05-10C9A67AA887}.Release|x86.ActiveCfg = Release|Win32
		{2F5CC298-D880-4D69-AC05-10C9A67AA887}.Release|x86.Build.0 = Release|Win32
		{0E1C803B-46C5-4976-AA90-0E9DF8992445}.Debug|x64.ActiveCfg = Debug|x64
		{0E1C803B-46C5-4976-AA90-0E9DF8992445}.Debug|x64.Build.0 = Debug|x64
		{0E1C803B-46C5-4976-AA90-0E9DF8992445}.Debug|x86.ActiveCfg = Debug|Win32
		{0E1C803B-46C5-4976-AA90-0E9DF8992445}.Debug|x86.Build.0 = Debug|Win32
		{0E1C803B-46C5-4976-AA90-0E9DF8992445}.Release|x64.ActiveCfg = Release|x64
		{0E1C803B-46C5-4976-AA90-0E9DF8992445}.Release|x64.Build.0 = Release|x64
		{0E1C803B-46C5-4976-AA90-0E9DF8992445}.Release|x86.ActiveCfg = Release|Win32
		{0E1C803B-46C5-4976-AA90-0E9DF8992445}.Release|x86.Build.0 = Release|Win32
		{3CB09D20-0BF7-43F0-A7D6-0BEFCDC68004}.Debug|x64.ActiveCfg = Debug|x64
		{3CB09D20-0BF7-43F0-A7D6-0BEFCDC68004}.Debug|x64.Build.0 = Debug|x64
		{3CB09D20-0BF7-43F0-A7D6-0BEFCDC68004}.Debug|x86.ActiveCfg = Debug|Win32
		{3CB09D20-0BF7-43F0-A7D6-0BEFCDC68004}.Debug|x86.Build.0 = Debug|Win32
		{3CB09D20-0BF7-43F0-A7D6-0BEFCDC68004}.Release|x64.ActiveCfg = Release|x64
		{3CB09D20-0BF7-43F0-A7D6-0BEFCDC68004}.Release|x64.Build.0 = Release|x64
		{3CB09D20-0BF7-43F0-A7D6-0BEFCDC68004}.Release|x86.ActiveCfg = Release|Win32
		{3CB09D20-0BF7-43F0-A7D6-0BEFCDC68004}.Release|x86.Build.0 = Release|Win32
		{C6CFA435-A969-42BC-BE17-E054FB85AEB5}.Debug|x64.ActiveCfg = Debug|x64
		{C6CFA435-A969-42BC-BE17-E054FB85AEB5}.Debug|x64.Build.0 = Debug|x64
		{C6CFA435-A969-42BC-BE17-E054FB85AEB5}.Debug|x86.ActiveCfg = Debug|Win32
		{C6CFA435-A969-42BC-BE17-E054FB85AEB5}.Debug|x86.Build.0 = Debug|Win32
		{C6CFA435-A969-42BC-BE17-E054FB85AEB5}.Release|x64.ActiveCfg = Release|x64
		{C6CFA435-A969-42BC-BE17-E054FB85AEB5}.Release|x64.Build.0 = Release|x64
		{C6CFA435-A969-42BC-BE17-E054FB85AEB5}.Release|x86.ActiveCfg = Release|Win32
		{C6CFA435-A969-42BC-BE17-E054FB85AEB5}.Release|x86.Build.0 = Release|Win32
		{F155120A-8A32-44EF-A7E7-E0E9F0793D80}.Debug|x64.ActiveCfg = Debug|x64
		{F155120A-8A32-44EF-A7E7-E0E9F0793D80}.Debug|x64.Build.0 = Debug|x64
		{F155120A-8A32-44EF-A7E7-E0E9F0793D80}.Debug|x86.ActiveCfg = Debug|Win32
		{F155120A-8A32-44EF-A7E7-E0E9F0793D80}.Debug|x86.Build.0 = Debug|Win32
		{F155120A-8A32-44EF-A7E7-E0E9F0793D80}.Release|x64.ActiveCfg = Release|x64
		{F155120A-8A32-44EF-A7E7-E0E9F0793D80}.Release|x64.Build.0 = Release|x64
		{F155120A-8A32-44EF-A7E7-E0E9F0793D80}.Release|x86.ActiveCfg = Release|Win32
		{F155120A-8A32-44EF-A7E7-E0E9F0793D80}.Release|x86.Build.0 = Release|Win32
		{9B18AB67-7107-41FA-A883-9706AA919D70}.Debug|x64.ActiveCfg = Debug|x64
		{9B18AB67-7107-41FA-A883-9706AA919D70}.Debug|x64.Build.0 = Debug|x64
		{9B18AB67-7107-41FA-A883-9706AA919D70}.Debug|x86.ActiveCfg = Debug|Win32
		{9B18AB67-7107-41FA-A883-9706AA919D70}.Debug|x86.Build.0 = Debug|Win32
		{9B18AB67-7107-41FA-A883-9706AA919D70}.Release|x64.ActiveCfg = Release|x64
		{9B18AB67-7107-41FA-A883-9706AA919D70}.Release|x64.Build.0 = Release|x64
		{9B18AB67-7107-41FA-A883-9706AA919D70}.Release|x86.ActiveCfg = Release|Win32
		{9B18AB67-7107-41FA-A883-9706AA919D70}.Release|x86.Build.0 = Release|Win32
		{D86311C2-F360-4415-B3BC-21137EA56A5E}.Debug|x64.ActiveCfg = Debug|x64
		{D86311C2-F360-4415-B3BC-21137EA56A5E}.Debug|x64.Build.0 = Debug|x64
		{D86311C2-F360-4415-B3BC-21137EA56A5E}.Debug|x86.ActiveCfg = Debug|Win32
		{D86311C2-F360-4415-B3BC-21137EA56A5E}.Debug|x86.Build.0 = Debug|Win32
		{D86311C2-F360-4415-B3BC-21137EA56A5E}.Release|x64.ActiveCfg = Release|x64
		{D86311C2-F360-4415-B3BC-21137EA56A5E}.Release|x64.Build.0 = Release|x64
		{D86311C2-F360-4415-B3BC-21137EA56A5E}.Release|x86.ActiveCfg = Release|Win32
		{D86311C2-F360-4415-B3BC-21137EA56A5E}.Release|x86.Build.0 = Release|Win32
		{71A3467F-50CE-4DAC-A5FA-29F237A2C410}.Debug|x64.ActiveCfg = Debug|x64
		{71A3467F-50CE-4DAC-A5FA-29F237A2C410}.Debug|x64.Build.0 = Debug|x64
		{71A3467F-50CE-4DAC-A5FA-29F237A2C410}.Debug|x86.ActiveCfg = Debug|Win32
		{71A3467F-50CE-4DAC-A5FA-29F237A2C410}.Debug|x86.Build.0 = Debug|Win32
		{71A3467F-50CE-4DAC-A5FA-29F237A2C410}.Release|x64.ActiveCfg = Release|x64
		{71A3467F-50CE-4DAC-A5FA-29F237A2C410}.Release|x64.Build.0 = Release|x64
		{71A3467F-50CE-4DAC-A5FA-29F237A2C410}.Release|x86.ActiveCfg = Release|Win32
		{71A3467F-50CE-4DAC-A5FA-29F237A2C410}.Release|x86.Build.0 = Release|Win32
		{A246A939-85E7-4FBA-9A0D-382A460997A5}.Debug|x64.ActiveCfg = Debug|x64
		{A246A939-85E7-4FBA-9A0D-382A460997A5}.Debug|x64.Build.0 = Debug|x64
		{A246A939-85E7-4FBA-9A0D-382A460997A5}.Debug|x86.ActiveCfg = Debug|Win32
		{A246A939-85E7-4FBA-9A0D-382A460997A5}.Debug|x86.Build.0 = Debug|Win32
		{A246A939-85E7-4FBA-9A0D-382A460997A5}.Release|x64.ActiveCfg = Release|x64
		{A246A939-85E7-4FBA-9A0D-382A460997A5}.Release|x64.Build.0 = Release|x64
		{A246A939-85E7-4FBA-9A0D-382A460997A5}.Release|x86.ActiveCfg = Release|Win32
		{A246A939-85E7-4FBA-9A0D-382A460997A5}.Release|x86.Build.0 = Release|Win32
		{7E8BC6E7-4241-4A6C-809E-CF34F2D6B169}.Debug|x64.ActiveCfg = Debug|x64
		{7E8BC6E7-4241-4A6C-809E-CF34F2D6B169}.Debug|x64.Build.0 = Debug|x64
		{7E8BC6E7-4241-4A6C-809E-CF34F2D6B169}.Debug|x86.ActiveCfg = Debug|Win32
		{7E8BC6E7-4241-4A6C-809E-CF34F2D6B169}.Debug|x86.Build.0 = Debug|Win32
		{7E8BC6E7-4241-4A6C-809E-CF34F2D6B169}.Release|x64.ActiveCfg = Release|x64
		{7E8BC6E7-4241-4A6C-809E-CF34F2D6B169}.Release|x64.Build.0 = Release|x64
		{7E8BC6E7-4241-4A6C-809E-CF34F2D6B169}.Release|x86.ActiveCfg = Release|Win32
		{7E8BC6E7-4241-4A6C-809E-CF34F2D6B169}.Release|x86.Build.0 = Release|Win32
		{635A7365-FEF3-4AEF-BEF1-B9EDE6D74CE2}.Debug|x64.ActiveCfg = Debug|x64
		{635A7365-FEF3-4AEF-BEF1-B9EDE6D74CE2}.Debug|x64.Build.0 = Debug|x64
		{635A7365-FEF3-4AEF-BEF1-B9EDE6D74CE2}.Debug|x86.ActiveCfg = Debug|Win32
		{635A7365-FEF3-4AEF-BEF1-B9EDE6D74CE2}.Debug|x86.Build.0 = Debug|Win32
		{635A7365-FEF3-4AEF-BEF1-B9EDE6D74CE2}.Release|x64.ActiveCfg = Release|x64
		{635A7365-FEF3-4AEF-BEF1-B9EDE6D74CE2}.Release|x64.Build.0 = Release|x64
		{635A7365-FEF3-4AEF-BEF1-B9EDE6D74CE2}.Release|x86.ActiveCfg = Release|Win32
		{635A7365-FEF3-4AEF-BEF1-B9EDE6D74CE2}.Release|x86.Build.0 = Release|Win32
		{DA86E95F-4085-4982-AE3B-4CB68AEAB23B}.Debug|x64.ActiveCfg = Debug|x64
		{DA86E95F-4085-4982-AE3B-4CB68AEAB23B}.Debug|x64.Build.0 = Debug|x64
		{DA86E95F-4085-4982-AE3B-4CB68AEAB23B}.Debug|x86.ActiveCfg = Debug|Win32
		{DA86E95F-4085-4982-AE3B-4CB68AEAB23B}.Debug|x86.Build.0 = Debug|Win32
		{DA86E95F-4085-4982-AE3B-4CB68AEAB23B}.Release|x64.ActiveCfg = Release|x64
		{DA86E95F-4085-4982-AE3B-4CB68AEAB23B}.Release|x64.Build.0 = Release|x64
		{DA86E95F-4085-4982-AE3B-4CB68AEAB23B}.Release|x86.ActiveCfg = Release|Win32
		{DA86E95F-4085-4982-AE3B-4CB68AEAB23B}.Release|x86.Build.0 = Release|Win32
		{C061654E-8AAB-4963-98EE-1D0E65377ABD}.Debug|x64.ActiveCfg = Debug|x64
		{C061654E-8AAB-4963-98EE-1D0E65377ABD}.Debug|x64.Build.0 = Debug|x64
		{C061654E-8AAB-4963-98EE-1D0E65377ABD}.Debug|x86.ActiveCfg = Debug|Win32
		{C061654E-8AAB-4963-98EE-1D0E65377ABD}.Debug|x86.Build.0 = Debug|Win32
		{C061654E-8AAB-4963-98EE-1D0E65377ABD}.Release|x64.ActiveCfg = Release|x64
		{C061654E-8AAB-4963-98EE-1D0E65377ABD}.Release|x64.Build.0 = Release|x64
		{C061654E-8AAB-4963-98EE-1D0E65377ABD}.Release|x86.ActiveCfg = Release|Win32
		{C061654E-8AAB-4963-98EE-1D0E65377ABD}.Release|x86.Build.0 = Release|Win32
		{6F8ECB97-1D9E-4837-AB64-BD8952FA6593}.Debug|x64.ActiveCfg = Debug|x64
		{6F8ECB97-1D9E-4837-AB64-BD8952FA6593}.Debug|x64.Build.0 = Debug|x64
		{6F8ECB97-1D9E-4837-AB64-BD8952FA6593}.Debug|x86.ActiveCfg = Debug|Win32
		{6F8ECB97-1D9E-4837-AB64-BD8952FA6593}.Debug|x86.Build.0 = Debug|Win32
		{6F8ECB97-1D9E-4837-AB64-BD8952FA6593}.Release|x64.ActiveCfg = Release|x64
		{6F8ECB97-1D9E-4837-AB64-BD8952FA6593}.Release|x64.Build.0 = Release|x64
		{6F8ECB97-1D9E-4837-AB64-BD8952FA6593}.Release|x86.ActiveCfg = Release|Win32
		{6F8ECB97-1D9E-4837-AB64-BD8952FA6593}.Release|x86.Build.0 = Release|Win32
		{5F7B5F21-2D76-4612-9D16-CDE5D7A35478}.Debug|x64.ActiveCfg = Debug|x64
		{5F7B5F21-2D76-4612-9D16-CDE5D7A35478}.Debug|x64.Build.0 = Debug|x64
		{5F7B5F21-2D76-4612-9D16-CDE5D7A35478}.Debug|x86.ActiveCfg = Debug|Win32
		{5F7B5F21-2D76-4612-9D16-CDE5D7A35478}.Debug|x86.Build.0 = Debug|Win32
		{5F7B5F21-2D76-4612-9D16-CDE5D7A35478}.Release|x64.ActiveCfg = Release|x64
		{5F7B5F21-2D76-4612-9D16-CDE5D7A35478}.Release|x64.Build.0 = Release|x64
		{5F7B5F21-2D76-4612-9D16-CDE5D7A35478}.Release|x86.ActiveCfg = Release|Win32
		{5F7B5F21-2D76-4612-9D16-CDE5D7A35478}.Release|x86.Build.0 = Release|Win32
		{B5AFF230-DEAD-46BA-800D-0384BA574839}.Debug|x64.ActiveCfg = Debug|x64
		{B5AFF230-DEAD-46BA-800D-0384BA574839}.Debug|x64.Build.0 = Debug|x64
		{B5AFF230-DEAD-46BA-800D-0384BA574839}.Debug|x86.ActiveCfg = Debug|Win32
		{B5AFF230-DEAD-46BA-800D-0384BA574839}.Debug|x86.Build.0 = Debug|Win32
		{B5AFF230-DEAD-46BA-800D-0384BA574839}.Release|x64.ActiveCfg = Release|x64
		{B5AFF230-DEAD-46BA-800D-0384BA574839}.Release|x64.Build.0 = Release|x64
		{B5AFF230-DEAD-46BA-800D-0384BA574839}.Release|x86.ActiveCfg = Release|Win32
		{B5AFF230-DEAD-46BA-800D-0384BA574839}.Release|x86.Build.0 = Release|Win32
		{F807AA29-7CF3-4BA1-86A1-357144EF2DD3}.Debug|x64.ActiveCfg = Debug|x64
		{F807AA29-7CF3-4BA1-86A1-357144EF2DD3}.Debug|x64.Build.0 = Debug|x64
		{F807AA29-7CF3-4BA1-86A1-357144EF2DD3}.Debug|x86.ActiveCfg = Debug|Win32
		{F807AA29-7CF3-4BA1-86A1-357144EF2DD3}.Debug|x86.Build.0 = Debug|Win32
		{F807AA29-7CF3-4BA1-86A1-357144EF2DD3}.Release|x64.ActiveCfg = Release|x64
		{F807AA29-7CF3-4BA1-86A1-357144EF2DD3}.Release|x64.Build.0 = Release|x64
		{F807AA29-7CF3-4BA1-86A1-357144EF2DD3}.Release|x86.ActiveCfg = Release|Win32
		{F807AA29-7CF3-4BA1-86A1-357144EF2DD3}.Release|x86.Build.0 = Release|Win32
		{C257C27D-7ADA-4DB6-BC16-66596305B4E2}.Debug|x64.ActiveCfg = Debug|x64
		{C257C27D-7ADA-4DB6-BC16-66596305B4E2}.Debug|x64.Build.0 = Debug|x64
		{C257C27D-7ADA-4DB6-BC16-66596305B4E2}.Debug|x86.ActiveCfg = Debug|Win32
		{C257C27D-7ADA-4DB6-BC16-66596305B4E2}.Debug|x86.Build.0 = Debug|Win32
		{C257C27D-7ADA-4DB6-BC16-66596305B4E2}.Release|x64.ActiveCfg = Release|x64
		{C257C27D-7ADA-4DB6-BC16-66596305B4E2}.Release|x64.Build.0 = Release|x64
		{C257C27D-7ADA-4DB6-BC16-66596305B4E2}.Release|x86.ActiveCfg = Release|Win32
		{C257C27D-7ADA-4DB6-BC16-66596305B4E2}.Release|x86.Build.0 = Release|Win32
		{EE104BF9-28E0-4115-9CB0-8F62FFA3E6DB}.Debug|x64.ActiveCfg = Debug|x64
		{EE104BF9-28E0-4115-9CB0-8F62FFA3E6DB}.Debug|x64.Build.0 = Debug|x64
		{EE104BF9-28E0-4115-9CB0-8F62FFA3E6DB}.Debug|x86.ActiveCfg = Debug|Win32
		{EE104BF9-28E0-4115-9CB0-8F62FFA3E6DB}.Debug|x86.Build.0 = Debug|Win32
		{EE104BF9-28E0-4115-9CB0-8F62FFA3E6DB}.Release|x64.ActiveCfg = Release|x64
		{EE104BF9-28E0-4115-9CB0-8F62FFA3E6DB}.Release|x64.Build.0 = Release|x64
		{EE104BF9-28E0-4115-9CB0-8F62FFA3E6DB}.Release|x86.ActiveCfg = Release|Win32
		{EE104BF9-28E0-4115-9CB0-8F62FFA3E6DB}.Release|x86.Build.0 = Release|Win32
		{8FA96523-2D37-447B-B6CA-CC29DC0B3FF0}.Debug|x64.ActiveCfg = Debug|x64
		{8FA96523-2D37-447B-B6CA-CC29DC0B3FF0}.Debug|x64.Build.0 = Debug|x64
		{8FA96523-2D37-447B-B6CA-CC29DC0B3FF0}.Debug|x86.ActiveCfg = Debug|Win32
		{8FA96523-2D37-447B-B6CA-CC29DC0B3FF0}.Debug|x86.Build.0 = Debug|Win32
		{8FA96523-2D37-447B-B6CA-CC29DC0B3FF0}.Release|x64.ActiveCfg = Release|x64
		{8FA96523-2D37-447B-B6CA-CC29DC0B3FF0}.Release|x64.Build.0 = Release|x64
		{8FA96523-2D37-447B-B6CA-CC29DC0B3FF0}.Release|x86.ActiveCfg = Release|Win32
		{8FA96523-2D37-447B-B6CA-CC29DC0B3FF0}.Release|x86.Build.0 = Release|Win32
		{3F8A6ABF-7FAF-4335-84EA-87E45621CBB6}.Debug|x64.ActiveCfg = Debug|x64
		{3F8A6ABF-7FAF-4335-84EA-87E45621CBB6}.Debug|x64.Build.0 = Debug|x64
		{3F8A6ABF-7FAF-4335-84EA-87E45621CBB6}.Debug|x86.ActiveCfg = Debug|Win32
		{3F8A6ABF-7FAF-4335-84EA-87E45621CBB6}.Debug|x86.Build.0 = Debug|Win32
		{3F8A6ABF-7FAF-4335-84EA-87E45621CBB6}.Release|x64.ActiveCfg = Release|x64
		{3F8A6ABF-7FAF-4335-84EA-87E45621CBB6}.Release|x64.Build.0 = Release|x64
		{3F8A6ABF-7FAF-4335-84EA-87E45621CBB6}.Release|x86.ActiveCfg = Release|Win32
		{3F8A6ABF-7FAF-4335-84EA-87E45621CBB6}.Release|x86.Build.0 = Release|Win32
		{5DC473A1-95E0-41F3-BCB1-FC42701608CC}.Debug|x64.ActiveCfg = Debug|x64
		{5DC473A1-95E0-41F3-BCB1-FC42701608CC}.Debug|x64.Build.0 = Debug|x64
		{5DC473A1-95E0-41F3-BCB1-FC42701608CC}.Debug|x86.ActiveCfg = Debug|Win32
		{5DC473A1-95E0-41F3-BCB1-FC42701608CC}.Debug|x86.Build.0 = Debug|Win32
		{5DC473A1-95E0-41F3-BCB1-FC42701608CC}.Release|x64.ActiveCfg = Release|x64
		{5DC473A1-95E0-41F3-BCB1-FC42701608CC}.Release|x64.Build.0 = Release|x64
		{5DC473A1-95E0-41F3-BCB1-FC42701608CC}.Release|x86.ActiveCfg = Release|Win32
		{5DC473A1-95E0-41F3-BCB1-FC42701608CC}.Release|x86.Build.0 = Release|Win32
		{EC6871E7-BC7D-4FB0-B59A-ACAE945A6A3B}.Debug|x64.ActiveCfg = Debug|x64
		{EC6871E7-BC7D-4FB0-B59A-ACAE945A6A3B}.Debug|x64.Build.0 = Debug|x64
		{EC6871E7-BC7D-4FB0-B59A-ACAE945A6A3B}.Debug|x86.ActiveCfg = Debug|Win32
		{EC6871E7-BC7D-4FB0-B59A-ACAE945A6A3B}.Debug|x86.Build.0 = Debug|Win32
		{EC6871E7-BC7D-4FB0-B59A-ACAE945A6A3B}.Release|x64.ActiveCfg = Release|x64
		{EC6871E7-BC7D-4FB0-B59A-ACAE945A6A3B}.Release|x64.Build.0 = Release|x64
		{EC6871E7-BC7D-4FB0-B59A-ACAE945A6A3B}.Release|x86.ActiveCfg = Release|Win32
		{EC6871E7-BC7D-4FB0-B59A-ACAE945A6A3B}.Release|x86.Build.0 = Release|Win32
		{89A7233B-EB1B-4AD1-9A57-BEE87EA886BF}.Debug|x64.ActiveCfg = Debug|x64
		{89A7233B-EB1B-4AD1-9A57-BEE87EA886BF}.Debug|x64.Build.0 = Debug|x64
		{89A7233B-EB1B-4AD1-9A57-BEE87EA886BF}.Debug|x86.ActiveCfg = Debug|Win32
		{89A7233B-EB1B-4AD1-9A57-BEE87EA886BF}.Debug|x86.Build.0 = Debug|Win32
		{89A7233B-EB1B-4AD1-9A57-BEE87EA886BF}.Release|x64.ActiveCfg = Release|x64
		{89A7233B-EB1B-4AD1-9A57-BEE87EA886BF}.Release|x64.Build.0 = Release|x64
		{89A7233B-EB1B-4AD1-9A57-BEE87EA886BF}.Release|x86.ActiveCfg = Release|Win32
		{89A7233B-EB1B-4AD1-9A57-BEE87EA886BF}.Release|x86.Build.0 = Release|Win32
		{5D4D60FC-C6F2-4E50-B287-F3F7D7877DDA}.Debug|x64.ActiveCfg = Debug|x64
		{5D4D60FC-C6F2-4E50-B287-F3F7D7877DDA}.Debug|x64.Build.0 = Debug|x64
		{5D4D60FC-C6F2-4E50-B287-F3F7D7877DDA}.Debug|x86.ActiveCfg = Debug|Win32
		{5D4D60FC-C6F2-4E50-B287-F3F7D7877DDA}.Debug|x86.Build.0 = Debug|Win32
		{5D4D60FC-C6F2-4E50-B287-F3F7D7877DDA}.Release|x64.ActiveCfg = Release|x64
		{5D4D60FC-C6F2-4E50-B287-F3F7D7877DDA}.Release|x64.Build.0 = Release|x64
		{5D4D60FC-C6F2-4E50-B287-F3F7D7877DDA}.Release|x86.ActiveCfg = Release|Win32
		{5D4D60FC-C6F2-4E50-B287-F3F7D7877DDA}.Release|x86.Build.0 = Release|Win32
		{52CEE0C2-5669-41CB-99B6-57F771B99E19}.Debug|x64.ActiveCfg = Debug|x64
		{52CEE0C2-5669-41CB-99B6-57F771B99E19}.Debug|x64.Build.0 = Debug|x64
		{52CEE0C2-5669-41CB-99B6-57F771B99E19}.Debug|x86.ActiveCfg = Debug|Win32
		{52CEE0C2-5669-41CB-99B6-57F771B99E19}.Debug|x86.Build.0 = Debug|Win32
		{52CEE0C2-5669-41CB-99B6-57F771B99E19}.Release|x64.ActiveCfg = Release|x64
		{52CEE0C2-5669-41CB-99B6-57F771B99E19}.Release|x64.Build.0 = Release|x64
		{52CEE0C2-5669-41CB-99B6-57F771B99E19}.Release|x86.ActiveCfg = Release|Win32
		{52CEE0C2-5669-41CB-99B6-57F771B99E19}.Release|x86.Build.0 = Release|Win32
		{3DF6EC87-E5AE-42C0-8909-C2FF5B8DB65D}.Debug|x64.ActiveCfg = Debug|x64
		{3DF6EC87-E5AE-42C0-8909-C2FF5B8DB65D}.Debug|x64.Build.0 = Debug|x64
		{3DF6EC87-E5AE-42C0-8909-C2FF5B8DB65D}.Debug|x86.ActiveCfg = Debug|Win32
		{3DF6EC87-E5AE-42C0-8909-C2FF5B8DB65D}.Debug|x86.Build.0 = Debug|Win32
		{3DF6EC87-E5AE-42C0-8909-C2FF5B8DB65D}.Release|x64.ActiveCfg = Release|x64
		{3DF6EC87-E5AE-42C0-8909-C2FF5B8DB65D}.Release|x64.Build.0 = Release|x64
		{3DF6EC87-E5AE-42C0-8909-C2FF5B8DB65D}.Release|x86.ActiveCfg = Release|Win32
		{3DF6EC87-E5AE-42C0-8909-C2FF5B8DB65D}.Release|x86.Build.0 = Release|Win32
		{1044B28B-5FE7-4673-9019-330426C19DE6}.Debug|x64.ActiveCfg = Debug|x64
		{1044B28B-5FE7-4673-9019-330426C19DE6}.Debug|x64.Build.0 = Debug|x64
		{1044B28B-5FE7-4673-9019-330426C19DE6}.Debug|x86.ActiveCfg = Debug|Win32
		{1044B28B-5FE7-4673-9019-330426C19DE6}.Debug|x86.Build.0 = Debug|Win32
		{1044B28B-5FE7-4673-9019-330426C19DE6}.Release|x64.ActiveCfg = Release|x64
		{1044B28B-5FE7-4673-9019-330426C19DE6}.Release|x64.Build.0 = Release|x64
		{1044B28B-5FE7-4673-9019-330426C19DE6}.Release|x86.ActiveCfg = Release|Win32
		{1044B28B-5FE7-4673-9019-330426C19DE6}.Release|x86.Build.0 = Release|Win32
		{03D6E938-BFCC-40AA-8FC1-EA67BC77EA2E}.Debug|x64.ActiveCfg = Debug|x64
		{03D6E938-BFCC-40AA-8FC1-EA67BC77EA2E}.Debug|x64.Build.0 = Debug|x64
		{03D6E938-BFCC-40AA-8FC1-EA67BC77EA2E}.Debug|x86.ActiveCfg = Debug|Win32
		{03D6E938-BFCC-40AA-8FC1-EA67BC77EA2E}.Debug|x86.Build.0 = Debug|Win32
		{03D6E938-BFCC-40AA-8FC1-EA67BC77EA2E}.Release|x64.ActiveCfg = Release|x64
		{03D6E938-BFCC-40AA-8FC1-EA67BC77EA2E}.Release|x64.Build.0 = Release|x64
		{03D6E938-BFCC-40AA-8FC1-EA67BC77EA2E}.Release|x86.ActiveCfg = Release|Win32
		{03D6E938-BFCC-40AA-8FC1-EA67BC77EA2E}.Release|x86.Build.0 = Release|Win32
		{7D7CBB99-D8A1-464B-A463-C32E60527153}.Debug|x64.ActiveCfg = Debug|x64
		{7D7CBB99-D8A1-464B-A463-C32E60527153}.Debug|x64.Build.0 = Debug|x64
		{7D7CBB99-D8A1-464B-A463-C32E60527153}.Debug|x86.ActiveCfg = Debug|Win32
		{7D7CBB99-D8A1-464B-A463-C32E60527153}.Debug|x86.Build.0 = Debug|Win32
		{7D7CBB99-D8A1-464B-A463-C32E60527153}.Release|x64.ActiveCfg = Release|x64
		{7D7CBB99-D8A1-464B-A463-C32E60527153}.Release|x64.Build.0 = Release|x64
		{7D7CBB99-D8A1-464B-A463-C32E60527153}.Release|x86.ActiveCfg = Release|Win32
		{7D7CBB99-D8A1-464B-A463-C32E60527153}.Release|x86.Build.0 = Release|Win32
		{37E96DB0-8D48-4EA1-B382-0E2707D8535B}.Debug|x64.ActiveCfg = Debug|x64
		{37E96DB0-8D48-4EA1-B382-0E2707D8535B}.Debug|x64.Build.0 = Debug|x64
		{37E96DB0-8D48-4EA1-B382-0E2707D8535B}.Debug|x86.ActiveCfg = Debug|Win32
		{37E96DB0-8D48-4EA1-B382-0E2707D8535B}.Debug|x86.Build.0 = Debug|Win32
		{37E96DB0-8D48-4EA1-B382-0E2707D8535B}.Release|x64.ActiveCfg = Release|x64
		{37E96DB0-8D48-4EA1-B382-0E2707D8535B}.Release|x64.Build.0 = Release|x64
		{37E96DB0-8D48-4EA1-B382-0E2707D8535B}.Release|x86.ActiveCfg = Release|Win32
		{37E96DB0-8D48-4EA1-B382-0E2707D8535B}.Release|x86.Build.0 = Release|Win32
		{29321361-6397-4822-8535-C87CC22A76D8}.Debug|x64.ActiveCfg = Debug|x64
		{29321361-6397-4822-8535-C87CC22A76D8}.Debug|x64.Build.0 = Debug|x64
		{29321361-6397-4822-8535-C87CC22A76D8}.Debug|x86.ActiveCfg = Debug|Win32
		{29321361-6397-4822-8535-C87CC22A76D8}.Debug|x86.Build.0 = Debug|Win32
		{29321361-6397-4822-8535-C87CC22A76D8}.Release|x64.ActiveCfg = Release|x64
		{29321361-6397-4822-8535-C87CC22A76D8}.Release|x64.Build.0 = Release|x64
		{29321361-6397-4822-8535-C87CC22A76D8}.Release|x86.ActiveCfg = Release|Win32
		{29321361-6397-4822-8535-C87CC22A76D8}.Release|x86.Build.0 = Release|Win32
		{E9E6978F-1F4D-4F78-84E6-4FC170C2BDC9}.Debug|x64.ActiveCfg = Debug|x64
		{E9E6978F-1F4D-4F78-84E6-4FC170C2BDC9}.Debug|x64.Build.0 = Debug|x64
		{E9E6978F-1F4D-4F78-84E6-4FC170C2BDC9}.Debug|x86.ActiveCfg = Debug|Win32
		{E9E6978F-1F4D-4F78-84E6-4FC170C2BDC9}.Debug|x86.Build.0 = Debug|Win32
		{E9E6978F-1F4D-4F78-84E6-4FC170C2BDC9}.Release|x64.ActiveCfg = Release|x64
		{E9E6978F-1F4D-4F78-84E6-4FC170C2BDC9}.Release|x64.Build.0 = Release|x64
		{E9E6978F-1F4D-4F78-84E6-4FC170C2BDC9}.Release|x86.ActiveCfg = Release|Win32
		{E9E6978F-1F4D-4F78-84E6-4FC170C2BDC9}.Release|x86.Build.0 = Release|Win32
		{342F244B-C393-4653-9B59-DC964E899747}.Debug|x64.ActiveCfg = Debug|x64
		{342F244B-C393-4653-9B59-DC964E899747}.Debug|x64.Build.0 = Debug|x64
		{342F244B-C393-4653-9B59-DC964E899747}.Debug|x86.ActiveCfg = Debug|Win32
		{342F244B-C393-4653-9B59-DC964E899747}.Debug|x86.Build.0 = Debug|Win32
		{342F244B-C393-4653-9B59-DC964E899747}.Release|x64.ActiveCfg = Release|x64
		{342F244B-C393-4653-9B59-DC964E899747}.Release|x64.Build.0 = Release|x64
		{342F244B-C393-4653-9B59-DC964E899747}.Release|x86.ActiveCfg = Release|Win32
		{342F244B-C393-4653-9B59-DC964E899747}.Release|x86.Build.0 = Release|Win32
		{52EEE314-62EA-484D-8194-67387DE72763}.Debug|x64.ActiveCfg = Debug|x64
		{52EEE314-62EA-484D-8194-67387DE72763}.Debug|x64.Build.0 = Debug|x64
		{52EEE314-62EA-484D-8194-67387DE72763}.Debug|x86.ActiveCfg = Debug|Win32
		{52EEE314-62EA-484D-8194-67387DE72763}.Debug|x86.Build.0 = Debug|Win32
		{52EEE314-62EA-484D-8194-67387DE72763}.Release|x64.ActiveCfg = Release|x64
		{52EEE314-62EA-484D-8194-67387DE72763}.Release|x64.Build.0 = Release|x64
		{52EEE314-62EA-484D-8194-67387DE72763}.Release|x86.ActiveCfg = Release|Win32
		{52EEE314-62EA-484D-8194-67387DE72763}.Release|x86.Build.0 = Release|Win32
		{E0D74717-5E7C-4CC2-8F86-A5AE93D4EDBE}.Debug|x64.ActiveCfg = Debug|x64
		{E0D74717-5E7C-4CC2-8F86-A5AE93D4EDBE}.Debug|x64.Build.0 = Debug|x64
		{E0D74717-5E7C-4CC2-8F86-A5AE93D4EDBE}.Debug|x86.ActiveCfg = Debug|Win32
		{E0D74717-5E7C-4CC2-8F86-A5AE93D4EDBE}.Debug|x86.Build.0 = Debug|Win32
		{E0D74717-5E7C-4CC2-8F86-A5AE93D4EDBE}.Release|x64.ActiveCfg = Release|x64
		{E0D74717-5E7C-4CC2-8F86-A5AE93D4EDBE}.Release|x64.Build.0 = Release|x64
		{E0D74717-5E7C-4CC2-8F86-A5AE93D4EDBE}.Release|x86.ActiveCfg = Release|Win32
		{E0D74717-5E7C-4CC2-8F86-A5AE93D4EDBE}.Release|x86.Build.0 = Release|Win32
		{CACF7CC1-0F05-4204-857E-31A5C0AE196C}.Debug|x64.ActiveCfg = Debug|x64
		{CACF7CC1-0F05-4204-857E-31A5C0AE196C}.Debug|x64.Build.0 = Debug|x64
		{CACF7CC1-0F05-4204-857E-31A5C0AE196C}.Debug|x86.ActiveCfg = Debug|Win32
		{CACF7CC1-0F05-4204-857E-31A5C0AE196C}.Debug|x86.Build.0 = Debug|Win32
		{CACF7CC1-0F05-4204-857E-31A5C0AE196C}.Release|x64.ActiveCfg = Release|x64
		{CACF7CC1-0F05-4204-857E-31A5C0AE196C}.Release|x64.Build.0 = Release|x64
		{CACF7CC1-0F05-4204-857E-31A5C0AE196C}.Release|x86.ActiveCfg = Release|Win32
		{CACF7CC1-0F05-4204-857E-31A5C0AE196C}.Release|x86.Build.0 = Release|Win32
		{7FBB6A21-CADB-4CCA-8924-D55DC546E558}.Debug|x64.ActiveCfg = Debug|x64
		{7FBB6A21-CADB-4CCA-8924-D55DC546E558}.Debug|x64.Build.0 = Debug|x64
		{7FBB6A21-CADB-4CCA-8924-D55DC546E558}.Debug|x86.ActiveCfg = Debug|Win32
		{7FBB6A21-CADB-4CCA-8924-D55DC546E558}.Debug|x86.Build.0 = Debug|Win32
		{7FBB6A21-CADB-4CCA-8924-D55DC546E558}.Release|x64.ActiveCfg = Release|x64
		{7FBB6A21-CADB-4CCA-8924-D55DC546E558}.Release|x64.Build.0 = Release|x64
		{7FBB6A21-CADB-4CCA-8924-D55DC546E558}.Release|x86.ActiveCfg = Release|Win32
		{7FBB6A21-CADB-4CCA-8924-D55DC546E558}.Release|x86.Build.0 = Release|Win32
		{CE34CC48-0378-463D-908E-C1507043C529}.Debug|x64.ActiveCfg = Debug|x64
		{CE34CC48-0378-463D-908E-C1507043C529}.Debug|x64.Build.0 = Debug|x64
		{CE34CC48-0378-463D-908E-C1507043C529}.Debug|x86.ActiveCfg = Debug|Win32
		{CE34CC48-0378-463D-908E-C1507043C529}.Debug|x86.Build.0 = Debug|Win32
		{CE34CC48-0378-463D-908E-C1507043C529}.Release|x64.ActiveCfg = Release|x64
		{CE34CC48-0378-463D-908E-C1507043C529}.Release|x64.Build.0 = Release|x64
		{CE34CC48-0378-463D-908E-C1507043C529}.Release|x86.ActiveCfg = Release|Win32
		{CE34CC48-0378-463D-908E-C1507043C529}.Release|x86.Build.0 = Release|Win32
		{B952E5E7-49C7-4FC6-94DC-A71646C3ECEA}.Debug|x64.ActiveCfg = Debug|x64
		{B952E5E7-49C7-4FC6-94DC-A71646C3ECEA}.Debug|x64.Build.0 = Debug|x64
		{B952E5E7-49C7-4FC6-94DC-A71646C3ECEA}.Debug|x86.ActiveCfg = Debug|Win32
		{B952E5E7-49C7-4FC6-94DC-A71646C3ECEA}.Debug|x86.Build.0 = Debug|Win32
		{B952E5E7-49C7-4FC6-94DC-A71646C3ECEA}.Release|x64.ActiveCfg = Release|x64
		{B952E5E7-49C7-4FC6-94DC-A71646C3ECEA}.Release|x64.Build.0 = Release|x64
		{B952E5E7-49C7-4FC6-94DC-A71646C3ECEA}.Release|x86.ActiveCfg = Release|Win32
		{B952E5E7-49C7-4FC6-94DC-A71646C3ECEA}.Release|x86.Build.0 = Release|Win32
		{25C68DA5-9A54-4E1C-8980-9280A7689265}.Debug|x64.ActiveCfg = Debug|x64
		{25C68DA5-9A54-4E1C-8980-9280A7689265}.Debug|x64.Build.0 = Debug|x64
		{25C68DA5-9A54-4E1C-8980-9280A7689265}.Debug|x86.ActiveCfg = Debug|Win32
		{25C68DA5-9A54-4E1C-8980-9280A7689265}.Debug|x86.Build.0 = Debug|Win32
		{25C68DA5-9A54-4E1C-8980-9280A7689265}.Release|x64.ActiveCfg = Release|x64
		{25C68DA5-9A54-4E1C-8980-9280A7689265}.Release|x64.Build.0 = Release|x64
		{25C68DA5-9A54-4E1C-8980-9280A7689265}.Release|x86.ActiveCfg = Release|Win32
		{25C68DA5-9A54-4E1C-8980-9280A7689265}.Release|x86.Build.0 = Release|Win32
		{929A89D9-3F34-4B30-A077-76F381FEDA88}.Debug|x64.ActiveCfg = Debug|x64
		{929A89D9-3F34-4B30-A077-76F381FEDA88}.Debug|x64.Build.0 = Debug|x64
		{929A89D9-3F34-4B30-A077-76F381FEDA88}.Debug|x86.ActiveCfg = Debug|Win32
		{929A89D9-3F34-4B30-A077-76F381FEDA88}.Debug|x86.Build.0 = Debug|Win32
		{929A89D9-3F34-4B30-A077-76F381FEDA88}.Release|x64.ActiveCfg = Release|x64
		{929A89D9-3F34-4B30-A077-76F381FEDA88}.Release|x64.Build.0 = Release|x64
		{929A89D9-3F34-4B30-A077-76F381FEDA88}.Release|x86.ActiveCfg = Release|Win32
		{929A89D9-3F34-4B30-A077-76F381FEDA88}.Release|x86.Build.0 = Release|Win32
		{D798FC24-FB5D-4797-88C7-BC1EB2E27B41}.Debug|x64.ActiveCfg = Debug|x64
		{D798FC24-FB5D-4797-88C7-BC1EB2E27B41}.Debug|x64.Build.0 = Debug|x64
		{D798FC24-FB5D-4797-88C7-BC1EB2E27B41}.Debug|x86.ActiveCfg = Debug|Win32
		{D798FC24-FB5D-4797-88C7-BC1EB2E27B41}.Debug|x86.Build.0 = Debug|Win32
		{D798FC24-FB5D-4797-88C7-BC1EB2E27B41}.Release|x64.ActiveCfg = Release|x64
		{D798FC24-FB5D-4797-88C7-BC1EB2E27B41}.Release|x64.Build.0 = Release|x64
		{D798FC24-FB5D-4797-88C7-BC1EB2E27B41}.Release|x86.ActiveCfg = Release|Win32
		{D798FC24-FB5D-4797-88C7-BC1EB2E27B41}.Release|x86.Build.0 = Release|Win32
		{905F01EA-B54D-4DF4-8DF4-BA0DE2AB8C57}.Debug|x64.ActiveCfg = Debug|x64
		{905F01EA-B54D-4DF4-8DF4-BA0DE2AB8C57}.Debug|x64.Build.0 = Debug|x64
		{905F01EA-B54D-4DF4-8DF4-BA0DE2AB8C57}.Debug|x86.ActiveCfg = Debug|Win32
		{905F01EA-B54D-4DF4-8DF4-BA0DE2AB8C57}.Debug|x86.Build.0 = Debug|Win32
		{905F01EA-B54D-4DF4-8DF4-BA0DE2AB8C57}.Release|x64.ActiveCfg = Release|x64
		{905F01EA-B54D-4DF4-8DF4-BA0DE2AB8C57}.Release|x64.Build.0 = Release|x64
		{905F01EA-B54D-4DF4-8DF4-BA0DE2AB8C57}.Release|x86.ActiveCfg = Release|Win32
		{905F01EA-B54D-4DF4-8DF4-BA0DE2AB8C57}.Release|x86.Build.0 = Release|Win32
		{CA021391-FFB6-4C65-A2A1-03B5C2AA7197}.Debug|x64.ActiveCfg = Debug|x64
		{CA021391-FFB6-4C65-A2A1-03B5C2AA7197}.Debug|x64.Build.0 = Debug|x64
		{CA021391-FFB6-4C65-A2A1-03B5C2AA7197}.Debug|x86.ActiveCfg = Debug|Win32
		{CA021391-FFB6-4C65-A2A1-03B5C2AA7197}.Debug|x86.Build.0 = Debug|Win32
		{CA021391-FFB6-4C65-A2A1-03B5C2AA7197}.Release|x64.ActiveCfg = Release|x64
		{CA021391-FFB6-4C65-A2A1-03B5C2AA7197}.Release|x64.Build.0 = Release|x64
		{CA021391-FFB6-4C65-A2A1-03B5C2AA7197}.Release|x86.ActiveCfg = Release|Win32
		{CA021391-FFB6-4C65-A2A1-03B5C2AA7197}.Release|x86.Build.0 = Release|Win32
		{5B86BE77-FDC9-4263-80E4-CC0FE8822AFD}.Debug|x64.ActiveCfg = Debug|x64
		{5B86BE77-FDC9-4263-80E4-CC0FE8822AFD}.Debug|x64.Build.0 = Debug|x64
		{5B86BE77-FDC9-4263-80E4-CC0FE8822AFD}.Debug|x86.ActiveCfg = Debug|Win32
		{5B86BE77-FDC9-4263-80E4-CC0FE8822AFD}.Debug|x86.Build.0 = Debug|Win32
		{5B86BE77-FDC9-4263-80E4-CC0FE8822AFD}.Release|x64.ActiveCfg = Release|x64
		{5B86BE77-FDC9-4263-80E4-CC0FE8822AFD}.Release|x64.Build.0 = Release|x64
		{5B86BE77-FDC9-4263-80E4-CC0FE8822AFD}.Release|x86.ActiveCfg = Release|Win32
		{5B86BE77-FDC9-4263-80E4-CC0FE8822AFD}.Release|x86.Build.0 = Release|Win32
	EndGlobalSection
	GlobalSection(SolutionProperties) = preSolution
		HideSolutionNode = FALSE
	EndGlobalSection
	GlobalSection(ExtensibilityGlobals) = postSolution
		SolutionGuid = {5811E0A7-9CDE-4727-A9CA-02AA87CEE1C7}
	EndGlobalSection
EndGlobal
